<?xml version="1.0" encoding="utf-8"?>
<Project ToolsVersion="4.0" xmlns="http://schemas.microsoft.com/developer/msbuild/2003">
  <ItemGroup>
    <Filter Include="model">
      <UniqueIdentifier>{c94b4f7a-35e6-431b-951c-93c935ad7e3f}</UniqueIdentifier>
    </Filter>
  </ItemGroup>
  <ItemGroup>
    <ClInclude Include="..\..\..\src\core\model\abort.h">
      <Filter>model</Filter>
    </ClInclude>
    <ClInclude Include="..\..\..\src\core\model\assert.h">
      <Filter>model</Filter>
    </ClInclude>
    <ClInclude Include="..\..\..\src\core\model\attribute.h">
      <Filter>model</Filter>
    </ClInclude>
    <ClInclude Include="..\..\..\src\core\model\attribute-accessor-helper.h">
      <Filter>model</Filter>
    </ClInclude>
    <ClInclude Include="..\..\..\src\core\model\attribute-construction-list.h">
      <Filter>model</Filter>
    </ClInclude>
    <ClInclude Include="..\..\..\src\core\model\attribute-helper.h">
      <Filter>model</Filter>
    </ClInclude>
    <ClInclude Include="..\..\..\src\core\model\boolean.h">
      <Filter>model</Filter>
    </ClInclude>
    <ClInclude Include="..\..\..\src\core\model\breakpoint.h">
      <Filter>model</Filter>
    </ClInclude>
    <ClInclude Include="..\..\..\src\core\model\cairo-wideint-private.h">
      <Filter>model</Filter>
    </ClInclude>
    <ClInclude Include="..\..\..\src\core\model\calendar-scheduler.h">
      <Filter>model</Filter>
    </ClInclude>
    <ClInclude Include="..\..\..\src\core\model\callback.h">
      <Filter>model</Filter>
    </ClInclude>
    <ClInclude Include="..\..\..\src\core\model\command-line.h">
      <Filter>model</Filter>
    </ClInclude>
    <ClInclude Include="..\..\..\src\core\model\config.h">
      <Filter>model</Filter>
    </ClInclude>
    <ClInclude Include="..\..\..\src\core\model\default-deleter.h">
      <Filter>model</Filter>
    </ClInclude>
    <ClInclude Include="..\..\..\src\core\model\default-simulator-impl.h">
      <Filter>model</Filter>
    </ClInclude>
    <ClInclude Include="..\..\..\src\core\model\deprecated.h">
      <Filter>model</Filter>
    </ClInclude>
    <ClInclude Include="..\..\..\src\core\model\double.h">
      <Filter>model</Filter>
    </ClInclude>
    <ClInclude Include="..\..\..\src\core\model\empty.h">
      <Filter>model</Filter>
    </ClInclude>
    <ClInclude Include="..\..\..\src\core\model\enum.h">
      <Filter>model</Filter>
    </ClInclude>
    <ClInclude Include="..\..\..\src\core\model\event-id.h">
      <Filter>model</Filter>
    </ClInclude>
    <ClInclude Include="..\..\..\src\core\model\event-impl.h">
      <Filter>model</Filter>
    </ClInclude>
    <ClInclude Include="..\..\..\src\core\model\fatal-error.h">
      <Filter>model</Filter>
    </ClInclude>
    <ClInclude Include="..\..\..\src\core\model\fatal-impl.h">
      <Filter>model</Filter>
    </ClInclude>
    <ClInclude Include="..\..\..\src\core\model\global-value.h">
      <Filter>model</Filter>
    </ClInclude>
    <ClInclude Include="..\..\..\src\core\model\heap-scheduler.h">
      <Filter>model</Filter>
    </ClInclude>
    <ClInclude Include="..\..\..\src\core\model\int64x64.h">
      <Filter>model</Filter>
    </ClInclude>
    <ClInclude Include="..\..\..\src\core\model\int64x64-128.h">
      <Filter>model</Filter>
    </ClInclude>
    <ClInclude Include="..\..\..\src\core\model\int64x64-cairo.h">
      <Filter>model</Filter>
    </ClInclude>
    <ClInclude Include="..\..\..\src\core\model\int64x64-double.h">
      <Filter>model</Filter>
    </ClInclude>
    <ClInclude Include="..\..\..\src\core\model\integer.h">
      <Filter>model</Filter>
    </ClInclude>
    <ClInclude Include="..\..\..\src\core\model\int-to-type.h">
      <Filter>model</Filter>
    </ClInclude>
    <ClInclude Include="..\..\..\src\core\model\list-scheduler.h">
      <Filter>model</Filter>
    </ClInclude>
    <ClInclude Include="..\..\..\src\core\model\log.h">
      <Filter>model</Filter>
    </ClInclude>
    <ClInclude Include="..\..\..\src\core\model\make-event.h">
      <Filter>model</Filter>
    </ClInclude>
    <ClInclude Include="..\..\..\src\core\model\map-scheduler.h">
      <Filter>model</Filter>
    </ClInclude>
    <ClInclude Include="..\..\..\src\core\model\math.h">
      <Filter>model</Filter>
    </ClInclude>
    <ClInclude Include="..\..\..\src\core\model\names.h">
      <Filter>model</Filter>
    </ClInclude>
    <ClInclude Include="..\..\..\src\core\model\nstime.h">
      <Filter>model</Filter>
    </ClInclude>
    <ClInclude Include="..\..\..\src\core\model\object.h">
      <Filter>model</Filter>
    </ClInclude>
    <ClInclude Include="..\..\..\src\core\model\object-base.h">
      <Filter>model</Filter>
    </ClInclude>
    <ClInclude Include="..\..\..\src\core\model\object-factory.h">
      <Filter>model</Filter>
    </ClInclude>
    <ClInclude Include="..\..\..\src\core\model\object-map.h">
      <Filter>model</Filter>
    </ClInclude>
    <ClInclude Include="..\..\..\src\core\model\object-ptr-container.h">
      <Filter>model</Filter>
    </ClInclude>
    <ClInclude Include="..\..\..\src\core\model\object-vector.h">
      <Filter>model</Filter>
    </ClInclude>
    <ClInclude Include="..\..\..\src\core\model\pointer.h">
      <Filter>model</Filter>
    </ClInclude>
    <ClInclude Include="..\..\..\src\core\model\ptr.h">
      <Filter>model</Filter>
    </ClInclude>
    <ClInclude Include="..\..\..\src\core\model\random-variable.h">
      <Filter>model</Filter>
    </ClInclude>
    <ClInclude Include="..\..\..\src\core\model\random-variable-stream.h">
      <Filter>model</Filter>
    </ClInclude>
    <ClInclude Include="..\..\..\src\core\model\realtime-simulator-impl.h">
      <Filter>model</Filter>
    </ClInclude>
    <ClInclude Include="..\..\..\src\core\model\ref-count-base.h">
      <Filter>model</Filter>
    </ClInclude>
    <ClInclude Include="..\..\..\src\core\model\rng-seed-manager.h">
      <Filter>model</Filter>
    </ClInclude>
    <ClInclude Include="..\..\..\src\core\model\rng-stream.h">
      <Filter>model</Filter>
    </ClInclude>
    <ClInclude Include="..\..\..\src\core\model\scheduler.h">
      <Filter>model</Filter>
    </ClInclude>
    <ClInclude Include="..\..\..\src\core\model\simple-ref-count.h">
      <Filter>model</Filter>
    </ClInclude>
    <ClInclude Include="..\..\..\src\core\model\simulation-singleton.h">
      <Filter>model</Filter>
    </ClInclude>
    <ClInclude Include="..\..\..\src\core\model\simulator.h">
      <Filter>model</Filter>
    </ClInclude>
    <ClInclude Include="..\..\..\src\core\model\simulator-impl.h">
      <Filter>model</Filter>
    </ClInclude>
    <ClInclude Include="..\..\..\src\core\model\singleton.h">
      <Filter>model</Filter>
    </ClInclude>
    <ClInclude Include="..\..\..\src\core\model\string.h">
      <Filter>model</Filter>
    </ClInclude>
    <ClInclude Include="..\..\..\src\core\model\synchronizer.h">
      <Filter>model</Filter>
    </ClInclude>
    <ClInclude Include="..\..\..\src\core\model\system-condition.h">
      <Filter>model</Filter>
    </ClInclude>
    <ClInclude Include="..\..\..\src\core\model\system-mutex.h">
      <Filter>model</Filter>
    </ClInclude>
    <ClInclude Include="..\..\..\src\core\model\system-path.h">
      <Filter>model</Filter>
    </ClInclude>
    <ClInclude Include="..\..\..\src\core\model\system-thread.h">
      <Filter>model</Filter>
    </ClInclude>
    <ClInclude Include="..\..\..\src\core\model\system-wall-clock-ms.h">
      <Filter>model</Filter>
    </ClInclude>
    <ClInclude Include="..\..\..\src\core\model\test.h">
      <Filter>model</Filter>
    </ClInclude>
    <ClInclude Include="..\..\..\src\core\model\timer.h">
      <Filter>model</Filter>
    </ClInclude>
    <ClInclude Include="..\..\..\src\core\model\timer-impl.h">
      <Filter>model</Filter>
    </ClInclude>
    <ClInclude Include="..\..\..\src\core\model\traced-callback.h">
      <Filter>model</Filter>
    </ClInclude>
    <ClInclude Include="..\..\..\src\core\model\traced-value.h">
      <Filter>model</Filter>
    </ClInclude>
    <ClInclude Include="..\..\..\src\core\model\trace-source-accessor.h">
      <Filter>model</Filter>
    </ClInclude>
    <ClInclude Include="..\..\..\src\core\model\type-id.h">
      <Filter>model</Filter>
    </ClInclude>
    <ClInclude Include="..\..\..\src\core\model\type-name.h">
      <Filter>model</Filter>
    </ClInclude>
    <ClInclude Include="..\..\..\src\core\model\type-traits.h">
      <Filter>model</Filter>
    </ClInclude>
    <ClInclude Include="..\..\..\src\core\model\uinteger.h">
      <Filter>model</Filter>
    </ClInclude>
    <ClInclude Include="..\..\..\src\core\model\unused.h">
      <Filter>model</Filter>
    </ClInclude>
    <ClInclude Include="..\..\..\src\core\model\vector.h">
      <Filter>model</Filter>
    </ClInclude>
    <ClInclude Include="..\..\..\src\core\model\wall-clock-synchronizer.h">
      <Filter>model</Filter>
    </ClInclude>
    <ClInclude Include="..\..\..\src\core\model\watchdog.h">
      <Filter>model</Filter>
    </ClInclude>
    <ClInclude Include="..\..\..\src\core\model\hash-murmur3.h">
      <Filter>model</Filter>
    </ClInclude>
    <ClInclude Include="..\..\..\src\core\model\hash.h">
      <Filter>model</Filter>
    </ClInclude>
    <ClInclude Include="..\..\..\src\core\model\hash-fnv.h">
      <Filter>model</Filter>
    </ClInclude>
    <ClInclude Include="..\..\..\src\core\model\hash-function.h">
      <Filter>model</Filter>
    </ClInclude>
  </ItemGroup>
  <ItemGroup>
    <ClCompile Include="..\..\..\src\core\model\attribute.cc">
      <Filter>model</Filter>
    </ClCompile>
    <ClCompile Include="..\..\..\src\core\model\attribute-construction-list.cc">
      <Filter>model</Filter>
    </ClCompile>
    <ClCompile Include="..\..\..\src\core\model\boolean.cc">
      <Filter>model</Filter>
    </ClCompile>
    <ClCompile Include="..\..\..\src\core\model\breakpoint.cc">
      <Filter>model</Filter>
    </ClCompile>
    <ClCompile Include="..\..\..\src\core\model\calendar-scheduler.cc">
      <Filter>model</Filter>
    </ClCompile>
    <ClCompile Include="..\..\..\src\core\model\callback.cc">
      <Filter>model</Filter>
    </ClCompile>
    <ClCompile Include="..\..\..\src\core\model\command-line.cc">
      <Filter>model</Filter>
    </ClCompile>
    <ClCompile Include="..\..\..\src\core\model\config.cc">
      <Filter>model</Filter>
    </ClCompile>
    <ClCompile Include="..\..\..\src\core\model\default-simulator-impl.cc">
      <Filter>model</Filter>
    </ClCompile>
    <ClCompile Include="..\..\..\src\core\model\double.cc">
      <Filter>model</Filter>
    </ClCompile>
    <ClCompile Include="..\..\..\src\core\model\enum.cc">
      <Filter>model</Filter>
    </ClCompile>
    <ClCompile Include="..\..\..\src\core\model\event-id.cc">
      <Filter>model</Filter>
    </ClCompile>
    <ClCompile Include="..\..\..\src\core\model\event-impl.cc">
      <Filter>model</Filter>
    </ClCompile>
    <ClCompile Include="..\..\..\src\core\model\fatal-impl.cc">
      <Filter>model</Filter>
    </ClCompile>
    <ClCompile Include="..\..\..\src\core\model\global-value.cc">
      <Filter>model</Filter>
    </ClCompile>
    <ClCompile Include="..\..\..\src\core\model\heap-scheduler.cc">
      <Filter>model</Filter>
    </ClCompile>
    <ClCompile Include="..\..\..\src\core\model\integer.cc">
      <Filter>model</Filter>
    </ClCompile>
    <ClCompile Include="..\..\..\src\core\model\list-scheduler.cc">
      <Filter>model</Filter>
    </ClCompile>
    <ClCompile Include="..\..\..\src\core\model\log.cc">
      <Filter>model</Filter>
    </ClCompile>
    <ClCompile Include="..\..\..\src\core\model\make-event.cc">
      <Filter>model</Filter>
    </ClCompile>
    <ClCompile Include="..\..\..\src\core\model\map-scheduler.cc">
      <Filter>model</Filter>
    </ClCompile>
    <ClCompile Include="..\..\..\src\core\model\names.cc">
      <Filter>model</Filter>
    </ClCompile>
    <ClCompile Include="..\..\..\src\core\model\object.cc">
      <Filter>model</Filter>
    </ClCompile>
    <ClCompile Include="..\..\..\src\core\model\object-base.cc">
      <Filter>model</Filter>
    </ClCompile>
    <ClCompile Include="..\..\..\src\core\model\object-factory.cc">
      <Filter>model</Filter>
    </ClCompile>
    <ClCompile Include="..\..\..\src\core\model\object-ptr-container.cc">
      <Filter>model</Filter>
    </ClCompile>
    <ClCompile Include="..\..\..\src\core\model\pointer.cc">
      <Filter>model</Filter>
    </ClCompile>
    <ClCompile Include="..\..\..\src\core\model\random-variable.cc">
      <Filter>model</Filter>
    </ClCompile>
    <ClCompile Include="..\..\..\src\core\model\random-variable-stream.cc">
      <Filter>model</Filter>
    </ClCompile>
    <ClCompile Include="..\..\..\src\core\model\ref-count-base.cc">
      <Filter>model</Filter>
    </ClCompile>
    <ClCompile Include="..\..\..\src\core\model\rng-seed-manager.cc">
      <Filter>model</Filter>
    </ClCompile>
    <ClCompile Include="..\..\..\src\core\model\rng-stream.cc">
      <Filter>model</Filter>
    </ClCompile>
    <ClCompile Include="..\..\..\src\core\model\scheduler.cc">
      <Filter>model</Filter>
    </ClCompile>
    <ClCompile Include="..\..\..\src\core\model\simulator.cc">
      <Filter>model</Filter>
    </ClCompile>
    <ClCompile Include="..\..\..\src\core\model\simulator-impl.cc">
      <Filter>model</Filter>
    </ClCompile>
    <ClCompile Include="..\..\..\src\core\model\string.cc">
      <Filter>model</Filter>
    </ClCompile>
    <ClCompile Include="..\..\..\src\core\model\synchronizer.cc">
      <Filter>model</Filter>
    </ClCompile>
    <ClCompile Include="..\..\..\src\core\model\time.cc">
      <Filter>model</Filter>
    </ClCompile>
    <ClCompile Include="..\..\..\src\core\model\timer.cc">
      <Filter>model</Filter>
    </ClCompile>
    <ClCompile Include="..\..\..\src\core\model\trace-source-accessor.cc">
      <Filter>model</Filter>
    </ClCompile>
    <ClCompile Include="..\..\..\src\core\model\type-id.cc">
      <Filter>model</Filter>
    </ClCompile>
    <ClCompile Include="..\..\..\src\core\model\type-name.cc">
      <Filter>model</Filter>
    </ClCompile>
    <ClCompile Include="..\..\..\src\core\model\uinteger.cc">
      <Filter>model</Filter>
    </ClCompile>
    <ClCompile Include="..\..\..\src\core\model\vector.cc">
      <Filter>model</Filter>
    </ClCompile>
    <ClCompile Include="..\..\..\src\core\model\int64x64.cc">
      <Filter>model</Filter>
    </ClCompile>
    <ClCompile Include="..\..\..\src\core\model\test.cc">
      <Filter>model</Filter>
    </ClCompile>
    <ClCompile Include="..\..\..\src\core\model\system-path.cc">
      <Filter>model</Filter>
    </ClCompile>
    <ClCompile Include="..\..\..\src\core\model\hash-murmur3.cc">
      <Filter>model</Filter>
    </ClCompile>
    <ClCompile Include="..\..\..\src\core\model\hash.cc">
      <Filter>model</Filter>
    </ClCompile>
    <ClCompile Include="..\..\..\src\core\model\hash-fnv.cc">
      <Filter>model</Filter>
    </ClCompile>
    <ClCompile Include="..\..\..\src\core\model\hash-function.cc">
      <Filter>model</Filter>
    </ClCompile>
    <ClCompile Include="..\..\..\src\core\model\unix-system-mutex.cc">
      <Filter>model</Filter>
    </ClCompile>
  </ItemGroup>
</Project>