<?xml version="1.0" encoding="utf-8"?>
<Project ToolsVersion="4.0" xmlns="http://schemas.microsoft.com/developer/msbuild/2003">
  <ItemGroup>
    <Filter Include="model">
      <UniqueIdentifier>{7d641629-4efe-483b-afbc-c99a3225e5fe}</UniqueIdentifier>
    </Filter>
    <Filter Include="helper">
      <UniqueIdentifier>{84cc48dc-faea-4968-9bab-ad822cff5f7f}</UniqueIdentifier>
    </Filter>
  </ItemGroup>
  <ItemGroup>
    <ClCompile Include="..\..\..\src\mobility\model\box.cc">
      <Filter>model</Filter>
    </ClCompile>
    <ClCompile Include="..\..\..\src\mobility\model\constant-acceleration-mobility-model.cc">
      <Filter>model</Filter>
    </ClCompile>
    <ClCompile Include="..\..\..\src\mobility\model\constant-position-mobility-model.cc">
      <Filter>model</Filter>
    </ClCompile>
    <ClCompile Include="..\..\..\src\mobility\model\constant-velocity-helper.cc">
      <Filter>model</Filter>
    </ClCompile>
    <ClCompile Include="..\..\..\src\mobility\model\constant-velocity-mobility-model.cc">
      <Filter>model</Filter>
    </ClCompile>
    <ClCompile Include="..\..\..\src\mobility\model\gauss-markov-mobility-model.cc">
      <Filter>model</Filter>
    </ClCompile>
    <ClCompile Include="..\..\..\src\mobility\model\hierarchical-mobility-model.cc">
      <Filter>model</Filter>
    </ClCompile>
    <ClCompile Include="..\..\..\src\mobility\model\mobility-model.cc">
      <Filter>model</Filter>
    </ClCompile>
    <ClCompile Include="..\..\..\src\mobility\model\position-allocator.cc">
      <Filter>model</Filter>
    </ClCompile>
    <ClCompile Include="..\..\..\src\mobility\model\random-direction-2d-mobility-model.cc">
      <Filter>model</Filter>
    </ClCompile>
    <ClCompile Include="..\..\..\src\mobility\model\random-walk-2d-mobility-model.cc">
      <Filter>model</Filter>
    </ClCompile>
    <ClCompile Include="..\..\..\src\mobility\model\random-waypoint-mobility-model.cc">
      <Filter>model</Filter>
    </ClCompile>
    <ClCompile Include="..\..\..\src\mobility\model\rectangle.cc">
      <Filter>model</Filter>
    </ClCompile>
    <ClCompile Include="..\..\..\src\mobility\model\steady-state-random-waypoint-mobility-model.cc">
      <Filter>model</Filter>
    </ClCompile>
    <ClCompile Include="..\..\..\src\mobility\model\waypoint.cc">
      <Filter>model</Filter>
    </ClCompile>
    <ClCompile Include="..\..\..\src\mobility\model\waypoint-mobility-model.cc">
      <Filter>model</Filter>
    </ClCompile>
    <ClCompile Include="..\..\..\src\mobility\helper\mobility-helper.cc">
      <Filter>helper</Filter>
    </ClCompile>
    <ClCompile Include="..\..\..\src\mobility\helper\ns2-mobility-helper.cc">
      <Filter>helper</Filter>
    </ClCompile>
  </ItemGroup>
  <ItemGroup>
    <ClInclude Include="..\..\..\src\mobility\model\box.h">
      <Filter>model</Filter>
    </ClInclude>
    <ClInclude Include="..\..\..\src\mobility\model\constant-acceleration-mobility-model.h">
      <Filter>model</Filter>
    </ClInclude>
    <ClInclude Include="..\..\..\src\mobility\model\constant-position-mobility-model.h">
      <Filter>model</Filter>
    </ClInclude>
    <ClInclude Include="..\..\..\src\mobility\model\constant-velocity-helper.h">
      <Filter>model</Filter>
    </ClInclude>
    <ClInclude Include="..\..\..\src\mobility\model\constant-velocity-mobility-model.h">
      <Filter>model</Filter>
    </ClInclude>
    <ClInclude Include="..\..\..\src\mobility\model\gauss-markov-mobility-model.h">
      <Filter>model</Filter>
    </ClInclude>
    <ClInclude Include="..\..\..\src\mobility\model\hierarchical-mobility-model.h">
      <Filter>model</Filter>
    </ClInclude>
    <ClInclude Include="..\..\..\src\mobility\model\mobility.h">
      <Filter>model</Filter>
    </ClInclude>
    <ClInclude Include="..\..\..\src\mobility\model\mobility-model.h">
      <Filter>model</Filter>
    </ClInclude>
    <ClInclude Include="..\..\..\src\mobility\model\position-allocator.h">
      <Filter>model</Filter>
    </ClInclude>
    <ClInclude Include="..\..\..\src\mobility\model\random-direction-2d-mobility-model.h">
      <Filter>model</Filter>
    </ClInclude>
    <ClInclude Include="..\..\..\src\mobility\model\random-walk-2d-mobility-model.h">
      <Filter>model</Filter>
    </ClInclude>
    <ClInclude Include="..\..\..\src\mobility\model\random-waypoint-mobility-model.h">
      <Filter>model</Filter>
    </ClInclude>
    <ClInclude Include="..\..\..\src\mobility\model\rectangle.h">
      <Filter>model</Filter>
    </ClInclude>
    <ClInclude Include="..\..\..\src\mobility\model\steady-state-random-waypoint-mobility-model.h">
      <Filter>model</Filter>
    </ClInclude>
    <ClInclude Include="..\..\..\src\mobility\model\waypoint.h">
      <Filter>model</Filter>
    </ClInclude>
    <ClInclude Include="..\..\..\src\mobility\model\waypoint-mobility-model.h">
      <Filter>model</Filter>
    </ClInclude>
    <ClInclude Include="..\..\..\src\mobility\helper\mobility-helper.h">
      <Filter>helper</Filter>
    </ClInclude>
    <ClInclude Include="..\..\..\src\mobility\helper\ns2-mobility-helper.h">
      <Filter>helper</Filter>
    </ClInclude>
  </ItemGroup>
</Project>