<?xml version="1.0" encoding="utf-8"?>
<Project ToolsVersion="4.0" xmlns="http://schemas.microsoft.com/developer/msbuild/2003">
  <ItemGroup>
    <Filter Include="model">
      <UniqueIdentifier>{81bd72b6-c5c5-4dd7-a11d-de2402221242}</UniqueIdentifier>
    </Filter>
    <Filter Include="helper">
      <UniqueIdentifier>{5f2996ff-2d64-49a3-bd34-a02534262804}</UniqueIdentifier>
    </Filter>
  </ItemGroup>
  <ItemGroup>
    <ClCompile Include="..\..\..\src\flow-monitor\model\flow-classifier.cc">
      <Filter>model</Filter>
    </ClCompile>
    <ClCompile Include="..\..\..\src\flow-monitor\model\flow-monitor.cc">
      <Filter>model</Filter>
    </ClCompile>
    <ClCompile Include="..\..\..\src\flow-monitor\model\flow-probe.cc">
      <Filter>model</Filter>
    </ClCompile>
    <ClCompile Include="..\..\..\src\flow-monitor\model\histogram.cc">
      <Filter>model</Filter>
    </ClCompile>
    <ClCompile Include="..\..\..\src\flow-monitor\model\ipv4-flow-classifier.cc">
      <Filter>model</Filter>
    </ClCompile>
    <ClCompile Include="..\..\..\src\flow-monitor\model\ipv4-flow-probe.cc">
      <Filter>model</Filter>
    </ClCompile>
    <ClCompile Include="..\..\..\src\flow-monitor\helper\flow-monitor-helper.cc">
      <Filter>helper</Filter>
    </ClCompile>
  </ItemGroup>
  <ItemGroup>
    <ClInclude Include="..\..\..\src\flow-monitor\model\flow-classifier.h">
      <Filter>model</Filter>
    </ClInclude>
    <ClInclude Include="..\..\..\src\flow-monitor\model\flow-monitor.h">
      <Filter>model</Filter>
    </ClInclude>
    <ClInclude Include="..\..\..\src\flow-monitor\model\flow-probe.h">
      <Filter>model</Filter>
    </ClInclude>
    <ClInclude Include="..\..\..\src\flow-monitor\model\histogram.h">
      <Filter>model</Filter>
    </ClInclude>
    <ClInclude Include="..\..\..\src\flow-monitor\model\ipv4-flow-classifier.h">
      <Filter>model</Filter>
    </ClInclude>
    <ClInclude Include="..\..\..\src\flow-monitor\model\ipv4-flow-probe.h">
      <Filter>model</Filter>
    </ClInclude>
    <ClInclude Include="..\..\..\src\flow-monitor\helper\flow-monitor-helper.h">
      <Filter>helper</Filter>
    </ClInclude>
  </ItemGroup>
</Project>