<?xml version="1.0" encoding="utf-8"?>
<Project ToolsVersion="4.0" xmlns="http://schemas.microsoft.com/developer/msbuild/2003">
  <ItemGroup>
    <Filter Include="helper">
      <UniqueIdentifier>{94c4fe34-a98a-422a-a529-7995be8cffb3}</UniqueIdentifier>
    </Filter>
    <Filter Include="model">
      <UniqueIdentifier>{202ee2e1-1722-419c-8792-43520ef8560d}</UniqueIdentifier>
    </Filter>
  </ItemGroup>
  <ItemGroup>
    <ClCompile Include="..\..\..\src\point-to-point\model\point-to-point-channel.cc">
      <Filter>model</Filter>
    </ClCompile>
    <ClCompile Include="..\..\..\src\point-to-point\model\point-to-point-net-device.cc">
      <Filter>model</Filter>
    </ClCompile>
    <ClCompile Include="..\..\..\src\point-to-point\model\point-to-point-remote-channel.cc">
      <Filter>model</Filter>
    </ClCompile>
    <ClCompile Include="..\..\..\src\point-to-point\model\ppp-header.cc">
      <Filter>model</Filter>
    </ClCompile>
    <ClCompile Include="..\..\..\src\point-to-point\helper\point-to-point-helper.cc">
      <Filter>helper</Filter>
    </ClCompile>
    <ClCompile Include="..\..\..\src\point-to-point\model\cn-header.cc">
      <Filter>model</Filter>
    </ClCompile>
    <ClCompile Include="..\..\..\src\point-to-point\model\pause-header.cc">
      <Filter>model</Filter>
    </ClCompile>
    <ClCompile Include="..\..\..\src\point-to-point\model\qbb-channel.cc">
      <Filter>model</Filter>
    </ClCompile>
    <ClCompile Include="..\..\..\src\point-to-point\model\qbb-header.cc">
      <Filter>model</Filter>
    </ClCompile>
    <ClCompile Include="..\..\..\src\point-to-point\model\qbb-net-device.cc">
      <Filter>model</Filter>
    </ClCompile>
    <ClCompile Include="..\..\..\src\point-to-point\model\qbb-remote-channel.cc">
      <Filter>model</Filter>
    </ClCompile>
    <ClCompile Include="..\..\..\src\point-to-point\helper\qbb-helper.cc">
      <Filter>helper</Filter>
    </ClCompile>
  </ItemGroup>
  <ItemGroup>
    <ClInclude Include="..\..\..\src\point-to-point\model\point-to-point-channel.h">
      <Filter>model</Filter>
    </ClInclude>
    <ClInclude Include="..\..\..\src\point-to-point\model\point-to-point-net-device.h">
      <Filter>model</Filter>
    </ClInclude>
    <ClInclude Include="..\..\..\src\point-to-point\model\point-to-point-remote-channel.h">
      <Filter>model</Filter>
    </ClInclude>
    <ClInclude Include="..\..\..\src\point-to-point\model\ppp-header.h">
      <Filter>model</Filter>
    </ClInclude>
    <ClInclude Include="..\..\..\src\point-to-point\helper\point-to-point-helper.h">
      <Filter>helper</Filter>
    </ClInclude>
    <ClInclude Include="..\..\..\src\point-to-point\model\cn-header.h">
      <Filter>model</Filter>
    </ClInclude>
    <ClInclude Include="..\..\..\src\point-to-point\model\pause-header.h">
      <Filter>model</Filter>
    </ClInclude>
    <ClInclude Include="..\..\..\src\point-to-point\model\qbb-channel.h">
      <Filter>model</Filter>
    </ClInclude>
    <ClInclude Include="..\..\..\src\point-to-point\model\qbb-header.h">
      <Filter>model</Filter>
    </ClInclude>
    <ClInclude Include="..\..\..\src\point-to-point\model\qbb-net-device.h">
      <Filter>model</Filter>
    </ClInclude>
    <ClInclude Include="..\..\..\src\point-to-point\model\qbb-remote-channel.h">
      <Filter>model</Filter>
    </ClInclude>
    <ClInclude Include="..\..\..\src\point-to-point\helper\qbb-helper.h">
      <Filter>helper</Filter>
    </ClInclude>
  </ItemGroup>
</Project>