<?xml version="1.0" encoding="utf-8"?>
<Project ToolsVersion="4.0" xmlns="http://schemas.microsoft.com/developer/msbuild/2003">
  <ItemGroup>
    <Filter Include="model">
      <UniqueIdentifier>{3e9e5219-328c-4454-8df9-9b10ed20980b}</UniqueIdentifier>
    </Filter>
    <Filter Include="helper">
      <UniqueIdentifier>{bee655f1-b7ab-4356-8bc9-162de4853715}</UniqueIdentifier>
    </Filter>
  </ItemGroup>
  <ItemGroup>
    <ClCompile Include="..\..\..\src\nix-vector-routing\model\ipv4-nix-vector-routing.cc">
      <Filter>model</Filter>
    </ClCompile>
    <ClCompile Include="..\..\..\src\nix-vector-routing\helper\ipv4-nix-vector-helper.cc">
      <Filter>helper</Filter>
    </ClCompile>
  </ItemGroup>
  <ItemGroup>
    <ClInclude Include="..\..\..\src\nix-vector-routing\model\ipv4-nix-vector-routing.h">
      <Filter>model</Filter>
    </ClInclude>
    <ClInclude Include="..\..\..\src\nix-vector-routing\helper\ipv4-nix-vector-helper.h">
      <Filter>helper</Filter>
    </ClInclude>
  </ItemGroup>
</Project>