<?xml version="1.0" encoding="utf-8"?>
<Project ToolsVersion="4.0" xmlns="http://schemas.microsoft.com/developer/msbuild/2003">
  <ItemGroup>
    <Filter Include="model">
      <UniqueIdentifier>{ddbd412f-c83c-4787-b113-2533883f2ad3}</UniqueIdentifier>
    </Filter>
    <Filter Include="helper">
      <UniqueIdentifier>{5af7c689-c674-4eac-bbc8-6e9784aee4ad}</UniqueIdentifier>
    </Filter>
  </ItemGroup>
  <ItemGroup>
    <ClCompile Include="..\..\..\src\propagation\model\cost231-propagation-loss-model.cc">
      <Filter>model</Filter>
    </ClCompile>
    <ClCompile Include="..\..\..\src\propagation\model\itu-r-1411-los-propagation-loss-model.cc">
      <Filter>model</Filter>
    </ClCompile>
    <ClCompile Include="..\..\..\src\propagation\model\itu-r-1411-nlos-over-rooftop-propagation-loss-model.cc">
      <Filter>model</Filter>
    </ClCompile>
    <ClCompile Include="..\..\..\src\propagation\model\jakes-process.cc">
      <Filter>model</Filter>
    </ClCompile>
    <ClCompile Include="..\..\..\src\propagation\model\jakes-propagation-loss-model.cc">
      <Filter>model</Filter>
    </ClCompile>
    <ClCompile Include="..\..\..\src\propagation\model\kun-2600-mhz-propagation-loss-model.cc">
      <Filter>model</Filter>
    </ClCompile>
    <ClCompile Include="..\..\..\src\propagation\model\okumura-hata-propagation-loss-model.cc">
      <Filter>model</Filter>
    </ClCompile>
    <ClCompile Include="..\..\..\src\propagation\model\propagation-delay-model.cc">
      <Filter>model</Filter>
    </ClCompile>
    <ClCompile Include="..\..\..\src\propagation\model\propagation-loss-model.cc">
      <Filter>model</Filter>
    </ClCompile>
  </ItemGroup>
  <ItemGroup>
    <ClInclude Include="..\..\..\src\propagation\model\cost231-propagation-loss-model.h">
      <Filter>model</Filter>
    </ClInclude>
    <ClInclude Include="..\..\..\src\propagation\model\itu-r-1411-los-propagation-loss-model.h">
      <Filter>model</Filter>
    </ClInclude>
    <ClInclude Include="..\..\..\src\propagation\model\itu-r-1411-nlos-over-rooftop-propagation-loss-model.h">
      <Filter>model</Filter>
    </ClInclude>
    <ClInclude Include="..\..\..\src\propagation\model\jakes-process.h">
      <Filter>model</Filter>
    </ClInclude>
    <ClInclude Include="..\..\..\src\propagation\model\jakes-propagation-loss-model.h">
      <Filter>model</Filter>
    </ClInclude>
    <ClInclude Include="..\..\..\src\propagation\model\kun-2600-mhz-propagation-loss-model.h">
      <Filter>model</Filter>
    </ClInclude>
    <ClInclude Include="..\..\..\src\propagation\model\okumura-hata-propagation-loss-model.h">
      <Filter>model</Filter>
    </ClInclude>
    <ClInclude Include="..\..\..\src\propagation\model\propagation-cache.h">
      <Filter>model</Filter>
    </ClInclude>
    <ClInclude Include="..\..\..\src\propagation\model\propagation-delay-model.h">
      <Filter>model</Filter>
    </ClInclude>
    <ClInclude Include="..\..\..\src\propagation\model\propagation-environment.h">
      <Filter>model</Filter>
    </ClInclude>
    <ClInclude Include="..\..\..\src\propagation\model\propagation-loss-model.h">
      <Filter>model</Filter>
    </ClInclude>
  </ItemGroup>
</Project>