<?xml version="1.0" encoding="utf-8"?>
<Project ToolsVersion="4.0" xmlns="http://schemas.microsoft.com/developer/msbuild/2003">
  <ItemGroup>
    <Filter Include="model">
      <UniqueIdentifier>{f6db4180-4844-4f11-8659-78400765fee2}</UniqueIdentifier>
    </Filter>
    <Filter Include="helper">
      <UniqueIdentifier>{73bad0bc-316b-40c2-86f1-424e2fab1825}</UniqueIdentifier>
    </Filter>
  </ItemGroup>
  <ItemGroup>
    <ClCompile Include="..\..\..\src\uan\model\acoustic-modem-energy-model.cc">
      <Filter>model</Filter>
    </ClCompile>
    <ClCompile Include="..\..\..\src\uan\model\uan-address.cc">
      <Filter>model</Filter>
    </ClCompile>
    <ClCompile Include="..\..\..\src\uan\model\uan-channel.cc">
      <Filter>model</Filter>
    </ClCompile>
    <ClCompile Include="..\..\..\src\uan\model\uan-header-common.cc">
      <Filter>model</Filter>
    </ClCompile>
    <ClCompile Include="..\..\..\src\uan\model\uan-header-rc.cc">
      <Filter>model</Filter>
    </ClCompile>
    <ClCompile Include="..\..\..\src\uan\model\uan-mac.cc">
      <Filter>model</Filter>
    </ClCompile>
    <ClCompile Include="..\..\..\src\uan\model\uan-mac-aloha.cc">
      <Filter>model</Filter>
    </ClCompile>
    <ClCompile Include="..\..\..\src\uan\model\uan-mac-cw.cc">
      <Filter>model</Filter>
    </ClCompile>
    <ClCompile Include="..\..\..\src\uan\model\uan-mac-rc.cc">
      <Filter>model</Filter>
    </ClCompile>
    <ClCompile Include="..\..\..\src\uan\model\uan-mac-rc-gw.cc">
      <Filter>model</Filter>
    </ClCompile>
    <ClCompile Include="..\..\..\src\uan\model\uan-net-device.cc">
      <Filter>model</Filter>
    </ClCompile>
    <ClCompile Include="..\..\..\src\uan\model\uan-noise-model.cc">
      <Filter>model</Filter>
    </ClCompile>
    <ClCompile Include="..\..\..\src\uan\model\uan-noise-model-default.cc">
      <Filter>model</Filter>
    </ClCompile>
    <ClCompile Include="..\..\..\src\uan\model\uan-phy.cc">
      <Filter>model</Filter>
    </ClCompile>
    <ClCompile Include="..\..\..\src\uan\model\uan-phy-dual.cc">
      <Filter>model</Filter>
    </ClCompile>
    <ClCompile Include="..\..\..\src\uan\model\uan-phy-gen.cc">
      <Filter>model</Filter>
    </ClCompile>
    <ClCompile Include="..\..\..\src\uan\model\uan-prop-model.cc">
      <Filter>model</Filter>
    </ClCompile>
    <ClCompile Include="..\..\..\src\uan\model\uan-prop-model-ideal.cc">
      <Filter>model</Filter>
    </ClCompile>
    <ClCompile Include="..\..\..\src\uan\model\uan-prop-model-thorp.cc">
      <Filter>model</Filter>
    </ClCompile>
    <ClCompile Include="..\..\..\src\uan\model\uan-transducer.cc">
      <Filter>model</Filter>
    </ClCompile>
    <ClCompile Include="..\..\..\src\uan\model\uan-transducer-hd.cc">
      <Filter>model</Filter>
    </ClCompile>
    <ClCompile Include="..\..\..\src\uan\model\uan-tx-mode.cc">
      <Filter>model</Filter>
    </ClCompile>
    <ClCompile Include="..\..\..\src\uan\helper\acoustic-modem-energy-model-helper.cc">
      <Filter>helper</Filter>
    </ClCompile>
    <ClCompile Include="..\..\..\src\uan\helper\uan-helper.cc">
      <Filter>helper</Filter>
    </ClCompile>
  </ItemGroup>
  <ItemGroup>
    <ClInclude Include="..\..\..\src\uan\model\acoustic-modem-energy-model.h">
      <Filter>model</Filter>
    </ClInclude>
    <ClInclude Include="..\..\..\src\uan\model\uan-address.h">
      <Filter>model</Filter>
    </ClInclude>
    <ClInclude Include="..\..\..\src\uan\model\uan-channel.h">
      <Filter>model</Filter>
    </ClInclude>
    <ClInclude Include="..\..\..\src\uan\model\uan-header-common.h">
      <Filter>model</Filter>
    </ClInclude>
    <ClInclude Include="..\..\..\src\uan\model\uan-header-rc.h">
      <Filter>model</Filter>
    </ClInclude>
    <ClInclude Include="..\..\..\src\uan\model\uan-mac.h">
      <Filter>model</Filter>
    </ClInclude>
    <ClInclude Include="..\..\..\src\uan\model\uan-mac-aloha.h">
      <Filter>model</Filter>
    </ClInclude>
    <ClInclude Include="..\..\..\src\uan\model\uan-mac-cw.h">
      <Filter>model</Filter>
    </ClInclude>
    <ClInclude Include="..\..\..\src\uan\model\uan-mac-rc.h">
      <Filter>model</Filter>
    </ClInclude>
    <ClInclude Include="..\..\..\src\uan\model\uan-mac-rc-gw.h">
      <Filter>model</Filter>
    </ClInclude>
    <ClInclude Include="..\..\..\src\uan\model\uan-net-device.h">
      <Filter>model</Filter>
    </ClInclude>
    <ClInclude Include="..\..\..\src\uan\model\uan-noise-model.h">
      <Filter>model</Filter>
    </ClInclude>
    <ClInclude Include="..\..\..\src\uan\model\uan-noise-model-default.h">
      <Filter>model</Filter>
    </ClInclude>
    <ClInclude Include="..\..\..\src\uan\model\uan-phy.h">
      <Filter>model</Filter>
    </ClInclude>
    <ClInclude Include="..\..\..\src\uan\model\uan-phy-dual.h">
      <Filter>model</Filter>
    </ClInclude>
    <ClInclude Include="..\..\..\src\uan\model\uan-phy-gen.h">
      <Filter>model</Filter>
    </ClInclude>
    <ClInclude Include="..\..\..\src\uan\model\uan-prop-model.h">
      <Filter>model</Filter>
    </ClInclude>
    <ClInclude Include="..\..\..\src\uan\model\uan-prop-model-ideal.h">
      <Filter>model</Filter>
    </ClInclude>
    <ClInclude Include="..\..\..\src\uan\model\uan-prop-model-thorp.h">
      <Filter>model</Filter>
    </ClInclude>
    <ClInclude Include="..\..\..\src\uan\model\uan-transducer.h">
      <Filter>model</Filter>
    </ClInclude>
    <ClInclude Include="..\..\..\src\uan\model\uan-transducer-hd.h">
      <Filter>model</Filter>
    </ClInclude>
    <ClInclude Include="..\..\..\src\uan\model\uan-tx-mode.h">
      <Filter>model</Filter>
    </ClInclude>
    <ClInclude Include="..\..\..\src\uan\helper\acoustic-modem-energy-model-helper.h">
      <Filter>helper</Filter>
    </ClInclude>
    <ClInclude Include="..\..\..\src\uan\helper\uan-helper.h">
      <Filter>helper</Filter>
    </ClInclude>
  </ItemGroup>
</Project>