<?xml version="1.0" encoding="utf-8"?>
<Project ToolsVersion="4.0" xmlns="http://schemas.microsoft.com/developer/msbuild/2003">
  <ItemGroup>
    <Filter Include="model">
      <UniqueIdentifier>{8e6fdd68-7f9a-463c-9482-2005dc8a65e0}</UniqueIdentifier>
    </Filter>
    <Filter Include="helper">
      <UniqueIdentifier>{e48830ed-bf0f-4e75-8d13-d3fa75e22939}</UniqueIdentifier>
    </Filter>
  </ItemGroup>
  <ItemGroup>
    <ClInclude Include="..\..\..\src\stats\model\basic-data-calculators.h">
      <Filter>model</Filter>
    </ClInclude>
    <ClInclude Include="..\..\..\src\stats\model\data-calculator.h">
      <Filter>model</Filter>
    </ClInclude>
    <ClInclude Include="..\..\..\src\stats\model\data-collector.h">
      <Filter>model</Filter>
    </ClInclude>
    <ClInclude Include="..\..\..\src\stats\model\data-output-interface.h">
      <Filter>model</Filter>
    </ClInclude>
    <ClInclude Include="..\..\..\src\stats\model\omnet-data-output.h">
      <Filter>model</Filter>
    </ClInclude>
    <ClInclude Include="..\..\..\src\stats\model\sqlite-data-output.h">
      <Filter>model</Filter>
    </ClInclude>
    <ClInclude Include="..\..\..\src\stats\model\time-data-calculators.h">
      <Filter>model</Filter>
    </ClInclude>
  </ItemGroup>
  <ItemGroup>
    <ClCompile Include="..\..\..\src\stats\model\data-calculator.cc">
      <Filter>model</Filter>
    </ClCompile>
    <ClCompile Include="..\..\..\src\stats\model\data-collector.cc">
      <Filter>model</Filter>
    </ClCompile>
    <ClCompile Include="..\..\..\src\stats\model\data-output-interface.cc">
      <Filter>model</Filter>
    </ClCompile>
    <ClCompile Include="..\..\..\src\stats\model\omnet-data-output.cc">
      <Filter>model</Filter>
    </ClCompile>
    <ClCompile Include="..\..\..\src\stats\model\time-data-calculators.cc">
      <Filter>model</Filter>
    </ClCompile>
  </ItemGroup>
</Project>