<?xml version="1.0" encoding="utf-8"?>
<Project ToolsVersion="4.0" xmlns="http://schemas.microsoft.com/developer/msbuild/2003">
  <ItemGroup>
    <Filter Include="model">
      <UniqueIdentifier>{1eaa6d39-b447-48d8-9faa-ebefdbdcc30a}</UniqueIdentifier>
    </Filter>
    <Filter Include="helper">
      <UniqueIdentifier>{a7d7b2e4-04f5-493f-8c3e-8c754361124b}</UniqueIdentifier>
    </Filter>
  </ItemGroup>
  <ItemGroup>
    <ClCompile Include="..\..\..\src\lte\helper\epc-helper.cc">
      <Filter>helper</Filter>
    </ClCompile>
    <ClCompile Include="..\..\..\src\lte\helper\lte-helper.cc">
      <Filter>helper</Filter>
    </ClCompile>
    <ClCompile Include="..\..\..\src\lte\helper\lte-hex-grid-enb-topology-helper.cc">
      <Filter>helper</Filter>
    </ClCompile>
    <ClCompile Include="..\..\..\src\lte\helper\lte-stats-calculator.cc">
      <Filter>helper</Filter>
    </ClCompile>
    <ClCompile Include="..\..\..\src\lte\helper\mac-stats-calculator.cc">
      <Filter>helper</Filter>
    </ClCompile>
    <ClCompile Include="..\..\..\src\lte\helper\radio-bearer-stats-calculator.cc">
      <Filter>helper</Filter>
    </ClCompile>
    <ClCompile Include="..\..\..\src\lte\helper\radio-environment-map-helper.cc">
      <Filter>helper</Filter>
    </ClCompile>
    <ClCompile Include="..\..\..\src\lte\model\epc-enb-application.cc">
      <Filter>model</Filter>
    </ClCompile>
    <ClCompile Include="..\..\..\src\lte\model\epc-gtpu-header.cc">
      <Filter>model</Filter>
    </ClCompile>
    <ClCompile Include="..\..\..\src\lte\model\epc-sgw-pgw-application.cc">
      <Filter>model</Filter>
    </ClCompile>
    <ClCompile Include="..\..\..\src\lte\model\epc-tft.cc">
      <Filter>model</Filter>
    </ClCompile>
    <ClCompile Include="..\..\..\src\lte\model\epc-tft-classifier.cc">
      <Filter>model</Filter>
    </ClCompile>
    <ClCompile Include="..\..\..\src\lte\model\eps-bearer.cc">
      <Filter>model</Filter>
    </ClCompile>
    <ClCompile Include="..\..\..\src\lte\model\ff-mac-csched-sap.cc">
      <Filter>model</Filter>
    </ClCompile>
    <ClCompile Include="..\..\..\src\lte\model\ff-mac-sched-sap.cc">
      <Filter>model</Filter>
    </ClCompile>
    <ClCompile Include="..\..\..\src\lte\model\ff-mac-scheduler.cc">
      <Filter>model</Filter>
    </ClCompile>
    <ClCompile Include="..\..\..\src\lte\model\ideal-control-messages.cc">
      <Filter>model</Filter>
    </ClCompile>
    <ClCompile Include="..\..\..\src\lte\model\lte-amc.cc">
      <Filter>model</Filter>
    </ClCompile>
    <ClCompile Include="..\..\..\src\lte\model\lte-common.cc">
      <Filter>model</Filter>
    </ClCompile>
    <ClCompile Include="..\..\..\src\lte\model\lte-enb-cmac-sap.cc">
      <Filter>model</Filter>
    </ClCompile>
    <ClCompile Include="..\..\..\src\lte\model\lte-enb-mac.cc">
      <Filter>model</Filter>
    </ClCompile>
    <ClCompile Include="..\..\..\src\lte\model\lte-enb-net-device.cc">
      <Filter>model</Filter>
    </ClCompile>
    <ClCompile Include="..\..\..\src\lte\model\lte-enb-phy.cc">
      <Filter>model</Filter>
    </ClCompile>
    <ClCompile Include="..\..\..\src\lte\model\lte-enb-phy-sap.cc">
      <Filter>model</Filter>
    </ClCompile>
    <ClCompile Include="..\..\..\src\lte\model\lte-enb-rrc.cc">
      <Filter>model</Filter>
    </ClCompile>
    <ClCompile Include="..\..\..\src\lte\model\lte-interference.cc">
      <Filter>model</Filter>
    </ClCompile>
    <ClCompile Include="..\..\..\src\lte\model\lte-mac-sap.cc">
      <Filter>model</Filter>
    </ClCompile>
    <ClCompile Include="..\..\..\src\lte\model\lte-mi-error-model.cc">
      <Filter>model</Filter>
    </ClCompile>
    <ClCompile Include="..\..\..\src\lte\model\lte-net-device.cc">
      <Filter>model</Filter>
    </ClCompile>
    <ClCompile Include="..\..\..\src\lte\model\lte-pdcp.cc">
      <Filter>model</Filter>
    </ClCompile>
    <ClCompile Include="..\..\..\src\lte\model\lte-pdcp-header.cc">
      <Filter>model</Filter>
    </ClCompile>
    <ClCompile Include="..\..\..\src\lte\model\lte-pdcp-sap.cc">
      <Filter>model</Filter>
    </ClCompile>
    <ClCompile Include="..\..\..\src\lte\model\lte-pdcp-tag.cc">
      <Filter>model</Filter>
    </ClCompile>
    <ClCompile Include="..\..\..\src\lte\model\lte-phy.cc">
      <Filter>model</Filter>
    </ClCompile>
    <ClCompile Include="..\..\..\src\lte\model\lte-phy-tag.cc">
      <Filter>model</Filter>
    </ClCompile>
    <ClCompile Include="..\..\..\src\lte\model\lte-radio-bearer-info.cc">
      <Filter>model</Filter>
    </ClCompile>
    <ClCompile Include="..\..\..\src\lte\model\lte-radio-bearer-tag.cc">
      <Filter>model</Filter>
    </ClCompile>
    <ClCompile Include="..\..\..\src\lte\model\lte-rlc.cc">
      <Filter>model</Filter>
    </ClCompile>
    <ClCompile Include="..\..\..\src\lte\model\lte-rlc-am.cc">
      <Filter>model</Filter>
    </ClCompile>
    <ClCompile Include="..\..\..\src\lte\model\lte-rlc-am-header.cc">
      <Filter>model</Filter>
    </ClCompile>
    <ClCompile Include="..\..\..\src\lte\model\lte-rlc-header.cc">
      <Filter>model</Filter>
    </ClCompile>
    <ClCompile Include="..\..\..\src\lte\model\lte-rlc-sap.cc">
      <Filter>model</Filter>
    </ClCompile>
    <ClCompile Include="..\..\..\src\lte\model\lte-rlc-sdu-status-tag.cc">
      <Filter>model</Filter>
    </ClCompile>
    <ClCompile Include="..\..\..\src\lte\model\lte-rlc-sequence-number.cc">
      <Filter>model</Filter>
    </ClCompile>
    <ClCompile Include="..\..\..\src\lte\model\lte-rlc-tag.cc">
      <Filter>model</Filter>
    </ClCompile>
    <ClCompile Include="..\..\..\src\lte\model\lte-rlc-um.cc">
      <Filter>model</Filter>
    </ClCompile>
    <ClCompile Include="..\..\..\src\lte\model\lte-sinr-chunk-processor.cc">
      <Filter>model</Filter>
    </ClCompile>
    <ClCompile Include="..\..\..\src\lte\model\lte-spectrum-phy.cc">
      <Filter>model</Filter>
    </ClCompile>
    <ClCompile Include="..\..\..\src\lte\model\lte-spectrum-signal-parameters.cc">
      <Filter>model</Filter>
    </ClCompile>
    <ClCompile Include="..\..\..\src\lte\model\lte-spectrum-value-helper.cc">
      <Filter>model</Filter>
    </ClCompile>
    <ClCompile Include="..\..\..\src\lte\model\lte-ue-cmac-sap.cc">
      <Filter>model</Filter>
    </ClCompile>
    <ClCompile Include="..\..\..\src\lte\model\lte-ue-mac.cc">
      <Filter>model</Filter>
    </ClCompile>
    <ClCompile Include="..\..\..\src\lte\model\lte-ue-net-device.cc">
      <Filter>model</Filter>
    </ClCompile>
    <ClCompile Include="..\..\..\src\lte\model\lte-ue-phy.cc">
      <Filter>model</Filter>
    </ClCompile>
    <ClCompile Include="..\..\..\src\lte\model\lte-ue-phy-sap.cc">
      <Filter>model</Filter>
    </ClCompile>
    <ClCompile Include="..\..\..\src\lte\model\lte-ue-rrc.cc">
      <Filter>model</Filter>
    </ClCompile>
    <ClCompile Include="..\..\..\src\lte\model\pf-ff-mac-scheduler.cc">
      <Filter>model</Filter>
    </ClCompile>
    <ClCompile Include="..\..\..\src\lte\model\rem-spectrum-phy.cc">
      <Filter>model</Filter>
    </ClCompile>
    <ClCompile Include="..\..\..\src\lte\model\rr-ff-mac-scheduler.cc">
      <Filter>model</Filter>
    </ClCompile>
    <ClCompile Include="..\..\..\src\lte\model\trace-fading-loss-model.cc">
      <Filter>model</Filter>
    </ClCompile>
  </ItemGroup>
  <ItemGroup>
    <ClInclude Include="..\..\..\src\lte\helper\epc-helper.h">
      <Filter>helper</Filter>
    </ClInclude>
    <ClInclude Include="..\..\..\src\lte\helper\lte-helper.h">
      <Filter>helper</Filter>
    </ClInclude>
    <ClInclude Include="..\..\..\src\lte\helper\lte-hex-grid-enb-topology-helper.h">
      <Filter>helper</Filter>
    </ClInclude>
    <ClInclude Include="..\..\..\src\lte\helper\lte-stats-calculator.h">
      <Filter>helper</Filter>
    </ClInclude>
    <ClInclude Include="..\..\..\src\lte\helper\mac-stats-calculator.h">
      <Filter>helper</Filter>
    </ClInclude>
    <ClInclude Include="..\..\..\src\lte\helper\radio-bearer-stats-calculator.h">
      <Filter>helper</Filter>
    </ClInclude>
    <ClInclude Include="..\..\..\src\lte\helper\radio-environment-map-helper.h">
      <Filter>helper</Filter>
    </ClInclude>
    <ClInclude Include="..\..\..\src\lte\model\epc-enb-application.h">
      <Filter>model</Filter>
    </ClInclude>
    <ClInclude Include="..\..\..\src\lte\model\epc-gtpu-header.h">
      <Filter>model</Filter>
    </ClInclude>
    <ClInclude Include="..\..\..\src\lte\model\epc-sgw-pgw-application.h">
      <Filter>model</Filter>
    </ClInclude>
    <ClInclude Include="..\..\..\src\lte\model\epc-tft.h">
      <Filter>model</Filter>
    </ClInclude>
    <ClInclude Include="..\..\..\src\lte\model\epc-tft-classifier.h">
      <Filter>model</Filter>
    </ClInclude>
    <ClInclude Include="..\..\..\src\lte\model\eps-bearer.h">
      <Filter>model</Filter>
    </ClInclude>
    <ClInclude Include="..\..\..\src\lte\model\ff-mac-common.h">
      <Filter>model</Filter>
    </ClInclude>
    <ClInclude Include="..\..\..\src\lte\model\ff-mac-csched-sap.h">
      <Filter>model</Filter>
    </ClInclude>
    <ClInclude Include="..\..\..\src\lte\model\ff-mac-sched-sap.h">
      <Filter>model</Filter>
    </ClInclude>
    <ClInclude Include="..\..\..\src\lte\model\ff-mac-scheduler.h">
      <Filter>model</Filter>
    </ClInclude>
    <ClInclude Include="..\..\..\src\lte\model\ideal-control-messages.h">
      <Filter>model</Filter>
    </ClInclude>
    <ClInclude Include="..\..\..\src\lte\model\lte-amc.h">
      <Filter>model</Filter>
    </ClInclude>
    <ClInclude Include="..\..\..\src\lte\model\lte-common.h">
      <Filter>model</Filter>
    </ClInclude>
    <ClInclude Include="..\..\..\src\lte\model\lte-enb-cmac-sap.h">
      <Filter>model</Filter>
    </ClInclude>
    <ClInclude Include="..\..\..\src\lte\model\lte-enb-mac.h">
      <Filter>model</Filter>
    </ClInclude>
    <ClInclude Include="..\..\..\src\lte\model\lte-enb-net-device.h">
      <Filter>model</Filter>
    </ClInclude>
    <ClInclude Include="..\..\..\src\lte\model\lte-enb-phy.h">
      <Filter>model</Filter>
    </ClInclude>
    <ClInclude Include="..\..\..\src\lte\model\lte-enb-phy-sap.h">
      <Filter>model</Filter>
    </ClInclude>
    <ClInclude Include="..\..\..\src\lte\model\lte-enb-rrc.h">
      <Filter>model</Filter>
    </ClInclude>
    <ClInclude Include="..\..\..\src\lte\model\lte-interference.h">
      <Filter>model</Filter>
    </ClInclude>
    <ClInclude Include="..\..\..\src\lte\model\lte-mac-sap.h">
      <Filter>model</Filter>
    </ClInclude>
    <ClInclude Include="..\..\..\src\lte\model\lte-mi-error-model.h">
      <Filter>model</Filter>
    </ClInclude>
    <ClInclude Include="..\..\..\src\lte\model\lte-net-device.h">
      <Filter>model</Filter>
    </ClInclude>
    <ClInclude Include="..\..\..\src\lte\model\lte-pdcp.h">
      <Filter>model</Filter>
    </ClInclude>
    <ClInclude Include="..\..\..\src\lte\model\lte-pdcp-header.h">
      <Filter>model</Filter>
    </ClInclude>
    <ClInclude Include="..\..\..\src\lte\model\lte-pdcp-sap.h">
      <Filter>model</Filter>
    </ClInclude>
    <ClInclude Include="..\..\..\src\lte\model\lte-pdcp-tag.h">
      <Filter>model</Filter>
    </ClInclude>
    <ClInclude Include="..\..\..\src\lte\model\lte-phy.h">
      <Filter>model</Filter>
    </ClInclude>
    <ClInclude Include="..\..\..\src\lte\model\lte-phy-tag.h">
      <Filter>model</Filter>
    </ClInclude>
    <ClInclude Include="..\..\..\src\lte\model\lte-radio-bearer-info.h">
      <Filter>model</Filter>
    </ClInclude>
    <ClInclude Include="..\..\..\src\lte\model\lte-radio-bearer-tag.h">
      <Filter>model</Filter>
    </ClInclude>
    <ClInclude Include="..\..\..\src\lte\model\lte-rlc.h">
      <Filter>model</Filter>
    </ClInclude>
    <ClInclude Include="..\..\..\src\lte\model\lte-rlc-am.h">
      <Filter>model</Filter>
    </ClInclude>
    <ClInclude Include="..\..\..\src\lte\model\lte-rlc-am-header.h">
      <Filter>model</Filter>
    </ClInclude>
    <ClInclude Include="..\..\..\src\lte\model\lte-rlc-header.h">
      <Filter>model</Filter>
    </ClInclude>
    <ClInclude Include="..\..\..\src\lte\model\lte-rlc-sap.h">
      <Filter>model</Filter>
    </ClInclude>
    <ClInclude Include="..\..\..\src\lte\model\lte-rlc-sdu-status-tag.h">
      <Filter>model</Filter>
    </ClInclude>
    <ClInclude Include="..\..\..\src\lte\model\lte-rlc-sequence-number.h">
      <Filter>model</Filter>
    </ClInclude>
    <ClInclude Include="..\..\..\src\lte\model\lte-rlc-tag.h">
      <Filter>model</Filter>
    </ClInclude>
    <ClInclude Include="..\..\..\src\lte\model\lte-rlc-um.h">
      <Filter>model</Filter>
    </ClInclude>
    <ClInclude Include="..\..\..\src\lte\model\lte-sinr-chunk-processor.h">
      <Filter>model</Filter>
    </ClInclude>
    <ClInclude Include="..\..\..\src\lte\model\lte-spectrum-phy.h">
      <Filter>model</Filter>
    </ClInclude>
    <ClInclude Include="..\..\..\src\lte\model\lte-spectrum-signal-parameters.h">
      <Filter>model</Filter>
    </ClInclude>
    <ClInclude Include="..\..\..\src\lte\model\lte-spectrum-value-helper.h">
      <Filter>model</Filter>
    </ClInclude>
    <ClInclude Include="..\..\..\src\lte\model\lte-ue-cmac-sap.h">
      <Filter>model</Filter>
    </ClInclude>
    <ClInclude Include="..\..\..\src\lte\model\lte-ue-mac.h">
      <Filter>model</Filter>
    </ClInclude>
    <ClInclude Include="..\..\..\src\lte\model\lte-ue-net-device.h">
      <Filter>model</Filter>
    </ClInclude>
    <ClInclude Include="..\..\..\src\lte\model\lte-ue-phy.h">
      <Filter>model</Filter>
    </ClInclude>
    <ClInclude Include="..\..\..\src\lte\model\lte-ue-phy-sap.h">
      <Filter>model</Filter>
    </ClInclude>
    <ClInclude Include="..\..\..\src\lte\model\lte-ue-rrc.h">
      <Filter>model</Filter>
    </ClInclude>
    <ClInclude Include="..\..\..\src\lte\model\pf-ff-mac-scheduler.h">
      <Filter>model</Filter>
    </ClInclude>
    <ClInclude Include="..\..\..\src\lte\model\rem-spectrum-phy.h">
      <Filter>model</Filter>
    </ClInclude>
    <ClInclude Include="..\..\..\src\lte\model\rr-ff-mac-scheduler.h">
      <Filter>model</Filter>
    </ClInclude>
    <ClInclude Include="..\..\..\src\lte\model\trace-fading-loss-model.h">
      <Filter>model</Filter>
    </ClInclude>
  </ItemGroup>
</Project>