
Microsoft Visual Studio Solution File, Format Version 12.00
# Visual Studio 2013
VisualStudioVersion = 12.0.21005.1
MinimumVisualStudioVersion = 10.0.40219.1
Project("{8BC9CEB8-8B4A-11D0-8D11-00A0C91BC942}") = "core", "core\core.vcxproj", "{B7820E24-D8E4-463F-BF3E-204B9D8114B4}"
	ProjectSection(ProjectDependencies) = postProject
		{FCAE684C-D6B0-4D31-8836-1D0875A98D65} = {FCAE684C-D6B0-4D31-8836-1D0875A98D65}
	EndProjectSection
EndProject
Project("{8BC9CEB8-8B4A-11D0-8D11-00A0C91BC942}") = "main", "main\main.vcxproj", "{E295EBA9-1ACD-4583-B9C8-16C7FDD1E35A}"
	ProjectSection(ProjectDependencies) = postProject
		{C4647903-FB2A-4961-840F-CB90E54062A9} = {C4647903-FB2A-4961-840F-CB90E54062A9}
		{0595E80B-3D2F-4737-AF51-8B912670B7CD} = {0595E80B-3D2F-4737-AF51-8B912670B7CD}
		{3F443112-28F5-4454-830C-55D8A49CDCB9} = {3F443112-28F5-4454-830C-55D8A49CDCB9}
		{823C041E-23A4-4820-9C81-EF13E438F962} = {823C041E-23A4-4820-9C81-EF13E438F962}
		{633F111F-FFD3-40D5-A463-9E713235CF4B} = {633F111F-FFD3-40D5-A463-9E713235CF4B}
		{B7820E24-D8E4-463F-BF3E-204B9D8114B4} = {B7820E24-D8E4-463F-BF3E-204B9D8114B4}
		{8C800E32-0FC4-48DA-849C-411FA60F1A4F} = {8C800E32-0FC4-48DA-849C-411FA60F1A4F}
		{EB0A5E32-948D-452A-A581-19F04BCA1AAC} = {EB0A5E32-948D-452A-A581-19F04BCA1AAC}
		{38C26040-424B-4526-B0C6-4089A04EABE2} = {38C26040-424B-4526-B0C6-4089A04EABE2}
		{FCAE684C-D6B0-4D31-8836-1D0875A98D65} = {FCAE684C-D6B0-4D31-8836-1D0875A98D65}
		{23A7B35C-D931-486C-A9D9-B1918EDC9031} = {23A7B35C-D931-486C-A9D9-B1918EDC9031}
		{BA2FF464-532A-441A-ADF6-2E6E0840E75E} = {BA2FF464-532A-441A-ADF6-2E6E0840E75E}
		{4798A866-2BAC-4462-A140-51EF75A3E6CA} = {4798A866-2BAC-4462-A140-51EF75A3E6CA}
		{83DAD76D-3B1C-484E-BF47-548C523A0409} = {83DAD76D-3B1C-484E-BF47-548C523A0409}
		{C8915474-78C1-4E0C-A421-7AC5177134E0} = {C8915474-78C1-4E0C-A421-7AC5177134E0}
		{5331D87C-C3B9-40FC-9EE6-AC406C380872} = {5331D87C-C3B9-40FC-9EE6-AC406C380872}
		{E7ED077F-3D0F-4AAD-8599-9DC3AADAE69C} = {E7ED077F-3D0F-4AAD-8599-9DC3AADAE69C}
		{F62F7983-4264-4733-9491-7257F8505418} = {F62F7983-4264-4733-9491-7257F8505418}
		{FD442B86-0972-4434-9139-B9920A5E4185} = {FD442B86-0972-4434-9139-B9920A5E4185}
		{B960C686-C6F8-45A5-990F-2BD48D009E49} = {B960C686-C6F8-45A5-990F-2BD48D009E49}
		{FE1A1789-88A3-4177-A3B5-C574DFAFE215} = {FE1A1789-88A3-4177-A3B5-C574DFAFE215}
		{CC81AF8F-057F-4E7A-9640-F7CEEDD1B273} = {CC81AF8F-057F-4E7A-9640-F7CEEDD1B273}
		{812DBF97-BFB6-46F1-ABB1-DEBE81D75DEA} = {812DBF97-BFB6-46F1-ABB1-DEBE81D75DEA}
		{9D0CCBA8-1101-4147-B9EF-601EBFD74B85} = {9D0CCBA8-1101-4147-B9EF-601EBFD74B85}
		{F2C240AC-B376-4E0B-9EDD-BB50F2BBE75B} = {F2C240AC-B376-4E0B-9EDD-BB50F2BBE75B}
		{205A52BB-E7B8-4328-AAF2-7F88D4546FDA} = {205A52BB-E7B8-4328-AAF2-7F88D4546FDA}
		{F2573FC7-1CCD-4341-A75E-88A4A07765BE} = {F2573FC7-1CCD-4341-A75E-88A4A07765BE}
		{2257CCC8-E4A0-4464-A84C-D989328DC869} = {2257CCC8-E4A0-4464-A84C-D989328DC869}
		{CB1BA1D7-4286-483F-AF16-A252B3FA07BF} = {CB1BA1D7-4286-483F-AF16-A252B3FA07BF}
		{62D77ADF-2806-4DAC-BF9B-A2629C8931D7} = {62D77ADF-2806-4DAC-BF9B-A2629C8931D7}
		{8B381BEA-93FD-4076-ACF9-D1B18C6A2F7F} = {8B381BEA-93FD-4076-ACF9-D1B18C6A2F7F}
		{9D9615EC-115E-4F9E-8F8A-E2EF65437C79} = {9D9615EC-115E-4F9E-8F8A-E2EF65437C79}
		{553B0CFA-776A-4007-B398-2C0165C98AE9} = {553B0CFA-776A-4007-B398-2C0165C98AE9}
	EndProjectSection
EndProject
Project("{8BC9CEB8-8B4A-11D0-8D11-00A0C91BC942}") = "InstallHeaders", "InstallHeaders\InstallHeaders.vcxproj", "{FCAE684C-D6B0-4D31-8836-1D0875A98D65}"
EndProject
Project("{8BC9CEB8-8B4A-11D0-8D11-00A0C91BC942}") = "network", "network\network.vcxproj", "{23A7B35C-D931-486C-A9D9-B1918EDC9031}"
	ProjectSection(ProjectDependencies) = postProject
		{FCAE684C-D6B0-4D31-8836-1D0875A98D65} = {FCAE684C-D6B0-4D31-8836-1D0875A98D65}
	EndProjectSection
EndProject
Project("{8BC9CEB8-8B4A-11D0-8D11-00A0C91BC942}") = "internet", "internet\internet.vcxproj", "{BA2FF464-532A-441A-ADF6-2E6E0840E75E}"
	ProjectSection(ProjectDependencies) = postProject
		{FCAE684C-D6B0-4D31-8836-1D0875A98D65} = {FCAE684C-D6B0-4D31-8836-1D0875A98D65}
	EndProjectSection
EndProject
Project("{8BC9CEB8-8B4A-11D0-8D11-00A0C91BC942}") = "propagation", "propagation\propagation.vcxproj", "{C8915474-78C1-4E0C-A421-7AC5177134E0}"
	ProjectSection(ProjectDependencies) = postProject
		{FCAE684C-D6B0-4D31-8836-1D0875A98D65} = {FCAE684C-D6B0-4D31-8836-1D0875A98D65}
	EndProjectSection
EndProject
Project("{8BC9CEB8-8B4A-11D0-8D11-00A0C91BC942}") = "antenna", "antenna\antenna.vcxproj", "{812DBF97-BFB6-46F1-ABB1-DEBE81D75DEA}"
	ProjectSection(ProjectDependencies) = postProject
		{FCAE684C-D6B0-4D31-8836-1D0875A98D65} = {FCAE684C-D6B0-4D31-8836-1D0875A98D65}
	EndProjectSection
EndProject
Project("{8BC9CEB8-8B4A-11D0-8D11-00A0C91BC942}") = "csma", "csma\csma.vcxproj", "{3F443112-28F5-4454-830C-55D8A49CDCB9}"
	ProjectSection(ProjectDependencies) = postProject
		{FCAE684C-D6B0-4D31-8836-1D0875A98D65} = {FCAE684C-D6B0-4D31-8836-1D0875A98D65}
	EndProjectSection
EndProject
Project("{8BC9CEB8-8B4A-11D0-8D11-00A0C91BC942}") = "csma-layout", "csma-layout\csma-layout.vcxproj", "{E7ED077F-3D0F-4AAD-8599-9DC3AADAE69C}"
	ProjectSection(ProjectDependencies) = postProject
		{FCAE684C-D6B0-4D31-8836-1D0875A98D65} = {FCAE684C-D6B0-4D31-8836-1D0875A98D65}
	EndProjectSection
EndProject
Project("{8BC9CEB8-8B4A-11D0-8D11-00A0C91BC942}") = "point-to-point", "point-to-point\point-to-point.vcxproj", "{9D9615EC-115E-4F9E-8F8A-E2EF65437C79}"
	ProjectSection(ProjectDependencies) = postProject
		{FCAE684C-D6B0-4D31-8836-1D0875A98D65} = {FCAE684C-D6B0-4D31-8836-1D0875A98D65}
	EndProjectSection
EndProject
Project("{8BC9CEB8-8B4A-11D0-8D11-00A0C91BC942}") = "point-to-point-layout", "point-to-point-layout\point-to-point-layout.vcxproj", "{8C800E32-0FC4-48DA-849C-411FA60F1A4F}"
	ProjectSection(ProjectDependencies) = postProject
		{FCAE684C-D6B0-4D31-8836-1D0875A98D65} = {FCAE684C-D6B0-4D31-8836-1D0875A98D65}
	EndProjectSection
EndProject
Project("{8BC9CEB8-8B4A-11D0-8D11-00A0C91BC942}") = "dsdv", "dsdn\dsdn.vcxproj", "{B960C686-C6F8-45A5-990F-2BD48D009E49}"
	ProjectSection(ProjectDependencies) = postProject
		{FCAE684C-D6B0-4D31-8836-1D0875A98D65} = {FCAE684C-D6B0-4D31-8836-1D0875A98D65}
	EndProjectSection
EndProject
Project("{8BC9CEB8-8B4A-11D0-8D11-00A0C91BC942}") = "dsr", "dsr\dsr.vcxproj", "{EB0A5E32-948D-452A-A581-19F04BCA1AAC}"
	ProjectSection(ProjectDependencies) = postProject
		{FCAE684C-D6B0-4D31-8836-1D0875A98D65} = {FCAE684C-D6B0-4D31-8836-1D0875A98D65}
	EndProjectSection
EndProject
Project("{8BC9CEB8-8B4A-11D0-8D11-00A0C91BC942}") = "flow-monitor", "flow-monitor\flow-monitor.vcxproj", "{F62F7983-4264-4733-9491-7257F8505418}"
	ProjectSection(ProjectDependencies) = postProject
		{FCAE684C-D6B0-4D31-8836-1D0875A98D65} = {FCAE684C-D6B0-4D31-8836-1D0875A98D65}
	EndProjectSection
EndProject
Project("{8BC9CEB8-8B4A-11D0-8D11-00A0C91BC942}") = "spectrum", "spectrum\spectrum.vcxproj", "{5331D87C-C3B9-40FC-9EE6-AC406C380872}"
	ProjectSection(ProjectDependencies) = postProject
		{FCAE684C-D6B0-4D31-8836-1D0875A98D65} = {FCAE684C-D6B0-4D31-8836-1D0875A98D65}
	EndProjectSection
EndProject
Project("{8BC9CEB8-8B4A-11D0-8D11-00A0C91BC942}") = "virtual-net-device", "virtual-net-device\virtual-net-device.vcxproj", "{4798A866-2BAC-4462-A140-51EF75A3E6CA}"
	ProjectSection(ProjectDependencies) = postProject
		{FCAE684C-D6B0-4D31-8836-1D0875A98D65} = {FCAE684C-D6B0-4D31-8836-1D0875A98D65}
	EndProjectSection
EndProject
Project("{8BC9CEB8-8B4A-11D0-8D11-00A0C91BC942}") = "stats", "stats\stats.vcxproj", "{FD442B86-0972-4434-9139-B9920A5E4185}"
	ProjectSection(ProjectDependencies) = postProject
		{FCAE684C-D6B0-4D31-8836-1D0875A98D65} = {FCAE684C-D6B0-4D31-8836-1D0875A98D65}
	EndProjectSection
EndProject
Project("{8BC9CEB8-8B4A-11D0-8D11-00A0C91BC942}") = "winport", "winport\winport.vcxproj", "{C4647903-FB2A-4961-840F-CB90E54062A9}"
	ProjectSection(ProjectDependencies) = postProject
		{FCAE684C-D6B0-4D31-8836-1D0875A98D65} = {FCAE684C-D6B0-4D31-8836-1D0875A98D65}
	EndProjectSection
EndProject
Project("{8BC9CEB8-8B4A-11D0-8D11-00A0C91BC942}") = "nix-vector-routing", "nix-vector-routing\nix-vector-routing.vcxproj", "{62D77ADF-2806-4DAC-BF9B-A2629C8931D7}"
	ProjectSection(ProjectDependencies) = postProject
		{FCAE684C-D6B0-4D31-8836-1D0875A98D65} = {FCAE684C-D6B0-4D31-8836-1D0875A98D65}
	EndProjectSection
EndProject
Project("{8BC9CEB8-8B4A-11D0-8D11-00A0C91BC942}") = "olsr", "olsr\olsr.vcxproj", "{83DAD76D-3B1C-484E-BF47-548C523A0409}"
	ProjectSection(ProjectDependencies) = postProject
		{FCAE684C-D6B0-4D31-8836-1D0875A98D65} = {FCAE684C-D6B0-4D31-8836-1D0875A98D65}
	EndProjectSection
EndProject
Project("{8BC9CEB8-8B4A-11D0-8D11-00A0C91BC942}") = "uan", "uan\uan.vcxproj", "{F2573FC7-1CCD-4341-A75E-88A4A07765BE}"
	ProjectSection(ProjectDependencies) = postProject
		{FCAE684C-D6B0-4D31-8836-1D0875A98D65} = {FCAE684C-D6B0-4D31-8836-1D0875A98D65}
	EndProjectSection
EndProject
Project("{8BC9CEB8-8B4A-11D0-8D11-00A0C91BC942}") = "applications", "applications\applications.vcxproj", "{0595E80B-3D2F-4737-AF51-8B912670B7CD}"
	ProjectSection(ProjectDependencies) = postProject
		{FCAE684C-D6B0-4D31-8836-1D0875A98D65} = {FCAE684C-D6B0-4D31-8836-1D0875A98D65}
	EndProjectSection
EndProject
Project("{8BC9CEB8-8B4A-11D0-8D11-00A0C91BC942}") = "bridge", "bridge\bridge.vcxproj", "{633F111F-FFD3-40D5-A463-9E713235CF4B}"
	ProjectSection(ProjectDependencies) = postProject
		{FCAE684C-D6B0-4D31-8836-1D0875A98D65} = {FCAE684C-D6B0-4D31-8836-1D0875A98D65}
	EndProjectSection
EndProject
Project("{8BC9CEB8-8B4A-11D0-8D11-00A0C91BC942}") = "mpi", "mpi\mpi.vcxproj", "{FE1A1789-88A3-4177-A3B5-C574DFAFE215}"
	ProjectSection(ProjectDependencies) = postProject
		{FCAE684C-D6B0-4D31-8836-1D0875A98D65} = {FCAE684C-D6B0-4D31-8836-1D0875A98D65}
	EndProjectSection
EndProject
Project("{8BC9CEB8-8B4A-11D0-8D11-00A0C91BC942}") = "config-store", "config-store\config-store.vcxproj", "{553B0CFA-776A-4007-B398-2C0165C98AE9}"
	ProjectSection(ProjectDependencies) = postProject
		{FCAE684C-D6B0-4D31-8836-1D0875A98D65} = {FCAE684C-D6B0-4D31-8836-1D0875A98D65}
	EndProjectSection
EndProject
Project("{8BC9CEB8-8B4A-11D0-8D11-00A0C91BC942}") = "aodv", "aodv\aodv.vcxproj", "{2257CCC8-E4A0-4464-A84C-D989328DC869}"
EndProject
Project("{8BC9CEB8-8B4A-11D0-8D11-00A0C91BC942}") = "buildings", "buildings\buildings.vcxproj", "{CC81AF8F-057F-4E7A-9640-F7CEEDD1B273}"
EndProject
Project("{8BC9CEB8-8B4A-11D0-8D11-00A0C91BC942}") = "energy", "energy\energy.vcxproj", "{F2C240AC-B376-4E0B-9EDD-BB50F2BBE75B}"
EndProject
Project("{8BC9CEB8-8B4A-11D0-8D11-00A0C91BC942}") = "lte", "lte\lte.vcxproj", "{205A52BB-E7B8-4328-AAF2-7F88D4546FDA}"
EndProject
Project("{8BC9CEB8-8B4A-11D0-8D11-00A0C91BC942}") = "mesh", "mesh\mesh.vcxproj", "{8B381BEA-93FD-4076-ACF9-D1B18C6A2F7F}"
EndProject
Project("{8BC9CEB8-8B4A-11D0-8D11-00A0C91BC942}") = "mobility", "mobility\mobility.vcxproj", "{9D0CCBA8-1101-4147-B9EF-601EBFD74B85}"
EndProject
Project("{8BC9CEB8-8B4A-11D0-8D11-00A0C91BC942}") = "netanim", "netanim\netanim.vcxproj", "{CB1BA1D7-4286-483F-AF16-A252B3FA07BF}"
EndProject
Project("{8BC9CEB8-8B4A-11D0-8D11-00A0C91BC942}") = "wifi", "wifi\wifi.vcxproj", "{38C26040-424B-4526-B0C6-4089A04EABE2}"
EndProject
Project("{8BC9CEB8-8B4A-11D0-8D11-00A0C91BC942}") = "wimax", "wimax\wimax.vcxproj", "{823C041E-23A4-4820-9C81-EF13E438F962}"
EndProject
Global
	GlobalSection(SolutionConfigurationPlatforms) = preSolution
		Debug|Win32 = Debug|Win32
		Debug|x64 = Debug|x64
		Release|Win32 = Release|Win32
		Release|x64 = Release|x64
	EndGlobalSection
	GlobalSection(ProjectConfigurationPlatforms) = postSolution
		{B7820E24-D8E4-463F-BF3E-204B9D8114B4}.Debug|Win32.ActiveCfg = Debug|Win32
		{B7820E24-D8E4-463F-BF3E-204B9D8114B4}.Debug|Win32.Build.0 = Debug|Win32
		{B7820E24-D8E4-463F-BF3E-204B9D8114B4}.Debug|x64.ActiveCfg = Release|x64
		{B7820E24-D8E4-463F-BF3E-204B9D8114B4}.Debug|x64.Build.0 = Release|x64
		{B7820E24-D8E4-463F-BF3E-204B9D8114B4}.Release|Win32.ActiveCfg = Release|Win32
		{B7820E24-D8E4-463F-BF3E-204B9D8114B4}.Release|Win32.Build.0 = Release|Win32
		{B7820E24-D8E4-463F-BF3E-204B9D8114B4}.Release|x64.ActiveCfg = Release|x64
		{B7820E24-D8E4-463F-BF3E-204B9D8114B4}.Release|x64.Build.0 = Release|x64
		{E295EBA9-1ACD-4583-B9C8-16C7FDD1E35A}.Debug|Win32.ActiveCfg = Debug|Win32
		{E295EBA9-1ACD-4583-B9C8-16C7FDD1E35A}.Debug|Win32.Build.0 = Debug|Win32
		{E295EBA9-1ACD-4583-B9C8-16C7FDD1E35A}.Debug|x64.ActiveCfg = Release|x64
		{E295EBA9-1ACD-4583-B9C8-16C7FDD1E35A}.Debug|x64.Build.0 = Release|x64
		{E295EBA9-1ACD-4583-B9C8-16C7FDD1E35A}.Release|Win32.ActiveCfg = Release|Win32
		{E295EBA9-1ACD-4583-B9C8-16C7FDD1E35A}.Release|Win32.Build.0 = Release|Win32
		{E295EBA9-1ACD-4583-B9C8-16C7FDD1E35A}.Release|x64.ActiveCfg = Release|x64
		{E295EBA9-1ACD-4583-B9C8-16C7FDD1E35A}.Release|x64.Build.0 = Release|x64
		{FCAE684C-D6B0-4D31-8836-1D0875A98D65}.Debug|Win32.ActiveCfg = Debug|Win32
		{FCAE684C-D6B0-4D31-8836-1D0875A98D65}.Debug|Win32.Build.0 = Debug|Win32
		{FCAE684C-D6B0-4D31-8836-1D0875A98D65}.Debug|x64.ActiveCfg = Release|x64
		{FCAE684C-D6B0-4D31-8836-1D0875A98D65}.Debug|x64.Build.0 = Release|x64
		{FCAE684C-D6B0-4D31-8836-1D0875A98D65}.Release|Win32.ActiveCfg = Release|Win32
		{FCAE684C-D6B0-4D31-8836-1D0875A98D65}.Release|Win32.Build.0 = Release|Win32
		{FCAE684C-D6B0-4D31-8836-1D0875A98D65}.Release|x64.ActiveCfg = Release|x64
		{FCAE684C-D6B0-4D31-8836-1D0875A98D65}.Release|x64.Build.0 = Release|x64
		{23A7B35C-D931-486C-A9D9-B1918EDC9031}.Debug|Win32.ActiveCfg = Debug|Win32
		{23A7B35C-D931-486C-A9D9-B1918EDC9031}.Debug|Win32.Build.0 = Debug|Win32
		{23A7B35C-D931-486C-A9D9-B1918EDC9031}.Debug|x64.ActiveCfg = Release|x64
		{23A7B35C-D931-486C-A9D9-B1918EDC9031}.Debug|x64.Build.0 = Release|x64
		{23A7B35C-D931-486C-A9D9-B1918EDC9031}.Release|Win32.ActiveCfg = Release|Win32
		{23A7B35C-D931-486C-A9D9-B1918EDC9031}.Release|Win32.Build.0 = Release|Win32
		{23A7B35C-D931-486C-A9D9-B1918EDC9031}.Release|x64.ActiveCfg = Release|x64
		{23A7B35C-D931-486C-A9D9-B1918EDC9031}.Release|x64.Build.0 = Release|x64
		{BA2FF464-532A-441A-ADF6-2E6E0840E75E}.Debug|Win32.ActiveCfg = Debug|Win32
		{BA2FF464-532A-441A-ADF6-2E6E0840E75E}.Debug|Win32.Build.0 = Debug|Win32
		{BA2FF464-532A-441A-ADF6-2E6E0840E75E}.Debug|x64.ActiveCfg = Release|x64
		{BA2FF464-532A-441A-ADF6-2E6E0840E75E}.Debug|x64.Build.0 = Release|x64
		{BA2FF464-532A-441A-ADF6-2E6E0840E75E}.Release|Win32.ActiveCfg = Release|Win32
		{BA2FF464-532A-441A-ADF6-2E6E0840E75E}.Release|Win32.Build.0 = Release|Win32
		{BA2FF464-532A-441A-ADF6-2E6E0840E75E}.Release|x64.ActiveCfg = Release|x64
		{BA2FF464-532A-441A-ADF6-2E6E0840E75E}.Release|x64.Build.0 = Release|x64
		{C8915474-78C1-4E0C-A421-7AC5177134E0}.Debug|Win32.ActiveCfg = Debug|Win32
		{C8915474-78C1-4E0C-A421-7AC5177134E0}.Debug|Win32.Build.0 = Debug|Win32
		{C8915474-78C1-4E0C-A421-7AC5177134E0}.Debug|x64.ActiveCfg = Release|x64
		{C8915474-78C1-4E0C-A421-7AC5177134E0}.Debug|x64.Build.0 = Release|x64
		{C8915474-78C1-4E0C-A421-7AC5177134E0}.Release|Win32.ActiveCfg = Release|Win32
		{C8915474-78C1-4E0C-A421-7AC5177134E0}.Release|Win32.Build.0 = Release|Win32
		{C8915474-78C1-4E0C-A421-7AC5177134E0}.Release|x64.ActiveCfg = Release|x64
		{C8915474-78C1-4E0C-A421-7AC5177134E0}.Release|x64.Build.0 = Release|x64
		{812DBF97-BFB6-46F1-ABB1-DEBE81D75DEA}.Debug|Win32.ActiveCfg = Debug|Win32
		{812DBF97-BFB6-46F1-ABB1-DEBE81D75DEA}.Debug|Win32.Build.0 = Debug|Win32
		{812DBF97-BFB6-46F1-ABB1-DEBE81D75DEA}.Debug|x64.ActiveCfg = Release|x64
		{812DBF97-BFB6-46F1-ABB1-DEBE81D75DEA}.Debug|x64.Build.0 = Release|x64
		{812DBF97-BFB6-46F1-ABB1-DEBE81D75DEA}.Release|Win32.ActiveCfg = Release|Win32
		{812DBF97-BFB6-46F1-ABB1-DEBE81D75DEA}.Release|Win32.Build.0 = Release|Win32
		{812DBF97-BFB6-46F1-ABB1-DEBE81D75DEA}.Release|x64.ActiveCfg = Release|x64
		{812DBF97-BFB6-46F1-ABB1-DEBE81D75DEA}.Release|x64.Build.0 = Release|x64
		{3F443112-28F5-4454-830C-55D8A49CDCB9}.Debug|Win32.ActiveCfg = Debug|Win32
		{3F443112-28F5-4454-830C-55D8A49CDCB9}.Debug|Win32.Build.0 = Debug|Win32
		{3F443112-28F5-4454-830C-55D8A49CDCB9}.Debug|x64.ActiveCfg = Release|x64
		{3F443112-28F5-4454-830C-55D8A49CDCB9}.Debug|x64.Build.0 = Release|x64
		{3F443112-28F5-4454-830C-55D8A49CDCB9}.Release|Win32.ActiveCfg = Release|Win32
		{3F443112-28F5-4454-830C-55D8A49CDCB9}.Release|Win32.Build.0 = Release|Win32
		{3F443112-28F5-4454-830C-55D8A49CDCB9}.Release|x64.ActiveCfg = Release|x64
		{3F443112-28F5-4454-830C-55D8A49CDCB9}.Release|x64.Build.0 = Release|x64
		{E7ED077F-3D0F-4AAD-8599-9DC3AADAE69C}.Debug|Win32.ActiveCfg = Debug|Win32
		{E7ED077F-3D0F-4AAD-8599-9DC3AADAE69C}.Debug|Win32.Build.0 = Debug|Win32
		{E7ED077F-3D0F-4AAD-8599-9DC3AADAE69C}.Debug|x64.ActiveCfg = Release|x64
		{E7ED077F-3D0F-4AAD-8599-9DC3AADAE69C}.Debug|x64.Build.0 = Release|x64
		{E7ED077F-3D0F-4AAD-8599-9DC3AADAE69C}.Release|Win32.ActiveCfg = Release|Win32
		{E7ED077F-3D0F-4AAD-8599-9DC3AADAE69C}.Release|Win32.Build.0 = Release|Win32
		{E7ED077F-3D0F-4AAD-8599-9DC3AADAE69C}.Release|x64.ActiveCfg = Release|x64
		{E7ED077F-3D0F-4AAD-8599-9DC3AADAE69C}.Release|x64.Build.0 = Release|x64
		{9D9615EC-115E-4F9E-8F8A-E2EF65437C79}.Debug|Win32.ActiveCfg = Debug|Win32
		{9D9615EC-115E-4F9E-8F8A-E2EF65437C79}.Debug|Win32.Build.0 = Debug|Win32
		{9D9615EC-115E-4F9E-8F8A-E2EF65437C79}.Debug|x64.ActiveCfg = Release|x64
		{9D9615EC-115E-4F9E-8F8A-E2EF65437C79}.Debug|x64.Build.0 = Release|x64
		{9D9615EC-115E-4F9E-8F8A-E2EF65437C79}.Release|Win32.ActiveCfg = Release|Win32
		{9D9615EC-115E-4F9E-8F8A-E2EF65437C79}.Release|Win32.Build.0 = Release|Win32
		{9D9615EC-115E-4F9E-8F8A-E2EF65437C79}.Release|x64.ActiveCfg = Release|x64
		{9D9615EC-115E-4F9E-8F8A-E2EF65437C79}.Release|x64.Build.0 = Release|x64
		{8C800E32-0FC4-48DA-849C-411FA60F1A4F}.Debug|Win32.ActiveCfg = Debug|Win32
		{8C800E32-0FC4-48DA-849C-411FA60F1A4F}.Debug|Win32.Build.0 = Debug|Win32
		{8C800E32-0FC4-48DA-849C-411FA60F1A4F}.Debug|x64.ActiveCfg = Release|x64
		{8C800E32-0FC4-48DA-849C-411FA60F1A4F}.Debug|x64.Build.0 = Release|x64
		{8C800E32-0FC4-48DA-849C-411FA60F1A4F}.Release|Win32.ActiveCfg = Release|Win32
		{8C800E32-0FC4-48DA-849C-411FA60F1A4F}.Release|Win32.Build.0 = Release|Win32
		{8C800E32-0FC4-48DA-849C-411FA60F1A4F}.Release|x64.ActiveCfg = Release|x64
		{8C800E32-0FC4-48DA-849C-411FA60F1A4F}.Release|x64.Build.0 = Release|x64
		{B960C686-C6F8-45A5-990F-2BD48D009E49}.Debug|Win32.ActiveCfg = Debug|Win32
		{B960C686-C6F8-45A5-990F-2BD48D009E49}.Debug|Win32.Build.0 = Debug|Win32
		{B960C686-C6F8-45A5-990F-2BD48D009E49}.Debug|x64.ActiveCfg = Release|x64
		{B960C686-C6F8-45A5-990F-2BD48D009E49}.Debug|x64.Build.0 = Release|x64
		{B960C686-C6F8-45A5-990F-2BD48D009E49}.Release|Win32.ActiveCfg = Release|Win32
		{B960C686-C6F8-45A5-990F-2BD48D009E49}.Release|Win32.Build.0 = Release|Win32
		{B960C686-C6F8-45A5-990F-2BD48D009E49}.Release|x64.ActiveCfg = Release|x64
		{B960C686-C6F8-45A5-990F-2BD48D009E49}.Release|x64.Build.0 = Release|x64
		{EB0A5E32-948D-452A-A581-19F04BCA1AAC}.Debug|Win32.ActiveCfg = Debug|Win32
		{EB0A5E32-948D-452A-A581-19F04BCA1AAC}.Debug|Win32.Build.0 = Debug|Win32
		{EB0A5E32-948D-452A-A581-19F04BCA1AAC}.Debug|x64.ActiveCfg = Release|x64
		{EB0A5E32-948D-452A-A581-19F04BCA1AAC}.Debug|x64.Build.0 = Release|x64
		{EB0A5E32-948D-452A-A581-19F04BCA1AAC}.Release|Win32.ActiveCfg = Release|Win32
		{EB0A5E32-948D-452A-A581-19F04BCA1AAC}.Release|Win32.Build.0 = Release|Win32
		{EB0A5E32-948D-452A-A581-19F04BCA1AAC}.Release|x64.ActiveCfg = Release|x64
		{EB0A5E32-948D-452A-A581-19F04BCA1AAC}.Release|x64.Build.0 = Release|x64
		{F62F7983-4264-4733-9491-7257F8505418}.Debug|Win32.ActiveCfg = Debug|Win32
		{F62F7983-4264-4733-9491-7257F8505418}.Debug|Win32.Build.0 = Debug|Win32
		{F62F7983-4264-4733-9491-7257F8505418}.Debug|x64.ActiveCfg = Release|x64
		{F62F7983-4264-4733-9491-7257F8505418}.Debug|x64.Build.0 = Release|x64
		{F62F7983-4264-4733-9491-7257F8505418}.Release|Win32.ActiveCfg = Release|Win32
		{F62F7983-4264-4733-9491-7257F8505418}.Release|Win32.Build.0 = Release|Win32
		{F62F7983-4264-4733-9491-7257F8505418}.Release|x64.ActiveCfg = Release|x64
		{F62F7983-4264-4733-9491-7257F8505418}.Release|x64.Build.0 = Release|x64
		{5331D87C-C3B9-40FC-9EE6-AC406C380872}.Debug|Win32.ActiveCfg = Debug|Win32
		{5331D87C-C3B9-40FC-9EE6-AC406C380872}.Debug|Win32.Build.0 = Debug|Win32
		{5331D87C-C3B9-40FC-9EE6-AC406C380872}.Debug|x64.ActiveCfg = Release|x64
		{5331D87C-C3B9-40FC-9EE6-AC406C380872}.Debug|x64.Build.0 = Release|x64
		{5331D87C-C3B9-40FC-9EE6-AC406C380872}.Release|Win32.ActiveCfg = Release|Win32
		{5331D87C-C3B9-40FC-9EE6-AC406C380872}.Release|Win32.Build.0 = Release|Win32
		{5331D87C-C3B9-40FC-9EE6-AC406C380872}.Release|x64.ActiveCfg = Release|x64
		{5331D87C-C3B9-40FC-9EE6-AC406C380872}.Release|x64.Build.0 = Release|x64
		{4798A866-2BAC-4462-A140-51EF75A3E6CA}.Debug|Win32.ActiveCfg = Debug|Win32
		{4798A866-2BAC-4462-A140-51EF75A3E6CA}.Debug|Win32.Build.0 = Debug|Win32
		{4798A866-2BAC-4462-A140-51EF75A3E6CA}.Debug|x64.ActiveCfg = Release|x64
		{4798A866-2BAC-4462-A140-51EF75A3E6CA}.Debug|x64.Build.0 = Release|x64
		{4798A866-2BAC-4462-A140-51EF75A3E6CA}.Release|Win32.ActiveCfg = Release|Win32
		{4798A866-2BAC-4462-A140-51EF75A3E6CA}.Release|Win32.Build.0 = Release|Win32
		{4798A866-2BAC-4462-A140-51EF75A3E6CA}.Release|x64.ActiveCfg = Release|x64
		{4798A866-2BAC-4462-A140-51EF75A3E6CA}.Release|x64.Build.0 = Release|x64
		{FD442B86-0972-4434-9139-B9920A5E4185}.Debug|Win32.ActiveCfg = Debug|Win32
		{FD442B86-0972-4434-9139-B9920A5E4185}.Debug|Win32.Build.0 = Debug|Win32
		{FD442B86-0972-4434-9139-B9920A5E4185}.Debug|x64.ActiveCfg = Release|x64
		{FD442B86-0972-4434-9139-B9920A5E4185}.Debug|x64.Build.0 = Release|x64
		{FD442B86-0972-4434-9139-B9920A5E4185}.Release|Win32.ActiveCfg = Release|Win32
		{FD442B86-0972-4434-9139-B9920A5E4185}.Release|Win32.Build.0 = Release|Win32
		{FD442B86-0972-4434-9139-B9920A5E4185}.Release|x64.ActiveCfg = Release|x64
		{FD442B86-0972-4434-9139-B9920A5E4185}.Release|x64.Build.0 = Release|x64
		{C4647903-FB2A-4961-840F-CB90E54062A9}.Debug|Win32.ActiveCfg = Debug|Win32
		{C4647903-FB2A-4961-840F-CB90E54062A9}.Debug|Win32.Build.0 = Debug|Win32
		{C4647903-FB2A-4961-840F-CB90E54062A9}.Debug|x64.ActiveCfg = Release|x64
		{C4647903-FB2A-4961-840F-CB90E54062A9}.Debug|x64.Build.0 = Release|x64
		{C4647903-FB2A-4961-840F-CB90E54062A9}.Release|Win32.ActiveCfg = Release|Win32
		{C4647903-FB2A-4961-840F-CB90E54062A9}.Release|Win32.Build.0 = Release|Win32
		{C4647903-FB2A-4961-840F-CB90E54062A9}.Release|x64.ActiveCfg = Release|x64
		{C4647903-FB2A-4961-840F-CB90E54062A9}.Release|x64.Build.0 = Release|x64
		{62D77ADF-2806-4DAC-BF9B-A2629C8931D7}.Debug|Win32.ActiveCfg = Debug|Win32
		{62D77ADF-2806-4DAC-BF9B-A2629C8931D7}.Debug|Win32.Build.0 = Debug|Win32
		{62D77ADF-2806-4DAC-BF9B-A2629C8931D7}.Debug|x64.ActiveCfg = Release|x64
		{62D77ADF-2806-4DAC-BF9B-A2629C8931D7}.Debug|x64.Build.0 = Release|x64
		{62D77ADF-2806-4DAC-BF9B-A2629C8931D7}.Release|Win32.ActiveCfg = Release|Win32
		{62D77ADF-2806-4DAC-BF9B-A2629C8931D7}.Release|Win32.Build.0 = Release|Win32
		{62D77ADF-2806-4DAC-BF9B-A2629C8931D7}.Release|x64.ActiveCfg = Release|x64
		{62D77ADF-2806-4DAC-BF9B-A2629C8931D7}.Release|x64.Build.0 = Release|x64
		{83DAD76D-3B1C-484E-BF47-548C523A0409}.Debug|Win32.ActiveCfg = Debug|Win32
		{83DAD76D-3B1C-484E-BF47-548C523A0409}.Debug|Win32.Build.0 = Debug|Win32
		{83DAD76D-3B1C-484E-BF47-548C523A0409}.Debug|x64.ActiveCfg = Release|x64
		{83DAD76D-3B1C-484E-BF47-548C523A0409}.Debug|x64.Build.0 = Release|x64
		{83DAD76D-3B1C-484E-BF47-548C523A0409}.Release|Win32.ActiveCfg = Release|Win32
		{83DAD76D-3B1C-484E-BF47-548C523A0409}.Release|Win32.Build.0 = Release|Win32
		{83DAD76D-3B1C-484E-BF47-548C523A0409}.Release|x64.ActiveCfg = Release|x64
		{83DAD76D-3B1C-484E-BF47-548C523A0409}.Release|x64.Build.0 = Release|x64
		{F2573FC7-1CCD-4341-A75E-88A4A07765BE}.Debug|Win32.ActiveCfg = Debug|Win32
		{F2573FC7-1CCD-4341-A75E-88A4A07765BE}.Debug|Win32.Build.0 = Debug|Win32
		{F2573FC7-1CCD-4341-A75E-88A4A07765BE}.Debug|x64.ActiveCfg = Release|x64
		{F2573FC7-1CCD-4341-A75E-88A4A07765BE}.Debug|x64.Build.0 = Release|x64
		{F2573FC7-1CCD-4341-A75E-88A4A07765BE}.Release|Win32.ActiveCfg = Release|Win32
		{F2573FC7-1CCD-4341-A75E-88A4A07765BE}.Release|Win32.Build.0 = Release|Win32
		{F2573FC7-1CCD-4341-A75E-88A4A07765BE}.Release|x64.ActiveCfg = Release|x64
		{F2573FC7-1CCD-4341-A75E-88A4A07765BE}.Release|x64.Build.0 = Release|x64
		{0595E80B-3D2F-4737-AF51-8B912670B7CD}.Debug|Win32.ActiveCfg = Debug|Win32
		{0595E80B-3D2F-4737-AF51-8B912670B7CD}.Debug|Win32.Build.0 = Debug|Win32
		{0595E80B-3D2F-4737-AF51-8B912670B7CD}.Debug|x64.ActiveCfg = Release|x64
		{0595E80B-3D2F-4737-AF51-8B912670B7CD}.Debug|x64.Build.0 = Release|x64
		{0595E80B-3D2F-4737-AF51-8B912670B7CD}.Release|Win32.ActiveCfg = Release|Win32
		{0595E80B-3D2F-4737-AF51-8B912670B7CD}.Release|Win32.Build.0 = Release|Win32
		{0595E80B-3D2F-4737-AF51-8B912670B7CD}.Release|x64.ActiveCfg = Release|x64
		{0595E80B-3D2F-4737-AF51-8B912670B7CD}.Release|x64.Build.0 = Release|x64
		{633F111F-FFD3-40D5-A463-9E713235CF4B}.Debug|Win32.ActiveCfg = Debug|Win32
		{633F111F-FFD3-40D5-A463-9E713235CF4B}.Debug|Win32.Build.0 = Debug|Win32
		{633F111F-FFD3-40D5-A463-9E713235CF4B}.Debug|x64.ActiveCfg = Release|x64
		{633F111F-FFD3-40D5-A463-9E713235CF4B}.Debug|x64.Build.0 = Release|x64
		{633F111F-FFD3-40D5-A463-9E713235CF4B}.Release|Win32.ActiveCfg = Release|Win32
		{633F111F-FFD3-40D5-A463-9E713235CF4B}.Release|Win32.Build.0 = Release|Win32
		{633F111F-FFD3-40D5-A463-9E713235CF4B}.Release|x64.ActiveCfg = Release|x64
		{633F111F-FFD3-40D5-A463-9E713235CF4B}.Release|x64.Build.0 = Release|x64
		{FE1A1789-88A3-4177-A3B5-C574DFAFE215}.Debug|Win32.ActiveCfg = Debug|Win32
		{FE1A1789-88A3-4177-A3B5-C574DFAFE215}.Debug|Win32.Build.0 = Debug|Win32
		{FE1A1789-88A3-4177-A3B5-C574DFAFE215}.Debug|x64.ActiveCfg = Release|x64
		{FE1A1789-88A3-4177-A3B5-C574DFAFE215}.Debug|x64.Build.0 = Release|x64
		{FE1A1789-88A3-4177-A3B5-C574DFAFE215}.Release|Win32.ActiveCfg = Release|Win32
		{FE1A1789-88A3-4177-A3B5-C574DFAFE215}.Release|Win32.Build.0 = Release|Win32
		{FE1A1789-88A3-4177-A3B5-C574DFAFE215}.Release|x64.ActiveCfg = Release|x64
		{FE1A1789-88A3-4177-A3B5-C574DFAFE215}.Release|x64.Build.0 = Release|x64
		{553B0CFA-776A-4007-B398-2C0165C98AE9}.Debug|Win32.ActiveCfg = Debug|Win32
		{553B0CFA-776A-4007-B398-2C0165C98AE9}.Debug|Win32.Build.0 = Debug|Win32
		{553B0CFA-776A-4007-B398-2C0165C98AE9}.Debug|x64.ActiveCfg = Release|x64
		{553B0CFA-776A-4007-B398-2C0165C98AE9}.Debug|x64.Build.0 = Release|x64
		{553B0CFA-776A-4007-B398-2C0165C98AE9}.Release|Win32.ActiveCfg = Release|Win32
		{553B0CFA-776A-4007-B398-2C0165C98AE9}.Release|Win32.Build.0 = Release|Win32
		{553B0CFA-776A-4007-B398-2C0165C98AE9}.Release|x64.ActiveCfg = Release|x64
		{553B0CFA-776A-4007-B398-2C0165C98AE9}.Release|x64.Build.0 = Release|x64
		{2257CCC8-E4A0-4464-A84C-D989328DC869}.Debug|Win32.ActiveCfg = Debug|Win32
		{2257CCC8-E4A0-4464-A84C-D989328DC869}.Debug|Win32.Build.0 = Debug|Win32
		{2257CCC8-E4A0-4464-A84C-D989328DC869}.Debug|x64.ActiveCfg = Release|x64
		{2257CCC8-E4A0-4464-A84C-D989328DC869}.Debug|x64.Build.0 = Release|x64
		{2257CCC8-E4A0-4464-A84C-D989328DC869}.Release|Win32.ActiveCfg = Release|Win32
		{2257CCC8-E4A0-4464-A84C-D989328DC869}.Release|Win32.Build.0 = Release|Win32
		{2257CCC8-E4A0-4464-A84C-D989328DC869}.Release|x64.ActiveCfg = Release|x64
		{2257CCC8-E4A0-4464-A84C-D989328DC869}.Release|x64.Build.0 = Release|x64
		{CC81AF8F-057F-4E7A-9640-F7CEEDD1B273}.Debug|Win32.ActiveCfg = Debug|Win32
		{CC81AF8F-057F-4E7A-9640-F7CEEDD1B273}.Debug|Win32.Build.0 = Debug|Win32
		{CC81AF8F-057F-4E7A-9640-F7CEEDD1B273}.Debug|x64.ActiveCfg = Release|x64
		{CC81AF8F-057F-4E7A-9640-F7CEEDD1B273}.Debug|x64.Build.0 = Release|x64
		{CC81AF8F-057F-4E7A-9640-F7CEEDD1B273}.Release|Win32.ActiveCfg = Release|Win32
		{CC81AF8F-057F-4E7A-9640-F7CEEDD1B273}.Release|Win32.Build.0 = Release|Win32
		{CC81AF8F-057F-4E7A-9640-F7CEEDD1B273}.Release|x64.ActiveCfg = Release|x64
		{CC81AF8F-057F-4E7A-9640-F7CEEDD1B273}.Release|x64.Build.0 = Release|x64
		{F2C240AC-B376-4E0B-9EDD-BB50F2BBE75B}.Debug|Win32.ActiveCfg = Debug|Win32
		{F2C240AC-B376-4E0B-9EDD-BB50F2BBE75B}.Debug|Win32.Build.0 = Debug|Win32
		{F2C240AC-B376-4E0B-9EDD-BB50F2BBE75B}.Debug|x64.ActiveCfg = Release|x64
		{F2C240AC-B376-4E0B-9EDD-BB50F2BBE75B}.Debug|x64.Build.0 = Release|x64
		{F2C240AC-B376-4E0B-9EDD-BB50F2BBE75B}.Release|Win32.ActiveCfg = Release|Win32
		{F2C240AC-B376-4E0B-9EDD-BB50F2BBE75B}.Release|Win32.Build.0 = Release|Win32
		{F2C240AC-B376-4E0B-9EDD-BB50F2BBE75B}.Release|x64.ActiveCfg = Release|x64
		{F2C240AC-B376-4E0B-9EDD-BB50F2BBE75B}.Release|x64.Build.0 = Release|x64
		{205A52BB-E7B8-4328-AAF2-7F88D4546FDA}.Debug|Win32.ActiveCfg = Debug|Win32
		{205A52BB-E7B8-4328-AAF2-7F88D4546FDA}.Debug|Win32.Build.0 = Debug|Win32
		{205A52BB-E7B8-4328-AAF2-7F88D4546FDA}.Debug|x64.ActiveCfg = Release|x64
		{205A52BB-E7B8-4328-AAF2-7F88D4546FDA}.Debug|x64.Build.0 = Release|x64
		{205A52BB-E7B8-4328-AAF2-7F88D4546FDA}.Release|Win32.ActiveCfg = Release|Win32
		{205A52BB-E7B8-4328-AAF2-7F88D4546FDA}.Release|Win32.Build.0 = Release|Win32
		{205A52BB-E7B8-4328-AAF2-7F88D4546FDA}.Release|x64.ActiveCfg = Release|x64
		{205A52BB-E7B8-4328-AAF2-7F88D4546FDA}.Release|x64.Build.0 = Release|x64
		{8B381BEA-93FD-4076-ACF9-D1B18C6A2F7F}.Debug|Win32.ActiveCfg = Debug|Win32
		{8B381BEA-93FD-4076-ACF9-D1B18C6A2F7F}.Debug|Win32.Build.0 = Debug|Win32
		{8B381BEA-93FD-4076-ACF9-D1B18C6A2F7F}.Debug|x64.ActiveCfg = Release|x64
		{8B381BEA-93FD-4076-ACF9-D1B18C6A2F7F}.Debug|x64.Build.0 = Release|x64
		{8B381BEA-93FD-4076-ACF9-D1B18C6A2F7F}.Release|Win32.ActiveCfg = Release|Win32
		{8B381BEA-93FD-4076-ACF9-D1B18C6A2F7F}.Release|Win32.Build.0 = Release|Win32
		{8B381BEA-93FD-4076-ACF9-D1B18C6A2F7F}.Release|x64.ActiveCfg = Release|x64
		{8B381BEA-93FD-4076-ACF9-D1B18C6A2F7F}.Release|x64.Build.0 = Release|x64
		{9D0CCBA8-1101-4147-B9EF-601EBFD74B85}.Debug|Win32.ActiveCfg = Debug|Win32
		{9D0CCBA8-1101-4147-B9EF-601EBFD74B85}.Debug|Win32.Build.0 = Debug|Win32
		{9D0CCBA8-1101-4147-B9EF-601EBFD74B85}.Debug|x64.ActiveCfg = Release|x64
		{9D0CCBA8-1101-4147-B9EF-601EBFD74B85}.Debug|x64.Build.0 = Release|x64
		{9D0CCBA8-1101-4147-B9EF-601EBFD74B85}.Release|Win32.ActiveCfg = Release|Win32
		{9D0CCBA8-1101-4147-B9EF-601EBFD74B85}.Release|Win32.Build.0 = Release|Win32
		{9D0CCBA8-1101-4147-B9EF-601EBFD74B85}.Release|x64.ActiveCfg = Release|x64
		{9D0CCBA8-1101-4147-B9EF-601EBFD74B85}.Release|x64.Build.0 = Release|x64
		{CB1BA1D7-4286-483F-AF16-A252B3FA07BF}.Debug|Win32.ActiveCfg = Debug|Win32
		{CB1BA1D7-4286-483F-AF16-A252B3FA07BF}.Debug|Win32.Build.0 = Debug|Win32
		{CB1BA1D7-4286-483F-AF16-A252B3FA07BF}.Debug|x64.ActiveCfg = Release|x64
		{CB1BA1D7-4286-483F-AF16-A252B3FA07BF}.Debug|x64.Build.0 = Release|x64
		{CB1BA1D7-4286-483F-AF16-A252B3FA07BF}.Release|Win32.ActiveCfg = Release|Win32
		{CB1BA1D7-4286-483F-AF16-A252B3FA07BF}.Release|Win32.Build.0 = Release|Win32
		{CB1BA1D7-4286-483F-AF16-A252B3FA07BF}.Release|x64.ActiveCfg = Release|x64
		{CB1BA1D7-4286-483F-AF16-A252B3FA07BF}.Release|x64.Build.0 = Release|x64
		{38C26040-424B-4526-B0C6-4089A04EABE2}.Debug|Win32.ActiveCfg = Debug|Win32
		{38C26040-424B-4526-B0C6-4089A04EABE2}.Debug|Win32.Build.0 = Debug|Win32
		{38C26040-424B-4526-B0C6-4089A04EABE2}.Debug|x64.ActiveCfg = Release|x64
		{38C26040-424B-4526-B0C6-4089A04EABE2}.Debug|x64.Build.0 = Release|x64
		{38C26040-424B-4526-B0C6-4089A04EABE2}.Release|Win32.ActiveCfg = Release|Win32
		{38C26040-424B-4526-B0C6-4089A04EABE2}.Release|Win32.Build.0 = Release|Win32
		{38C26040-424B-4526-B0C6-4089A04EABE2}.Release|x64.ActiveCfg = Release|x64
		{38C26040-424B-4526-B0C6-4089A04EABE2}.Release|x64.Build.0 = Release|x64
		{823C041E-23A4-4820-9C81-EF13E438F962}.Debug|Win32.ActiveCfg = Debug|Win32
		{823C041E-23A4-4820-9C81-EF13E438F962}.Debug|Win32.Build.0 = Debug|Win32
		{823C041E-23A4-4820-9C81-EF13E438F962}.Debug|x64.ActiveCfg = Release|x64
		{823C041E-23A4-4820-9C81-EF13E438F962}.Debug|x64.Build.0 = Release|x64
		{823C041E-23A4-4820-9C81-EF13E438F962}.Release|Win32.ActiveCfg = Release|Win32
		{823C041E-23A4-4820-9C81-EF13E438F962}.Release|Win32.Build.0 = Release|Win32
		{823C041E-23A4-4820-9C81-EF13E438F962}.Release|x64.ActiveCfg = Release|x64
		{823C041E-23A4-4820-9C81-EF13E438F962}.Release|x64.Build.0 = Release|x64
	EndGlobalSection
	GlobalSection(SolutionProperties) = preSolution
		HideSolutionNode = FALSE
	EndGlobalSection
EndGlobal
