<?xml version="1.0" encoding="utf-8"?>
<Project ToolsVersion="4.0" xmlns="http://schemas.microsoft.com/developer/msbuild/2003">
  <ItemGroup>
    <Filter Include="model">
      <UniqueIdentifier>{3b64d434-3649-46a7-b98a-42d361192355}</UniqueIdentifier>
    </Filter>
    <Filter Include="helper">
      <UniqueIdentifier>{b772c6b8-b844-4203-82fc-d7a14cbf3520}</UniqueIdentifier>
    </Filter>
  </ItemGroup>
  <ItemGroup>
    <ClCompile Include="..\..\..\src\applications\model\bulk-send-application.cc">
      <Filter>model</Filter>
    </ClCompile>
    <ClCompile Include="..\..\..\src\applications\model\onoff-application.cc">
      <Filter>model</Filter>
    </ClCompile>
    <ClCompile Include="..\..\..\src\applications\model\packet-loss-counter.cc">
      <Filter>model</Filter>
    </ClCompile>
    <ClCompile Include="..\..\..\src\applications\model\packet-sink.cc">
      <Filter>model</Filter>
    </ClCompile>
    <ClCompile Include="..\..\..\src\applications\model\ping6.cc">
      <Filter>model</Filter>
    </ClCompile>
    <ClCompile Include="..\..\..\src\applications\model\radvd.cc">
      <Filter>model</Filter>
    </ClCompile>
    <ClCompile Include="..\..\..\src\applications\model\radvd-interface.cc">
      <Filter>model</Filter>
    </ClCompile>
    <ClCompile Include="..\..\..\src\applications\model\radvd-prefix.cc">
      <Filter>model</Filter>
    </ClCompile>
    <ClCompile Include="..\..\..\src\applications\model\udp-client.cc">
      <Filter>model</Filter>
    </ClCompile>
    <ClCompile Include="..\..\..\src\applications\model\udp-echo-client.cc">
      <Filter>model</Filter>
    </ClCompile>
    <ClCompile Include="..\..\..\src\applications\model\udp-echo-server.cc">
      <Filter>model</Filter>
    </ClCompile>
    <ClCompile Include="..\..\..\src\applications\model\udp-server.cc">
      <Filter>model</Filter>
    </ClCompile>
    <ClCompile Include="..\..\..\src\applications\model\udp-trace-client.cc">
      <Filter>model</Filter>
    </ClCompile>
    <ClCompile Include="..\..\..\src\applications\model\v4ping.cc">
      <Filter>model</Filter>
    </ClCompile>
    <ClCompile Include="..\..\..\src\applications\helper\bulk-send-helper.cc">
      <Filter>helper</Filter>
    </ClCompile>
    <ClCompile Include="..\..\..\src\applications\helper\on-off-helper.cc">
      <Filter>helper</Filter>
    </ClCompile>
    <ClCompile Include="..\..\..\src\applications\helper\packet-sink-helper.cc">
      <Filter>helper</Filter>
    </ClCompile>
    <ClCompile Include="..\..\..\src\applications\helper\ping6-helper.cc">
      <Filter>helper</Filter>
    </ClCompile>
    <ClCompile Include="..\..\..\src\applications\helper\udp-client-server-helper.cc">
      <Filter>helper</Filter>
    </ClCompile>
    <ClCompile Include="..\..\..\src\applications\helper\udp-echo-helper.cc">
      <Filter>helper</Filter>
    </ClCompile>
    <ClCompile Include="..\..\..\src\applications\helper\v4ping-helper.cc">
      <Filter>helper</Filter>
    </ClCompile>
  </ItemGroup>
  <ItemGroup>
    <ClInclude Include="..\..\..\src\applications\model\bulk-send-application.h">
      <Filter>model</Filter>
    </ClInclude>
    <ClInclude Include="..\..\..\src\applications\model\onoff-application.h">
      <Filter>model</Filter>
    </ClInclude>
    <ClInclude Include="..\..\..\src\applications\model\packet-loss-counter.h">
      <Filter>model</Filter>
    </ClInclude>
    <ClInclude Include="..\..\..\src\applications\model\packet-sink.h">
      <Filter>model</Filter>
    </ClInclude>
    <ClInclude Include="..\..\..\src\applications\model\ping6.h">
      <Filter>model</Filter>
    </ClInclude>
    <ClInclude Include="..\..\..\src\applications\model\radvd.h">
      <Filter>model</Filter>
    </ClInclude>
    <ClInclude Include="..\..\..\src\applications\model\radvd-interface.h">
      <Filter>model</Filter>
    </ClInclude>
    <ClInclude Include="..\..\..\src\applications\model\radvd-prefix.h">
      <Filter>model</Filter>
    </ClInclude>
    <ClInclude Include="..\..\..\src\applications\model\udp-client.h">
      <Filter>model</Filter>
    </ClInclude>
    <ClInclude Include="..\..\..\src\applications\model\udp-echo-client.h">
      <Filter>model</Filter>
    </ClInclude>
    <ClInclude Include="..\..\..\src\applications\model\udp-echo-server.h">
      <Filter>model</Filter>
    </ClInclude>
    <ClInclude Include="..\..\..\src\applications\model\udp-server.h">
      <Filter>model</Filter>
    </ClInclude>
    <ClInclude Include="..\..\..\src\applications\model\udp-trace-client.h">
      <Filter>model</Filter>
    </ClInclude>
    <ClInclude Include="..\..\..\src\applications\model\v4ping.h">
      <Filter>model</Filter>
    </ClInclude>
    <ClInclude Include="..\..\..\src\applications\helper\bulk-send-helper.h">
      <Filter>helper</Filter>
    </ClInclude>
    <ClInclude Include="..\..\..\src\applications\helper\on-off-helper.h">
      <Filter>helper</Filter>
    </ClInclude>
    <ClInclude Include="..\..\..\src\applications\helper\packet-sink-helper.h">
      <Filter>helper</Filter>
    </ClInclude>
    <ClInclude Include="..\..\..\src\applications\helper\ping6-helper.h">
      <Filter>helper</Filter>
    </ClInclude>
    <ClInclude Include="..\..\..\src\applications\helper\udp-client-server-helper.h">
      <Filter>helper</Filter>
    </ClInclude>
    <ClInclude Include="..\..\..\src\applications\helper\udp-echo-helper.h">
      <Filter>helper</Filter>
    </ClInclude>
    <ClInclude Include="..\..\..\src\applications\helper\v4ping-helper.h">
      <Filter>helper</Filter>
    </ClInclude>
  </ItemGroup>
</Project>