<?xml version="1.0" encoding="utf-8"?>
<Project ToolsVersion="4.0" xmlns="http://schemas.microsoft.com/developer/msbuild/2003">
  <ItemGroup>
    <Filter Include="model">
      <UniqueIdentifier>{8a552170-8a08-44c5-8e54-f6206ddbd3c6}</UniqueIdentifier>
    </Filter>
    <Filter Include="helper">
      <UniqueIdentifier>{d44fdc71-e308-44ba-adb6-598b83bfcae5}</UniqueIdentifier>
    </Filter>
  </ItemGroup>
  <ItemGroup>
    <ClCompile Include="..\..\..\src\virtual-net-device\model\virtual-net-device.cc">
      <Filter>model</Filter>
    </ClCompile>
  </ItemGroup>
  <ItemGroup>
    <ClInclude Include="..\..\..\src\virtual-net-device\model\virtual-net-device.h">
      <Filter>model</Filter>
    </ClInclude>
  </ItemGroup>
</Project>