<?xml version="1.0" encoding="utf-8"?>
<Project ToolsVersion="4.0" xmlns="http://schemas.microsoft.com/developer/msbuild/2003">
  <ItemGroup>
    <Filter Include="model">
      <UniqueIdentifier>{01cfa6ff-1ec5-4997-a30f-082ce548ff7d}</UniqueIdentifier>
    </Filter>
    <Filter Include="helper">
      <UniqueIdentifier>{52508811-9ec7-4ab0-b374-620654efd539}</UniqueIdentifier>
    </Filter>
  </ItemGroup>
  <ItemGroup>
    <ClInclude Include="..\..\..\src\mesh\model\mesh-information-element.h">
      <Filter>model</Filter>
    </ClInclude>
    <ClInclude Include="..\..\..\src\mesh\model\mesh-information-element-vector.h">
      <Filter>model</Filter>
    </ClInclude>
    <ClInclude Include="..\..\..\src\mesh\model\mesh-l2-routing-protocol.h">
      <Filter>model</Filter>
    </ClInclude>
    <ClInclude Include="..\..\..\src\mesh\model\mesh-point-device.h">
      <Filter>model</Filter>
    </ClInclude>
    <ClInclude Include="..\..\..\src\mesh\model\mesh-wifi-beacon.h">
      <Filter>model</Filter>
    </ClInclude>
    <ClInclude Include="..\..\..\src\mesh\model\mesh-wifi-interface-mac.h">
      <Filter>model</Filter>
    </ClInclude>
    <ClInclude Include="..\..\..\src\mesh\model\mesh-wifi-interface-mac-plugin.h">
      <Filter>model</Filter>
    </ClInclude>
    <ClInclude Include="..\..\..\src\mesh\model\flame\flame-header.h">
      <Filter>model</Filter>
    </ClInclude>
    <ClInclude Include="..\..\..\src\mesh\model\flame\flame-protocol.h">
      <Filter>model</Filter>
    </ClInclude>
    <ClInclude Include="..\..\..\src\mesh\model\flame\flame-protocol-mac.h">
      <Filter>model</Filter>
    </ClInclude>
    <ClInclude Include="..\..\..\src\mesh\model\flame\flame-rtable.h">
      <Filter>model</Filter>
    </ClInclude>
    <ClInclude Include="..\..\..\src\mesh\model\dot11s\airtime-metric.h">
      <Filter>model</Filter>
    </ClInclude>
    <ClInclude Include="..\..\..\src\mesh\model\dot11s\dot11s.h">
      <Filter>model</Filter>
    </ClInclude>
    <ClInclude Include="..\..\..\src\mesh\model\dot11s\dot11s-mac-header.h">
      <Filter>model</Filter>
    </ClInclude>
    <ClInclude Include="..\..\..\src\mesh\model\dot11s\hwmp-protocol.h">
      <Filter>model</Filter>
    </ClInclude>
    <ClInclude Include="..\..\..\src\mesh\model\dot11s\hwmp-protocol-mac.h">
      <Filter>model</Filter>
    </ClInclude>
    <ClInclude Include="..\..\..\src\mesh\model\dot11s\hwmp-rtable.h">
      <Filter>model</Filter>
    </ClInclude>
    <ClInclude Include="..\..\..\src\mesh\model\dot11s\hwmp-tag.h">
      <Filter>model</Filter>
    </ClInclude>
    <ClInclude Include="..\..\..\src\mesh\model\dot11s\ie-dot11s-beacon-timing.h">
      <Filter>model</Filter>
    </ClInclude>
    <ClInclude Include="..\..\..\src\mesh\model\dot11s\ie-dot11s-configuration.h">
      <Filter>model</Filter>
    </ClInclude>
    <ClInclude Include="..\..\..\src\mesh\model\dot11s\ie-dot11s-id.h">
      <Filter>model</Filter>
    </ClInclude>
    <ClInclude Include="..\..\..\src\mesh\model\dot11s\ie-dot11s-metric-report.h">
      <Filter>model</Filter>
    </ClInclude>
    <ClInclude Include="..\..\..\src\mesh\model\dot11s\ie-dot11s-peering-protocol.h">
      <Filter>model</Filter>
    </ClInclude>
    <ClInclude Include="..\..\..\src\mesh\model\dot11s\ie-dot11s-peer-management.h">
      <Filter>model</Filter>
    </ClInclude>
    <ClInclude Include="..\..\..\src\mesh\model\dot11s\ie-dot11s-perr.h">
      <Filter>model</Filter>
    </ClInclude>
    <ClInclude Include="..\..\..\src\mesh\model\dot11s\ie-dot11s-prep.h">
      <Filter>model</Filter>
    </ClInclude>
    <ClInclude Include="..\..\..\src\mesh\model\dot11s\ie-dot11s-preq.h">
      <Filter>model</Filter>
    </ClInclude>
    <ClInclude Include="..\..\..\src\mesh\model\dot11s\ie-dot11s-rann.h">
      <Filter>model</Filter>
    </ClInclude>
    <ClInclude Include="..\..\..\src\mesh\model\dot11s\peer-link.h">
      <Filter>model</Filter>
    </ClInclude>
    <ClInclude Include="..\..\..\src\mesh\model\dot11s\peer-link-frame.h">
      <Filter>model</Filter>
    </ClInclude>
    <ClInclude Include="..\..\..\src\mesh\model\dot11s\peer-management-protocol.h">
      <Filter>model</Filter>
    </ClInclude>
    <ClInclude Include="..\..\..\src\mesh\model\dot11s\peer-management-protocol-mac.h">
      <Filter>model</Filter>
    </ClInclude>
    <ClInclude Include="..\..\..\src\mesh\helper\mesh-helper.h">
      <Filter>helper</Filter>
    </ClInclude>
    <ClInclude Include="..\..\..\src\mesh\helper\mesh-stack-installer.h">
      <Filter>helper</Filter>
    </ClInclude>
    <ClInclude Include="..\..\..\src\mesh\helper\flame\flame-installer.h">
      <Filter>helper</Filter>
    </ClInclude>
    <ClInclude Include="..\..\..\src\mesh\helper\dot11s\dot11s-installer.h">
      <Filter>helper</Filter>
    </ClInclude>
  </ItemGroup>
  <ItemGroup>
    <ClCompile Include="..\..\..\src\mesh\model\mesh-information-element-vector.cc">
      <Filter>model</Filter>
    </ClCompile>
    <ClCompile Include="..\..\..\src\mesh\model\mesh-l2-routing-protocol.cc">
      <Filter>model</Filter>
    </ClCompile>
    <ClCompile Include="..\..\..\src\mesh\model\mesh-point-device.cc">
      <Filter>model</Filter>
    </ClCompile>
    <ClCompile Include="..\..\..\src\mesh\model\mesh-wifi-beacon.cc">
      <Filter>model</Filter>
    </ClCompile>
    <ClCompile Include="..\..\..\src\mesh\model\mesh-wifi-interface-mac.cc">
      <Filter>model</Filter>
    </ClCompile>
    <ClCompile Include="..\..\..\src\mesh\model\flame\flame-header.cc">
      <Filter>model</Filter>
    </ClCompile>
    <ClCompile Include="..\..\..\src\mesh\model\flame\flame-protocol.cc">
      <Filter>model</Filter>
    </ClCompile>
    <ClCompile Include="..\..\..\src\mesh\model\flame\flame-protocol-mac.cc">
      <Filter>model</Filter>
    </ClCompile>
    <ClCompile Include="..\..\..\src\mesh\model\flame\flame-rtable.cc">
      <Filter>model</Filter>
    </ClCompile>
    <ClCompile Include="..\..\..\src\mesh\model\dot11s\airtime-metric.cc">
      <Filter>model</Filter>
    </ClCompile>
    <ClCompile Include="..\..\..\src\mesh\model\dot11s\dot11s-mac-header.cc">
      <Filter>model</Filter>
    </ClCompile>
    <ClCompile Include="..\..\..\src\mesh\model\dot11s\hwmp-protocol.cc">
      <Filter>model</Filter>
    </ClCompile>
    <ClCompile Include="..\..\..\src\mesh\model\dot11s\hwmp-protocol-mac.cc">
      <Filter>model</Filter>
    </ClCompile>
    <ClCompile Include="..\..\..\src\mesh\model\dot11s\hwmp-rtable.cc">
      <Filter>model</Filter>
    </ClCompile>
    <ClCompile Include="..\..\..\src\mesh\model\dot11s\hwmp-tag.cc">
      <Filter>model</Filter>
    </ClCompile>
    <ClCompile Include="..\..\..\src\mesh\model\dot11s\ie-dot11s-beacon-timing.cc">
      <Filter>model</Filter>
    </ClCompile>
    <ClCompile Include="..\..\..\src\mesh\model\dot11s\ie-dot11s-configuration.cc">
      <Filter>model</Filter>
    </ClCompile>
    <ClCompile Include="..\..\..\src\mesh\model\dot11s\ie-dot11s-id.cc">
      <Filter>model</Filter>
    </ClCompile>
    <ClCompile Include="..\..\..\src\mesh\model\dot11s\ie-dot11s-metric-report.cc">
      <Filter>model</Filter>
    </ClCompile>
    <ClCompile Include="..\..\..\src\mesh\model\dot11s\ie-dot11s-peering-protocol.cc">
      <Filter>model</Filter>
    </ClCompile>
    <ClCompile Include="..\..\..\src\mesh\model\dot11s\ie-dot11s-peer-management.cc">
      <Filter>model</Filter>
    </ClCompile>
    <ClCompile Include="..\..\..\src\mesh\model\dot11s\ie-dot11s-perr.cc">
      <Filter>model</Filter>
    </ClCompile>
    <ClCompile Include="..\..\..\src\mesh\model\dot11s\ie-dot11s-prep.cc">
      <Filter>model</Filter>
    </ClCompile>
    <ClCompile Include="..\..\..\src\mesh\model\dot11s\ie-dot11s-preq.cc">
      <Filter>model</Filter>
    </ClCompile>
    <ClCompile Include="..\..\..\src\mesh\model\dot11s\ie-dot11s-rann.cc">
      <Filter>model</Filter>
    </ClCompile>
    <ClCompile Include="..\..\..\src\mesh\model\dot11s\peer-link.cc">
      <Filter>model</Filter>
    </ClCompile>
    <ClCompile Include="..\..\..\src\mesh\model\dot11s\peer-link-frame.cc">
      <Filter>model</Filter>
    </ClCompile>
    <ClCompile Include="..\..\..\src\mesh\model\dot11s\peer-management-protocol.cc">
      <Filter>model</Filter>
    </ClCompile>
    <ClCompile Include="..\..\..\src\mesh\model\dot11s\peer-management-protocol-mac.cc">
      <Filter>model</Filter>
    </ClCompile>
    <ClCompile Include="..\..\..\src\mesh\helper\mesh-helper.cc">
      <Filter>helper</Filter>
    </ClCompile>
    <ClCompile Include="..\..\..\src\mesh\helper\flame\flame-installer.cc">
      <Filter>helper</Filter>
    </ClCompile>
    <ClCompile Include="..\..\..\src\mesh\helper\dot11s\dot11s-installer.cc">
      <Filter>helper</Filter>
    </ClCompile>
  </ItemGroup>
</Project>