<?xml version="1.0" encoding="utf-8"?>
<Project ToolsVersion="4.0" xmlns="http://schemas.microsoft.com/developer/msbuild/2003">
  <ItemGroup>
    <Filter Include="model">
      <UniqueIdentifier>{940a9a07-265c-48b8-a900-db3605f7f570}</UniqueIdentifier>
    </Filter>
  </ItemGroup>
  <ItemGroup>
    <ClInclude Include="..\..\..\src\tools\model\average.h">
      <Filter>model</Filter>
    </ClInclude>
    <ClInclude Include="..\..\..\src\tools\model\delay-jitter-estimation.h">
      <Filter>model</Filter>
    </ClInclude>
    <ClInclude Include="..\..\..\src\tools\model\event-garbage-collector.h">
      <Filter>model</Filter>
    </ClInclude>
  </ItemGroup>
  <ItemGroup>
    <ClCompile Include="..\..\..\src\tools\model\delay-jitter-estimation.cc">
      <Filter>model</Filter>
    </ClCompile>
    <ClCompile Include="..\..\..\src\tools\model\event-garbage-collector.cc">
      <Filter>model</Filter>
    </ClCompile>
  </ItemGroup>
</Project>