<?xml version="1.0" encoding="utf-8"?>
<Project ToolsVersion="4.0" xmlns="http://schemas.microsoft.com/developer/msbuild/2003">
  <ItemGroup>
    <Filter Include="model">
      <UniqueIdentifier>{f5f5b8b8-3800-4d5e-8bd0-73c276523abc}</UniqueIdentifier>
    </Filter>
    <Filter Include="helper">
      <UniqueIdentifier>{4e2eeeda-e7da-4322-947e-8a6d4d160d3d}</UniqueIdentifier>
    </Filter>
  </ItemGroup>
  <ItemGroup>
    <ClCompile Include="..\..\..\src\mpi\model\distributed-simulator-impl.cc">
      <Filter>model</Filter>
    </ClCompile>
    <ClCompile Include="..\..\..\src\mpi\model\mpi-interface.cc">
      <Filter>model</Filter>
    </ClCompile>
    <ClCompile Include="..\..\..\src\mpi\model\mpi-receiver.cc">
      <Filter>model</Filter>
    </ClCompile>
  </ItemGroup>
  <ItemGroup>
    <ClInclude Include="..\..\..\src\mpi\model\distributed-simulator-impl.h">
      <Filter>model</Filter>
    </ClInclude>
    <ClInclude Include="..\..\..\src\mpi\model\mpi-interface.h">
      <Filter>model</Filter>
    </ClInclude>
    <ClInclude Include="..\..\..\src\mpi\model\mpi-receiver.h">
      <Filter>model</Filter>
    </ClInclude>
  </ItemGroup>
</Project>