<?xml version="1.0" encoding="utf-8"?>
<Project ToolsVersion="4.0" xmlns="http://schemas.microsoft.com/developer/msbuild/2003">
  <ItemGroup>
    <Filter Include="model">
      <UniqueIdentifier>{850e4da6-e327-4377-b06a-0960d02cda99}</UniqueIdentifier>
    </Filter>
    <Filter Include="helper">
      <UniqueIdentifier>{2fe0600d-bd71-4c92-8eb2-c368424f6164}</UniqueIdentifier>
    </Filter>
  </ItemGroup>
  <ItemGroup>
    <ClCompile Include="..\..\..\src\wimax\model\bandwidth-manager.cc">
      <Filter>model</Filter>
    </ClCompile>
    <ClCompile Include="..\..\..\src\wimax\model\bs-link-manager.cc">
      <Filter>model</Filter>
    </ClCompile>
    <ClCompile Include="..\..\..\src\wimax\model\bs-net-device.cc">
      <Filter>model</Filter>
    </ClCompile>
    <ClCompile Include="..\..\..\src\wimax\model\bs-scheduler.cc">
      <Filter>model</Filter>
    </ClCompile>
    <ClCompile Include="..\..\..\src\wimax\model\bs-scheduler-rtps.cc">
      <Filter>model</Filter>
    </ClCompile>
    <ClCompile Include="..\..\..\src\wimax\model\bs-scheduler-simple.cc">
      <Filter>model</Filter>
    </ClCompile>
    <ClCompile Include="..\..\..\src\wimax\model\bs-service-flow-manager.cc">
      <Filter>model</Filter>
    </ClCompile>
    <ClCompile Include="..\..\..\src\wimax\model\bs-uplink-scheduler.cc">
      <Filter>model</Filter>
    </ClCompile>
    <ClCompile Include="..\..\..\src\wimax\model\bs-uplink-scheduler-mbqos.cc">
      <Filter>model</Filter>
    </ClCompile>
    <ClCompile Include="..\..\..\src\wimax\model\bs-uplink-scheduler-rtps.cc">
      <Filter>model</Filter>
    </ClCompile>
    <ClCompile Include="..\..\..\src\wimax\model\bs-uplink-scheduler-simple.cc">
      <Filter>model</Filter>
    </ClCompile>
    <ClCompile Include="..\..\..\src\wimax\model\burst-profile-manager.cc">
      <Filter>model</Filter>
    </ClCompile>
    <ClCompile Include="..\..\..\src\wimax\model\cid.cc">
      <Filter>model</Filter>
    </ClCompile>
    <ClCompile Include="..\..\..\src\wimax\model\cid-factory.cc">
      <Filter>model</Filter>
    </ClCompile>
    <ClCompile Include="..\..\..\src\wimax\model\connection-manager.cc">
      <Filter>model</Filter>
    </ClCompile>
    <ClCompile Include="..\..\..\src\wimax\model\crc8.cc">
      <Filter>model</Filter>
    </ClCompile>
    <ClCompile Include="..\..\..\src\wimax\model\cs-parameters.cc">
      <Filter>model</Filter>
    </ClCompile>
    <ClCompile Include="..\..\..\src\wimax\model\dl-mac-messages.cc">
      <Filter>model</Filter>
    </ClCompile>
    <ClCompile Include="..\..\..\src\wimax\model\ipcs-classifier.cc">
      <Filter>model</Filter>
    </ClCompile>
    <ClCompile Include="..\..\..\src\wimax\model\ipcs-classifier-record.cc">
      <Filter>model</Filter>
    </ClCompile>
    <ClCompile Include="..\..\..\src\wimax\model\mac-messages.cc">
      <Filter>model</Filter>
    </ClCompile>
    <ClCompile Include="..\..\..\src\wimax\model\ofdm-downlink-frame-prefix.cc">
      <Filter>model</Filter>
    </ClCompile>
    <ClCompile Include="..\..\..\src\wimax\model\send-params.cc">
      <Filter>model</Filter>
    </ClCompile>
    <ClCompile Include="..\..\..\src\wimax\model\service-flow.cc">
      <Filter>model</Filter>
    </ClCompile>
    <ClCompile Include="..\..\..\src\wimax\model\service-flow-manager.cc">
      <Filter>model</Filter>
    </ClCompile>
    <ClCompile Include="..\..\..\src\wimax\model\service-flow-record.cc">
      <Filter>model</Filter>
    </ClCompile>
    <ClCompile Include="..\..\..\src\wimax\model\simple-ofdm-send-param.cc">
      <Filter>model</Filter>
    </ClCompile>
    <ClCompile Include="..\..\..\src\wimax\model\simple-ofdm-wimax-channel.cc">
      <Filter>model</Filter>
    </ClCompile>
    <ClCompile Include="..\..\..\src\wimax\model\simple-ofdm-wimax-phy.cc">
      <Filter>model</Filter>
    </ClCompile>
    <ClCompile Include="..\..\..\src\wimax\model\snr-to-block-error-rate-manager.cc">
      <Filter>model</Filter>
    </ClCompile>
    <ClCompile Include="..\..\..\src\wimax\model\snr-to-block-error-rate-record.cc">
      <Filter>model</Filter>
    </ClCompile>
    <ClCompile Include="..\..\..\src\wimax\model\ss-link-manager.cc">
      <Filter>model</Filter>
    </ClCompile>
    <ClCompile Include="..\..\..\src\wimax\model\ss-manager.cc">
      <Filter>model</Filter>
    </ClCompile>
    <ClCompile Include="..\..\..\src\wimax\model\ss-net-device.cc">
      <Filter>model</Filter>
    </ClCompile>
    <ClCompile Include="..\..\..\src\wimax\model\ss-record.cc">
      <Filter>model</Filter>
    </ClCompile>
    <ClCompile Include="..\..\..\src\wimax\model\ss-scheduler.cc">
      <Filter>model</Filter>
    </ClCompile>
    <ClCompile Include="..\..\..\src\wimax\model\ss-service-flow-manager.cc">
      <Filter>model</Filter>
    </ClCompile>
    <ClCompile Include="..\..\..\src\wimax\model\ul-job.cc">
      <Filter>model</Filter>
    </ClCompile>
    <ClCompile Include="..\..\..\src\wimax\model\ul-mac-messages.cc">
      <Filter>model</Filter>
    </ClCompile>
    <ClCompile Include="..\..\..\src\wimax\model\wimax-channel.cc">
      <Filter>model</Filter>
    </ClCompile>
    <ClCompile Include="..\..\..\src\wimax\model\wimax-connection.cc">
      <Filter>model</Filter>
    </ClCompile>
    <ClCompile Include="..\..\..\src\wimax\model\wimax-mac-header.cc">
      <Filter>model</Filter>
    </ClCompile>
    <ClCompile Include="..\..\..\src\wimax\model\wimax-mac-queue.cc">
      <Filter>model</Filter>
    </ClCompile>
    <ClCompile Include="..\..\..\src\wimax\model\wimax-mac-to-mac-header.cc">
      <Filter>model</Filter>
    </ClCompile>
    <ClCompile Include="..\..\..\src\wimax\model\wimax-net-device.cc">
      <Filter>model</Filter>
    </ClCompile>
    <ClCompile Include="..\..\..\src\wimax\model\wimax-phy.cc">
      <Filter>model</Filter>
    </ClCompile>
    <ClCompile Include="..\..\..\src\wimax\model\wimax-tlv.cc">
      <Filter>model</Filter>
    </ClCompile>
    <ClCompile Include="..\..\..\src\wimax\helper\wimax-helper.cc">
      <Filter>helper</Filter>
    </ClCompile>
  </ItemGroup>
  <ItemGroup>
    <ClInclude Include="..\..\..\src\wimax\model\bandwidth-manager.h">
      <Filter>model</Filter>
    </ClInclude>
    <ClInclude Include="..\..\..\src\wimax\model\bs-link-manager.h">
      <Filter>model</Filter>
    </ClInclude>
    <ClInclude Include="..\..\..\src\wimax\model\bs-net-device.h">
      <Filter>model</Filter>
    </ClInclude>
    <ClInclude Include="..\..\..\src\wimax\model\bs-scheduler.h">
      <Filter>model</Filter>
    </ClInclude>
    <ClInclude Include="..\..\..\src\wimax\model\bs-scheduler-rtps.h">
      <Filter>model</Filter>
    </ClInclude>
    <ClInclude Include="..\..\..\src\wimax\model\bs-scheduler-simple.h">
      <Filter>model</Filter>
    </ClInclude>
    <ClInclude Include="..\..\..\src\wimax\model\bs-service-flow-manager.h">
      <Filter>model</Filter>
    </ClInclude>
    <ClInclude Include="..\..\..\src\wimax\model\bs-uplink-scheduler.h">
      <Filter>model</Filter>
    </ClInclude>
    <ClInclude Include="..\..\..\src\wimax\model\bs-uplink-scheduler-mbqos.h">
      <Filter>model</Filter>
    </ClInclude>
    <ClInclude Include="..\..\..\src\wimax\model\bs-uplink-scheduler-rtps.h">
      <Filter>model</Filter>
    </ClInclude>
    <ClInclude Include="..\..\..\src\wimax\model\bs-uplink-scheduler-simple.h">
      <Filter>model</Filter>
    </ClInclude>
    <ClInclude Include="..\..\..\src\wimax\model\burst-profile-manager.h">
      <Filter>model</Filter>
    </ClInclude>
    <ClInclude Include="..\..\..\src\wimax\model\bvec.h">
      <Filter>model</Filter>
    </ClInclude>
    <ClInclude Include="..\..\..\src\wimax\model\cid.h">
      <Filter>model</Filter>
    </ClInclude>
    <ClInclude Include="..\..\..\src\wimax\model\cid-factory.h">
      <Filter>model</Filter>
    </ClInclude>
    <ClInclude Include="..\..\..\src\wimax\model\connection-manager.h">
      <Filter>model</Filter>
    </ClInclude>
    <ClInclude Include="..\..\..\src\wimax\model\crc8.h">
      <Filter>model</Filter>
    </ClInclude>
    <ClInclude Include="..\..\..\src\wimax\model\cs-parameters.h">
      <Filter>model</Filter>
    </ClInclude>
    <ClInclude Include="..\..\..\src\wimax\model\default-traces.h">
      <Filter>model</Filter>
    </ClInclude>
    <ClInclude Include="..\..\..\src\wimax\model\dl-mac-messages.h">
      <Filter>model</Filter>
    </ClInclude>
    <ClInclude Include="..\..\..\src\wimax\model\ipcs-classifier.h">
      <Filter>model</Filter>
    </ClInclude>
    <ClInclude Include="..\..\..\src\wimax\model\ipcs-classifier-record.h">
      <Filter>model</Filter>
    </ClInclude>
    <ClInclude Include="..\..\..\src\wimax\model\mac-messages.h">
      <Filter>model</Filter>
    </ClInclude>
    <ClInclude Include="..\..\..\src\wimax\model\ofdm-downlink-frame-prefix.h">
      <Filter>model</Filter>
    </ClInclude>
    <ClInclude Include="..\..\..\src\wimax\model\send-params.h">
      <Filter>model</Filter>
    </ClInclude>
    <ClInclude Include="..\..\..\src\wimax\model\service-flow.h">
      <Filter>model</Filter>
    </ClInclude>
    <ClInclude Include="..\..\..\src\wimax\model\service-flow-manager.h">
      <Filter>model</Filter>
    </ClInclude>
    <ClInclude Include="..\..\..\src\wimax\model\service-flow-record.h">
      <Filter>model</Filter>
    </ClInclude>
    <ClInclude Include="..\..\..\src\wimax\model\simple-ofdm-send-param.h">
      <Filter>model</Filter>
    </ClInclude>
    <ClInclude Include="..\..\..\src\wimax\model\simple-ofdm-wimax-channel.h">
      <Filter>model</Filter>
    </ClInclude>
    <ClInclude Include="..\..\..\src\wimax\model\simple-ofdm-wimax-phy.h">
      <Filter>model</Filter>
    </ClInclude>
    <ClInclude Include="..\..\..\src\wimax\model\snr-to-block-error-rate-manager.h">
      <Filter>model</Filter>
    </ClInclude>
    <ClInclude Include="..\..\..\src\wimax\model\snr-to-block-error-rate-record.h">
      <Filter>model</Filter>
    </ClInclude>
    <ClInclude Include="..\..\..\src\wimax\model\ss-link-manager.h">
      <Filter>model</Filter>
    </ClInclude>
    <ClInclude Include="..\..\..\src\wimax\model\ss-manager.h">
      <Filter>model</Filter>
    </ClInclude>
    <ClInclude Include="..\..\..\src\wimax\model\ss-net-device.h">
      <Filter>model</Filter>
    </ClInclude>
    <ClInclude Include="..\..\..\src\wimax\model\ss-record.h">
      <Filter>model</Filter>
    </ClInclude>
    <ClInclude Include="..\..\..\src\wimax\model\ss-scheduler.h">
      <Filter>model</Filter>
    </ClInclude>
    <ClInclude Include="..\..\..\src\wimax\model\ss-service-flow-manager.h">
      <Filter>model</Filter>
    </ClInclude>
    <ClInclude Include="..\..\..\src\wimax\model\ul-job.h">
      <Filter>model</Filter>
    </ClInclude>
    <ClInclude Include="..\..\..\src\wimax\model\ul-mac-messages.h">
      <Filter>model</Filter>
    </ClInclude>
    <ClInclude Include="..\..\..\src\wimax\model\wimax-channel.h">
      <Filter>model</Filter>
    </ClInclude>
    <ClInclude Include="..\..\..\src\wimax\model\wimax-connection.h">
      <Filter>model</Filter>
    </ClInclude>
    <ClInclude Include="..\..\..\src\wimax\model\wimax-mac-header.h">
      <Filter>model</Filter>
    </ClInclude>
    <ClInclude Include="..\..\..\src\wimax\model\wimax-mac-queue.h">
      <Filter>model</Filter>
    </ClInclude>
    <ClInclude Include="..\..\..\src\wimax\model\wimax-mac-to-mac-header.h">
      <Filter>model</Filter>
    </ClInclude>
    <ClInclude Include="..\..\..\src\wimax\model\wimax-net-device.h">
      <Filter>model</Filter>
    </ClInclude>
    <ClInclude Include="..\..\..\src\wimax\model\wimax-phy.h">
      <Filter>model</Filter>
    </ClInclude>
    <ClInclude Include="..\..\..\src\wimax\model\wimax-tlv.h">
      <Filter>model</Filter>
    </ClInclude>
    <ClInclude Include="..\..\..\src\wimax\helper\wimax-helper.h">
      <Filter>helper</Filter>
    </ClInclude>
  </ItemGroup>
</Project>