<?xml version="1.0" encoding="utf-8"?>
<Project ToolsVersion="4.0" xmlns="http://schemas.microsoft.com/developer/msbuild/2003">
  <ItemGroup>
    <Filter Include="model">
      <UniqueIdentifier>{f002c8e5-55b9-4c9f-9364-5419186d3a18}</UniqueIdentifier>
    </Filter>
    <Filter Include="helper">
      <UniqueIdentifier>{e8d622e7-cfce-489d-a2a1-990aac893ad9}</UniqueIdentifier>
    </Filter>
  </ItemGroup>
  <ItemGroup>
    <ClCompile Include="..\..\..\src\antenna\model\angles.cc">
      <Filter>model</Filter>
    </ClCompile>
    <ClCompile Include="..\..\..\src\antenna\model\antenna-model.cc">
      <Filter>model</Filter>
    </ClCompile>
    <ClCompile Include="..\..\..\src\antenna\model\cosine-antenna-model.cc">
      <Filter>model</Filter>
    </ClCompile>
    <ClCompile Include="..\..\..\src\antenna\model\isotropic-antenna-model.cc">
      <Filter>model</Filter>
    </ClCompile>
    <ClCompile Include="..\..\..\src\antenna\model\parabolic-antenna-model.cc">
      <Filter>model</Filter>
    </ClCompile>
  </ItemGroup>
  <ItemGroup>
    <ClInclude Include="..\..\..\src\antenna\model\angles.h">
      <Filter>model</Filter>
    </ClInclude>
    <ClInclude Include="..\..\..\src\antenna\model\antenna-model.h">
      <Filter>model</Filter>
    </ClInclude>
    <ClInclude Include="..\..\..\src\antenna\model\cosine-antenna-model.h">
      <Filter>model</Filter>
    </ClInclude>
    <ClInclude Include="..\..\..\src\antenna\model\isotropic-antenna-model.h">
      <Filter>model</Filter>
    </ClInclude>
    <ClInclude Include="..\..\..\src\antenna\model\parabolic-antenna-model.h">
      <Filter>model</Filter>
    </ClInclude>
  </ItemGroup>
</Project>