<?xml version="1.0" encoding="utf-8"?>
<Project ToolsVersion="4.0" xmlns="http://schemas.microsoft.com/developer/msbuild/2003">
  <ItemGroup>
    <Filter Include="model">
      <UniqueIdentifier>{2c6f790f-dd88-4ba8-9add-81a09571f82b}</UniqueIdentifier>
    </Filter>
    <Filter Include="helper">
      <UniqueIdentifier>{1ce8abae-cb32-4cc5-b30d-6739b437af40}</UniqueIdentifier>
    </Filter>
    <Filter Include="utils">
      <UniqueIdentifier>{400fc7e1-8fb6-4678-9345-711a93074681}</UniqueIdentifier>
    </Filter>
  </ItemGroup>
  <ItemGroup>
    <ClCompile Include="..\..\..\src\network\model\address.cc">
      <Filter>model</Filter>
    </ClCompile>
    <ClCompile Include="..\..\..\src\network\model\application.cc">
      <Filter>model</Filter>
    </ClCompile>
    <ClCompile Include="..\..\..\src\network\model\buffer.cc">
      <Filter>model</Filter>
    </ClCompile>
    <ClCompile Include="..\..\..\src\network\model\byte-tag-list.cc">
      <Filter>model</Filter>
    </ClCompile>
    <ClCompile Include="..\..\..\src\network\model\channel.cc">
      <Filter>model</Filter>
    </ClCompile>
    <ClCompile Include="..\..\..\src\network\model\channel-list.cc">
      <Filter>model</Filter>
    </ClCompile>
    <ClCompile Include="..\..\..\src\network\model\chunk.cc">
      <Filter>model</Filter>
    </ClCompile>
    <ClCompile Include="..\..\..\src\network\model\header.cc">
      <Filter>model</Filter>
    </ClCompile>
    <ClCompile Include="..\..\..\src\network\model\net-device.cc">
      <Filter>model</Filter>
    </ClCompile>
    <ClCompile Include="..\..\..\src\network\model\nix-vector.cc">
      <Filter>model</Filter>
    </ClCompile>
    <ClCompile Include="..\..\..\src\network\model\node.cc">
      <Filter>model</Filter>
    </ClCompile>
    <ClCompile Include="..\..\..\src\network\model\node-list.cc">
      <Filter>model</Filter>
    </ClCompile>
    <ClCompile Include="..\..\..\src\network\model\packet.cc">
      <Filter>model</Filter>
    </ClCompile>
    <ClCompile Include="..\..\..\src\network\model\packet-metadata.cc">
      <Filter>model</Filter>
    </ClCompile>
    <ClCompile Include="..\..\..\src\network\model\packet-tag-list.cc">
      <Filter>model</Filter>
    </ClCompile>
    <ClCompile Include="..\..\..\src\network\model\socket.cc">
      <Filter>model</Filter>
    </ClCompile>
    <ClCompile Include="..\..\..\src\network\model\socket-factory.cc">
      <Filter>model</Filter>
    </ClCompile>
    <ClCompile Include="..\..\..\src\network\model\tag.cc">
      <Filter>model</Filter>
    </ClCompile>
    <ClCompile Include="..\..\..\src\network\model\tag-buffer.cc">
      <Filter>model</Filter>
    </ClCompile>
    <ClCompile Include="..\..\..\src\network\model\trailer.cc">
      <Filter>model</Filter>
    </ClCompile>
    <ClCompile Include="..\..\..\src\network\helper\application-container.cc">
      <Filter>helper</Filter>
    </ClCompile>
    <ClCompile Include="..\..\..\src\network\helper\net-device-container.cc">
      <Filter>helper</Filter>
    </ClCompile>
    <ClCompile Include="..\..\..\src\network\helper\node-container.cc">
      <Filter>helper</Filter>
    </ClCompile>
    <ClCompile Include="..\..\..\src\network\helper\packet-socket-helper.cc">
      <Filter>helper</Filter>
    </ClCompile>
    <ClCompile Include="..\..\..\src\network\helper\trace-helper.cc">
      <Filter>helper</Filter>
    </ClCompile>
    <ClCompile Include="..\..\..\src\network\utils\address-utils.cc">
      <Filter>utils</Filter>
    </ClCompile>
    <ClCompile Include="..\..\..\src\network\utils\data-rate.cc">
      <Filter>utils</Filter>
    </ClCompile>
    <ClCompile Include="..\..\..\src\network\utils\drop-tail-queue.cc">
      <Filter>utils</Filter>
    </ClCompile>
    <ClCompile Include="..\..\..\src\network\utils\error-model.cc">
      <Filter>utils</Filter>
    </ClCompile>
    <ClCompile Include="..\..\..\src\network\utils\ethernet-header.cc">
      <Filter>utils</Filter>
    </ClCompile>
    <ClCompile Include="..\..\..\src\network\utils\ethernet-trailer.cc">
      <Filter>utils</Filter>
    </ClCompile>
    <ClCompile Include="..\..\..\src\network\utils\flow-id-tag.cc">
      <Filter>utils</Filter>
    </ClCompile>
    <ClCompile Include="..\..\..\src\network\utils\inet6-socket-address.cc">
      <Filter>utils</Filter>
    </ClCompile>
    <ClCompile Include="..\..\..\src\network\utils\inet-socket-address.cc">
      <Filter>utils</Filter>
    </ClCompile>
    <ClCompile Include="..\..\..\src\network\utils\ipv4-address.cc">
      <Filter>utils</Filter>
    </ClCompile>
    <ClCompile Include="..\..\..\src\network\utils\ipv6-address.cc">
      <Filter>utils</Filter>
    </ClCompile>
    <ClCompile Include="..\..\..\src\network\utils\llc-snap-header.cc">
      <Filter>utils</Filter>
    </ClCompile>
    <ClCompile Include="..\..\..\src\network\utils\mac48-address.cc">
      <Filter>utils</Filter>
    </ClCompile>
    <ClCompile Include="..\..\..\src\network\utils\mac64-address.cc">
      <Filter>utils</Filter>
    </ClCompile>
    <ClCompile Include="..\..\..\src\network\utils\output-stream-wrapper.cc">
      <Filter>utils</Filter>
    </ClCompile>
    <ClCompile Include="..\..\..\src\network\utils\packetbb.cc">
      <Filter>utils</Filter>
    </ClCompile>
    <ClCompile Include="..\..\..\src\network\utils\packet-burst.cc">
      <Filter>utils</Filter>
    </ClCompile>
    <ClCompile Include="..\..\..\src\network\utils\packet-socket.cc">
      <Filter>utils</Filter>
    </ClCompile>
    <ClCompile Include="..\..\..\src\network\utils\packet-socket-address.cc">
      <Filter>utils</Filter>
    </ClCompile>
    <ClCompile Include="..\..\..\src\network\utils\packet-socket-factory.cc">
      <Filter>utils</Filter>
    </ClCompile>
    <ClCompile Include="..\..\..\src\network\utils\pcap-file.cc">
      <Filter>utils</Filter>
    </ClCompile>
    <ClCompile Include="..\..\..\src\network\utils\pcap-file-wrapper.cc">
      <Filter>utils</Filter>
    </ClCompile>
    <ClCompile Include="..\..\..\src\network\utils\queue.cc">
      <Filter>utils</Filter>
    </ClCompile>
    <ClCompile Include="..\..\..\src\network\utils\radiotap-header.cc">
      <Filter>utils</Filter>
    </ClCompile>
    <ClCompile Include="..\..\..\src\network\utils\red-queue.cc">
      <Filter>utils</Filter>
    </ClCompile>
    <ClCompile Include="..\..\..\src\network\utils\simple-channel.cc">
      <Filter>utils</Filter>
    </ClCompile>
    <ClCompile Include="..\..\..\src\network\utils\simple-net-device.cc">
      <Filter>utils</Filter>
    </ClCompile>
    <ClCompile Include="..\..\..\src\network\model\broadcom-node.cc">
      <Filter>model</Filter>
    </ClCompile>
    <ClCompile Include="..\..\..\src\network\utils\broadcom-egress-queue.cc">
      <Filter>utils</Filter>
    </ClCompile>
  </ItemGroup>
  <ItemGroup>
    <ClInclude Include="..\..\..\src\network\model\address.h">
      <Filter>model</Filter>
    </ClInclude>
    <ClInclude Include="..\..\..\src\network\model\application.h">
      <Filter>model</Filter>
    </ClInclude>
    <ClInclude Include="..\..\..\src\network\model\buffer.h">
      <Filter>model</Filter>
    </ClInclude>
    <ClInclude Include="..\..\..\src\network\model\byte-tag-list.h">
      <Filter>model</Filter>
    </ClInclude>
    <ClInclude Include="..\..\..\src\network\model\channel.h">
      <Filter>model</Filter>
    </ClInclude>
    <ClInclude Include="..\..\..\src\network\model\channel-list.h">
      <Filter>model</Filter>
    </ClInclude>
    <ClInclude Include="..\..\..\src\network\model\chunk.h">
      <Filter>model</Filter>
    </ClInclude>
    <ClInclude Include="..\..\..\src\network\model\header.h">
      <Filter>model</Filter>
    </ClInclude>
    <ClInclude Include="..\..\..\src\network\model\net-device.h">
      <Filter>model</Filter>
    </ClInclude>
    <ClInclude Include="..\..\..\src\network\model\nix-vector.h">
      <Filter>model</Filter>
    </ClInclude>
    <ClInclude Include="..\..\..\src\network\model\node.h">
      <Filter>model</Filter>
    </ClInclude>
    <ClInclude Include="..\..\..\src\network\model\node-list.h">
      <Filter>model</Filter>
    </ClInclude>
    <ClInclude Include="..\..\..\src\network\model\packet.h">
      <Filter>model</Filter>
    </ClInclude>
    <ClInclude Include="..\..\..\src\network\model\packet-metadata.h">
      <Filter>model</Filter>
    </ClInclude>
    <ClInclude Include="..\..\..\src\network\model\packet-tag-list.h">
      <Filter>model</Filter>
    </ClInclude>
    <ClInclude Include="..\..\..\src\network\model\socket.h">
      <Filter>model</Filter>
    </ClInclude>
    <ClInclude Include="..\..\..\src\network\model\socket-factory.h">
      <Filter>model</Filter>
    </ClInclude>
    <ClInclude Include="..\..\..\src\network\model\tag.h">
      <Filter>model</Filter>
    </ClInclude>
    <ClInclude Include="..\..\..\src\network\model\tag-buffer.h">
      <Filter>model</Filter>
    </ClInclude>
    <ClInclude Include="..\..\..\src\network\model\trailer.h">
      <Filter>model</Filter>
    </ClInclude>
    <ClInclude Include="..\..\..\src\network\helper\application-container.h">
      <Filter>helper</Filter>
    </ClInclude>
    <ClInclude Include="..\..\..\src\network\helper\net-device-container.h">
      <Filter>helper</Filter>
    </ClInclude>
    <ClInclude Include="..\..\..\src\network\helper\node-container.h">
      <Filter>helper</Filter>
    </ClInclude>
    <ClInclude Include="..\..\..\src\network\helper\packet-socket-helper.h">
      <Filter>helper</Filter>
    </ClInclude>
    <ClInclude Include="..\..\..\src\network\helper\trace-helper.h">
      <Filter>helper</Filter>
    </ClInclude>
    <ClInclude Include="..\..\..\src\network\utils\address-utils.h">
      <Filter>utils</Filter>
    </ClInclude>
    <ClInclude Include="..\..\..\src\network\utils\data-rate.h">
      <Filter>utils</Filter>
    </ClInclude>
    <ClInclude Include="..\..\..\src\network\utils\drop-tail-queue.h">
      <Filter>utils</Filter>
    </ClInclude>
    <ClInclude Include="..\..\..\src\network\utils\error-model.h">
      <Filter>utils</Filter>
    </ClInclude>
    <ClInclude Include="..\..\..\src\network\utils\ethernet-header.h">
      <Filter>utils</Filter>
    </ClInclude>
    <ClInclude Include="..\..\..\src\network\utils\ethernet-trailer.h">
      <Filter>utils</Filter>
    </ClInclude>
    <ClInclude Include="..\..\..\src\network\utils\flow-id-tag.h">
      <Filter>utils</Filter>
    </ClInclude>
    <ClInclude Include="..\..\..\src\network\utils\generic-phy.h">
      <Filter>utils</Filter>
    </ClInclude>
    <ClInclude Include="..\..\..\src\network\utils\inet6-socket-address.h">
      <Filter>utils</Filter>
    </ClInclude>
    <ClInclude Include="..\..\..\src\network\utils\inet-socket-address.h">
      <Filter>utils</Filter>
    </ClInclude>
    <ClInclude Include="..\..\..\src\network\utils\ipv4-address.h">
      <Filter>utils</Filter>
    </ClInclude>
    <ClInclude Include="..\..\..\src\network\utils\ipv6-address.h">
      <Filter>utils</Filter>
    </ClInclude>
    <ClInclude Include="..\..\..\src\network\utils\llc-snap-header.h">
      <Filter>utils</Filter>
    </ClInclude>
    <ClInclude Include="..\..\..\src\network\utils\mac48-address.h">
      <Filter>utils</Filter>
    </ClInclude>
    <ClInclude Include="..\..\..\src\network\utils\mac64-address.h">
      <Filter>utils</Filter>
    </ClInclude>
    <ClInclude Include="..\..\..\src\network\utils\output-stream-wrapper.h">
      <Filter>utils</Filter>
    </ClInclude>
    <ClInclude Include="..\..\..\src\network\utils\packetbb.h">
      <Filter>utils</Filter>
    </ClInclude>
    <ClInclude Include="..\..\..\src\network\utils\packet-burst.h">
      <Filter>utils</Filter>
    </ClInclude>
    <ClInclude Include="..\..\..\src\network\utils\packet-socket.h">
      <Filter>utils</Filter>
    </ClInclude>
    <ClInclude Include="..\..\..\src\network\utils\packet-socket-address.h">
      <Filter>utils</Filter>
    </ClInclude>
    <ClInclude Include="..\..\..\src\network\utils\packet-socket-factory.h">
      <Filter>utils</Filter>
    </ClInclude>
    <ClInclude Include="..\..\..\src\network\utils\pcap-file.h">
      <Filter>utils</Filter>
    </ClInclude>
    <ClInclude Include="..\..\..\src\network\utils\pcap-file-wrapper.h">
      <Filter>utils</Filter>
    </ClInclude>
    <ClInclude Include="..\..\..\src\network\utils\pcap-test.h">
      <Filter>utils</Filter>
    </ClInclude>
    <ClInclude Include="..\..\..\src\network\utils\queue.h">
      <Filter>utils</Filter>
    </ClInclude>
    <ClInclude Include="..\..\..\src\network\utils\radiotap-header.h">
      <Filter>utils</Filter>
    </ClInclude>
    <ClInclude Include="..\..\..\src\network\utils\red-queue.h">
      <Filter>utils</Filter>
    </ClInclude>
    <ClInclude Include="..\..\..\src\network\utils\sequence-number.h">
      <Filter>utils</Filter>
    </ClInclude>
    <ClInclude Include="..\..\..\src\network\utils\sgi-hashmap.h">
      <Filter>utils</Filter>
    </ClInclude>
    <ClInclude Include="..\..\..\src\network\utils\simple-channel.h">
      <Filter>utils</Filter>
    </ClInclude>
    <ClInclude Include="..\..\..\src\network\utils\simple-net-device.h">
      <Filter>utils</Filter>
    </ClInclude>
    <ClInclude Include="..\..\..\src\network\model\broadcom-node.h">
      <Filter>model</Filter>
    </ClInclude>
    <ClInclude Include="..\..\..\src\network\utils\broadcom-egress-queue.h">
      <Filter>utils</Filter>
    </ClInclude>
  </ItemGroup>
</Project>