<?xml version="1.0" encoding="utf-8"?>
<Project ToolsVersion="4.0" xmlns="http://schemas.microsoft.com/developer/msbuild/2003">
  <ItemGroup>
    <Filter Include="model">
      <UniqueIdentifier>{81c7a803-64cc-41f1-8dcb-d3f165811c3a}</UniqueIdentifier>
    </Filter>
    <Filter Include="helper">
      <UniqueIdentifier>{3a420e77-69b0-4a01-90d8-d13c334d53ed}</UniqueIdentifier>
    </Filter>
  </ItemGroup>
  <ItemGroup>
    <ClCompile Include="..\..\..\src\energy\model\basic-energy-source.cc">
      <Filter>model</Filter>
    </ClCompile>
    <ClCompile Include="..\..\..\src\energy\model\device-energy-model.cc">
      <Filter>model</Filter>
    </ClCompile>
    <ClCompile Include="..\..\..\src\energy\model\device-energy-model-container.cc">
      <Filter>model</Filter>
    </ClCompile>
    <ClCompile Include="..\..\..\src\energy\model\energy-source.cc">
      <Filter>model</Filter>
    </ClCompile>
    <ClCompile Include="..\..\..\src\energy\model\li-ion-energy-source.cc">
      <Filter>model</Filter>
    </ClCompile>
    <ClCompile Include="..\..\..\src\energy\model\rv-battery-model.cc">
      <Filter>model</Filter>
    </ClCompile>
    <ClCompile Include="..\..\..\src\energy\model\simple-device-energy-model.cc">
      <Filter>model</Filter>
    </ClCompile>
    <ClCompile Include="..\..\..\src\energy\model\wifi-radio-energy-model.cc">
      <Filter>model</Filter>
    </ClCompile>
    <ClCompile Include="..\..\..\src\energy\helper\basic-energy-source-helper.cc">
      <Filter>helper</Filter>
    </ClCompile>
    <ClCompile Include="..\..\..\src\energy\helper\energy-model-helper.cc">
      <Filter>helper</Filter>
    </ClCompile>
    <ClCompile Include="..\..\..\src\energy\helper\energy-source-container.cc">
      <Filter>helper</Filter>
    </ClCompile>
    <ClCompile Include="..\..\..\src\energy\helper\rv-battery-model-helper.cc">
      <Filter>helper</Filter>
    </ClCompile>
    <ClCompile Include="..\..\..\src\energy\helper\wifi-radio-energy-model-helper.cc">
      <Filter>helper</Filter>
    </ClCompile>
  </ItemGroup>
  <ItemGroup>
    <ClInclude Include="..\..\..\src\energy\model\basic-energy-source.h">
      <Filter>model</Filter>
    </ClInclude>
    <ClInclude Include="..\..\..\src\energy\model\device-energy-model.h">
      <Filter>model</Filter>
    </ClInclude>
    <ClInclude Include="..\..\..\src\energy\model\device-energy-model-container.h">
      <Filter>model</Filter>
    </ClInclude>
    <ClInclude Include="..\..\..\src\energy\model\energy-source.h">
      <Filter>model</Filter>
    </ClInclude>
    <ClInclude Include="..\..\..\src\energy\model\li-ion-energy-source.h">
      <Filter>model</Filter>
    </ClInclude>
    <ClInclude Include="..\..\..\src\energy\model\rv-battery-model.h">
      <Filter>model</Filter>
    </ClInclude>
    <ClInclude Include="..\..\..\src\energy\model\simple-device-energy-model.h">
      <Filter>model</Filter>
    </ClInclude>
    <ClInclude Include="..\..\..\src\energy\model\wifi-radio-energy-model.h">
      <Filter>model</Filter>
    </ClInclude>
    <ClInclude Include="..\..\..\src\energy\helper\basic-energy-source-helper.h">
      <Filter>helper</Filter>
    </ClInclude>
    <ClInclude Include="..\..\..\src\energy\helper\energy-model-helper.h">
      <Filter>helper</Filter>
    </ClInclude>
    <ClInclude Include="..\..\..\src\energy\helper\energy-source-container.h">
      <Filter>helper</Filter>
    </ClInclude>
    <ClInclude Include="..\..\..\src\energy\helper\rv-battery-model-helper.h">
      <Filter>helper</Filter>
    </ClInclude>
    <ClInclude Include="..\..\..\src\energy\helper\wifi-radio-energy-model-helper.h">
      <Filter>helper</Filter>
    </ClInclude>
  </ItemGroup>
</Project>