<?xml version="1.0" encoding="utf-8"?>
<Project ToolsVersion="4.0" xmlns="http://schemas.microsoft.com/developer/msbuild/2003">
  <ItemGroup>
    <Filter Include="model">
      <UniqueIdentifier>{3be6ae6d-dd86-4d75-96aa-3d9d88254b62}</UniqueIdentifier>
    </Filter>
    <Filter Include="helper">
      <UniqueIdentifier>{064ba6c3-dde2-45d5-8ac8-8a4eb6a5dee7}</UniqueIdentifier>
    </Filter>
  </ItemGroup>
  <ItemGroup>
    <ClCompile Include="..\..\..\src\olsr\model\olsr-header.cc">
      <Filter>model</Filter>
    </ClCompile>
    <ClCompile Include="..\..\..\src\olsr\model\olsr-routing-protocol.cc">
      <Filter>model</Filter>
    </ClCompile>
    <ClCompile Include="..\..\..\src\olsr\model\olsr-state.cc">
      <Filter>model</Filter>
    </ClCompile>
    <ClCompile Include="..\..\..\src\olsr\helper\olsr-helper.cc">
      <Filter>helper</Filter>
    </ClCompile>
  </ItemGroup>
  <ItemGroup>
    <ClInclude Include="..\..\..\src\olsr\model\olsr-header.h">
      <Filter>model</Filter>
    </ClInclude>
    <ClInclude Include="..\..\..\src\olsr\model\olsr-repositories.h">
      <Filter>model</Filter>
    </ClInclude>
    <ClInclude Include="..\..\..\src\olsr\model\olsr-routing-protocol.h">
      <Filter>model</Filter>
    </ClInclude>
    <ClInclude Include="..\..\..\src\olsr\model\olsr-state.h">
      <Filter>model</Filter>
    </ClInclude>
    <ClInclude Include="..\..\..\src\olsr\helper\olsr-helper.h">
      <Filter>helper</Filter>
    </ClInclude>
  </ItemGroup>
</Project>