<?xml version="1.0" encoding="utf-8"?>
<Project ToolsVersion="4.0" xmlns="http://schemas.microsoft.com/developer/msbuild/2003">
  <ItemGroup>
    <Filter Include="model">
      <UniqueIdentifier>{09acd6be-5d88-415e-8591-8def9686229c}</UniqueIdentifier>
    </Filter>
    <Filter Include="helper">
      <UniqueIdentifier>{c764ff95-6aa7-4d3d-ad11-2e33a2901d5b}</UniqueIdentifier>
    </Filter>
  </ItemGroup>
  <ItemGroup>
    <ClCompile Include="..\..\..\src\csma-layout\model\csma-star-helper.cc">
      <Filter>model</Filter>
    </ClCompile>
  </ItemGroup>
  <ItemGroup>
    <ClInclude Include="..\..\..\src\csma-layout\model\csma-star-helper.h">
      <Filter>model</Filter>
    </ClInclude>
  </ItemGroup>
</Project>