<?xml version="1.0" encoding="utf-8"?>
<Project ToolsVersion="4.0" xmlns="http://schemas.microsoft.com/developer/msbuild/2003">
  <ItemGroup>
    <Filter Include="model">
      <UniqueIdentifier>{a017440b-a7e2-4889-b7cf-4079f8ff8faa}</UniqueIdentifier>
    </Filter>
    <Filter Include="helper">
      <UniqueIdentifier>{229089ff-65ba-4316-9979-272aa758c679}</UniqueIdentifier>
    </Filter>
  </ItemGroup>
  <ItemGroup>
    <ClCompile Include="..\..\..\src\wifi\model\aarfcd-wifi-manager.cc">
      <Filter>model</Filter>
    </ClCompile>
    <ClCompile Include="..\..\..\src\wifi\model\aarf-wifi-manager.cc">
      <Filter>model</Filter>
    </ClCompile>
    <ClCompile Include="..\..\..\src\wifi\model\adhoc-wifi-mac.cc">
      <Filter>model</Filter>
    </ClCompile>
    <ClCompile Include="..\..\..\src\wifi\model\amrr-wifi-manager.cc">
      <Filter>model</Filter>
    </ClCompile>
    <ClCompile Include="..\..\..\src\wifi\model\amsdu-subframe-header.cc">
      <Filter>model</Filter>
    </ClCompile>
    <ClCompile Include="..\..\..\src\wifi\model\ap-wifi-mac.cc">
      <Filter>model</Filter>
    </ClCompile>
    <ClCompile Include="..\..\..\src\wifi\model\arf-wifi-manager.cc">
      <Filter>model</Filter>
    </ClCompile>
    <ClCompile Include="..\..\..\src\wifi\model\block-ack-agreement.cc">
      <Filter>model</Filter>
    </ClCompile>
    <ClCompile Include="..\..\..\src\wifi\model\block-ack-cache.cc">
      <Filter>model</Filter>
    </ClCompile>
    <ClCompile Include="..\..\..\src\wifi\model\block-ack-manager.cc">
      <Filter>model</Filter>
    </ClCompile>
    <ClCompile Include="..\..\..\src\wifi\model\capability-information.cc">
      <Filter>model</Filter>
    </ClCompile>
    <ClCompile Include="..\..\..\src\wifi\model\cara-wifi-manager.cc">
      <Filter>model</Filter>
    </ClCompile>
    <ClCompile Include="..\..\..\src\wifi\model\constant-rate-wifi-manager.cc">
      <Filter>model</Filter>
    </ClCompile>
    <ClCompile Include="..\..\..\src\wifi\model\ctrl-headers.cc">
      <Filter>model</Filter>
    </ClCompile>
    <ClCompile Include="..\..\..\src\wifi\model\dca-txop.cc">
      <Filter>model</Filter>
    </ClCompile>
    <ClCompile Include="..\..\..\src\wifi\model\dcf.cc">
      <Filter>model</Filter>
    </ClCompile>
    <ClCompile Include="..\..\..\src\wifi\model\dcf-manager.cc">
      <Filter>model</Filter>
    </ClCompile>
    <ClCompile Include="..\..\..\src\wifi\model\dsss-error-rate-model.cc">
      <Filter>model</Filter>
    </ClCompile>
    <ClCompile Include="..\..\..\src\wifi\model\edca-txop-n.cc">
      <Filter>model</Filter>
    </ClCompile>
    <ClCompile Include="..\..\..\src\wifi\model\error-rate-model.cc">
      <Filter>model</Filter>
    </ClCompile>
    <ClCompile Include="..\..\..\src\wifi\model\ideal-wifi-manager.cc">
      <Filter>model</Filter>
    </ClCompile>
    <ClCompile Include="..\..\..\src\wifi\model\interference-helper.cc">
      <Filter>model</Filter>
    </ClCompile>
    <ClCompile Include="..\..\..\src\wifi\model\mac-low.cc">
      <Filter>model</Filter>
    </ClCompile>
    <ClCompile Include="..\..\..\src\wifi\model\mac-rx-middle.cc">
      <Filter>model</Filter>
    </ClCompile>
    <ClCompile Include="..\..\..\src\wifi\model\mac-tx-middle.cc">
      <Filter>model</Filter>
    </ClCompile>
    <ClCompile Include="..\..\..\src\wifi\model\mgt-headers.cc">
      <Filter>model</Filter>
    </ClCompile>
    <ClCompile Include="..\..\..\src\wifi\model\minstrel-wifi-manager.cc">
      <Filter>model</Filter>
    </ClCompile>
    <ClCompile Include="..\..\..\src\wifi\model\msdu-aggregator.cc">
      <Filter>model</Filter>
    </ClCompile>
    <ClCompile Include="..\..\..\src\wifi\model\msdu-standard-aggregator.cc">
      <Filter>model</Filter>
    </ClCompile>
    <ClCompile Include="..\..\..\src\wifi\model\nist-error-rate-model.cc">
      <Filter>model</Filter>
    </ClCompile>
    <ClCompile Include="..\..\..\src\wifi\model\onoe-wifi-manager.cc">
      <Filter>model</Filter>
    </ClCompile>
    <ClCompile Include="..\..\..\src\wifi\model\originator-block-ack-agreement.cc">
      <Filter>model</Filter>
    </ClCompile>
    <ClCompile Include="..\..\..\src\wifi\model\qos-blocked-destinations.cc">
      <Filter>model</Filter>
    </ClCompile>
    <ClCompile Include="..\..\..\src\wifi\model\qos-tag.cc">
      <Filter>model</Filter>
    </ClCompile>
    <ClCompile Include="..\..\..\src\wifi\model\qos-utils.cc">
      <Filter>model</Filter>
    </ClCompile>
    <ClCompile Include="..\..\..\src\wifi\model\random-stream.cc">
      <Filter>model</Filter>
    </ClCompile>
    <ClCompile Include="..\..\..\src\wifi\model\regular-wifi-mac.cc">
      <Filter>model</Filter>
    </ClCompile>
    <ClCompile Include="..\..\..\src\wifi\model\rraa-wifi-manager.cc">
      <Filter>model</Filter>
    </ClCompile>
    <ClCompile Include="..\..\..\src\wifi\model\ssid.cc">
      <Filter>model</Filter>
    </ClCompile>
    <ClCompile Include="..\..\..\src\wifi\model\status-code.cc">
      <Filter>model</Filter>
    </ClCompile>
    <ClCompile Include="..\..\..\src\wifi\model\sta-wifi-mac.cc">
      <Filter>model</Filter>
    </ClCompile>
    <ClCompile Include="..\..\..\src\wifi\model\supported-rates.cc">
      <Filter>model</Filter>
    </ClCompile>
    <ClCompile Include="..\..\..\src\wifi\model\wifi-channel.cc">
      <Filter>model</Filter>
    </ClCompile>
    <ClCompile Include="..\..\..\src\wifi\model\wifi-information-element.cc">
      <Filter>model</Filter>
    </ClCompile>
    <ClCompile Include="..\..\..\src\wifi\model\wifi-information-element-vector.cc">
      <Filter>model</Filter>
    </ClCompile>
    <ClCompile Include="..\..\..\src\wifi\model\wifi-mac.cc">
      <Filter>model</Filter>
    </ClCompile>
    <ClCompile Include="..\..\..\src\wifi\model\wifi-mac-header.cc">
      <Filter>model</Filter>
    </ClCompile>
    <ClCompile Include="..\..\..\src\wifi\model\wifi-mac-queue.cc">
      <Filter>model</Filter>
    </ClCompile>
    <ClCompile Include="..\..\..\src\wifi\model\wifi-mac-trailer.cc">
      <Filter>model</Filter>
    </ClCompile>
    <ClCompile Include="..\..\..\src\wifi\model\wifi-mode.cc">
      <Filter>model</Filter>
    </ClCompile>
    <ClCompile Include="..\..\..\src\wifi\model\wifi-net-device.cc">
      <Filter>model</Filter>
    </ClCompile>
    <ClCompile Include="..\..\..\src\wifi\model\wifi-phy.cc">
      <Filter>model</Filter>
    </ClCompile>
    <ClCompile Include="..\..\..\src\wifi\model\wifi-phy-state-helper.cc">
      <Filter>model</Filter>
    </ClCompile>
    <ClCompile Include="..\..\..\src\wifi\model\wifi-remote-station-manager.cc">
      <Filter>model</Filter>
    </ClCompile>
    <ClCompile Include="..\..\..\src\wifi\model\yans-error-rate-model.cc">
      <Filter>model</Filter>
    </ClCompile>
    <ClCompile Include="..\..\..\src\wifi\model\yans-wifi-channel.cc">
      <Filter>model</Filter>
    </ClCompile>
    <ClCompile Include="..\..\..\src\wifi\model\yans-wifi-phy.cc">
      <Filter>model</Filter>
    </ClCompile>
    <ClCompile Include="..\..\..\src\wifi\helper\athstats-helper.cc">
      <Filter>helper</Filter>
    </ClCompile>
    <ClCompile Include="..\..\..\src\wifi\helper\nqos-wifi-mac-helper.cc">
      <Filter>helper</Filter>
    </ClCompile>
    <ClCompile Include="..\..\..\src\wifi\helper\qos-wifi-mac-helper.cc">
      <Filter>helper</Filter>
    </ClCompile>
    <ClCompile Include="..\..\..\src\wifi\helper\wifi-helper.cc">
      <Filter>helper</Filter>
    </ClCompile>
    <ClCompile Include="..\..\..\src\wifi\helper\yans-wifi-helper.cc">
      <Filter>helper</Filter>
    </ClCompile>
  </ItemGroup>
  <ItemGroup>
    <ClInclude Include="..\..\..\src\wifi\model\aarfcd-wifi-manager.h">
      <Filter>model</Filter>
    </ClInclude>
    <ClInclude Include="..\..\..\src\wifi\model\aarf-wifi-manager.h">
      <Filter>model</Filter>
    </ClInclude>
    <ClInclude Include="..\..\..\src\wifi\model\adhoc-wifi-mac.h">
      <Filter>model</Filter>
    </ClInclude>
    <ClInclude Include="..\..\..\src\wifi\model\amrr-wifi-manager.h">
      <Filter>model</Filter>
    </ClInclude>
    <ClInclude Include="..\..\..\src\wifi\model\amsdu-subframe-header.h">
      <Filter>model</Filter>
    </ClInclude>
    <ClInclude Include="..\..\..\src\wifi\model\ap-wifi-mac.h">
      <Filter>model</Filter>
    </ClInclude>
    <ClInclude Include="..\..\..\src\wifi\model\arf-wifi-manager.h">
      <Filter>model</Filter>
    </ClInclude>
    <ClInclude Include="..\..\..\src\wifi\model\block-ack-agreement.h">
      <Filter>model</Filter>
    </ClInclude>
    <ClInclude Include="..\..\..\src\wifi\model\block-ack-cache.h">
      <Filter>model</Filter>
    </ClInclude>
    <ClInclude Include="..\..\..\src\wifi\model\block-ack-manager.h">
      <Filter>model</Filter>
    </ClInclude>
    <ClInclude Include="..\..\..\src\wifi\model\capability-information.h">
      <Filter>model</Filter>
    </ClInclude>
    <ClInclude Include="..\..\..\src\wifi\model\cara-wifi-manager.h">
      <Filter>model</Filter>
    </ClInclude>
    <ClInclude Include="..\..\..\src\wifi\model\constant-rate-wifi-manager.h">
      <Filter>model</Filter>
    </ClInclude>
    <ClInclude Include="..\..\..\src\wifi\model\ctrl-headers.h">
      <Filter>model</Filter>
    </ClInclude>
    <ClInclude Include="..\..\..\src\wifi\model\dca-txop.h">
      <Filter>model</Filter>
    </ClInclude>
    <ClInclude Include="..\..\..\src\wifi\model\dcf.h">
      <Filter>model</Filter>
    </ClInclude>
    <ClInclude Include="..\..\..\src\wifi\model\dcf-manager.h">
      <Filter>model</Filter>
    </ClInclude>
    <ClInclude Include="..\..\..\src\wifi\model\dsss-error-rate-model.h">
      <Filter>model</Filter>
    </ClInclude>
    <ClInclude Include="..\..\..\src\wifi\model\edca-txop-n.h">
      <Filter>model</Filter>
    </ClInclude>
    <ClInclude Include="..\..\..\src\wifi\model\error-rate-model.h">
      <Filter>model</Filter>
    </ClInclude>
    <ClInclude Include="..\..\..\src\wifi\model\ideal-wifi-manager.h">
      <Filter>model</Filter>
    </ClInclude>
    <ClInclude Include="..\..\..\src\wifi\model\interference-helper.h">
      <Filter>model</Filter>
    </ClInclude>
    <ClInclude Include="..\..\..\src\wifi\model\mac-low.h">
      <Filter>model</Filter>
    </ClInclude>
    <ClInclude Include="..\..\..\src\wifi\model\mac-rx-middle.h">
      <Filter>model</Filter>
    </ClInclude>
    <ClInclude Include="..\..\..\src\wifi\model\mac-tx-middle.h">
      <Filter>model</Filter>
    </ClInclude>
    <ClInclude Include="..\..\..\src\wifi\model\mgt-headers.h">
      <Filter>model</Filter>
    </ClInclude>
    <ClInclude Include="..\..\..\src\wifi\model\minstrel-wifi-manager.h">
      <Filter>model</Filter>
    </ClInclude>
    <ClInclude Include="..\..\..\src\wifi\model\msdu-aggregator.h">
      <Filter>model</Filter>
    </ClInclude>
    <ClInclude Include="..\..\..\src\wifi\model\msdu-standard-aggregator.h">
      <Filter>model</Filter>
    </ClInclude>
    <ClInclude Include="..\..\..\src\wifi\model\nist-error-rate-model.h">
      <Filter>model</Filter>
    </ClInclude>
    <ClInclude Include="..\..\..\src\wifi\model\onoe-wifi-manager.h">
      <Filter>model</Filter>
    </ClInclude>
    <ClInclude Include="..\..\..\src\wifi\model\originator-block-ack-agreement.h">
      <Filter>model</Filter>
    </ClInclude>
    <ClInclude Include="..\..\..\src\wifi\model\qos-blocked-destinations.h">
      <Filter>model</Filter>
    </ClInclude>
    <ClInclude Include="..\..\..\src\wifi\model\qos-tag.h">
      <Filter>model</Filter>
    </ClInclude>
    <ClInclude Include="..\..\..\src\wifi\model\qos-utils.h">
      <Filter>model</Filter>
    </ClInclude>
    <ClInclude Include="..\..\..\src\wifi\model\random-stream.h">
      <Filter>model</Filter>
    </ClInclude>
    <ClInclude Include="..\..\..\src\wifi\model\regular-wifi-mac.h">
      <Filter>model</Filter>
    </ClInclude>
    <ClInclude Include="..\..\..\src\wifi\model\rraa-wifi-manager.h">
      <Filter>model</Filter>
    </ClInclude>
    <ClInclude Include="..\..\..\src\wifi\model\ssid.h">
      <Filter>model</Filter>
    </ClInclude>
    <ClInclude Include="..\..\..\src\wifi\model\status-code.h">
      <Filter>model</Filter>
    </ClInclude>
    <ClInclude Include="..\..\..\src\wifi\model\sta-wifi-mac.h">
      <Filter>model</Filter>
    </ClInclude>
    <ClInclude Include="..\..\..\src\wifi\model\supported-rates.h">
      <Filter>model</Filter>
    </ClInclude>
    <ClInclude Include="..\..\..\src\wifi\model\wifi-channel.h">
      <Filter>model</Filter>
    </ClInclude>
    <ClInclude Include="..\..\..\src\wifi\model\wifi-information-element.h">
      <Filter>model</Filter>
    </ClInclude>
    <ClInclude Include="..\..\..\src\wifi\model\wifi-information-element-vector.h">
      <Filter>model</Filter>
    </ClInclude>
    <ClInclude Include="..\..\..\src\wifi\model\wifi-mac.h">
      <Filter>model</Filter>
    </ClInclude>
    <ClInclude Include="..\..\..\src\wifi\model\wifi-mac-header.h">
      <Filter>model</Filter>
    </ClInclude>
    <ClInclude Include="..\..\..\src\wifi\model\wifi-mac-queue.h">
      <Filter>model</Filter>
    </ClInclude>
    <ClInclude Include="..\..\..\src\wifi\model\wifi-mac-trailer.h">
      <Filter>model</Filter>
    </ClInclude>
    <ClInclude Include="..\..\..\src\wifi\model\wifi-mode.h">
      <Filter>model</Filter>
    </ClInclude>
    <ClInclude Include="..\..\..\src\wifi\model\wifi-net-device.h">
      <Filter>model</Filter>
    </ClInclude>
    <ClInclude Include="..\..\..\src\wifi\model\wifi-phy.h">
      <Filter>model</Filter>
    </ClInclude>
    <ClInclude Include="..\..\..\src\wifi\model\wifi-phy-standard.h">
      <Filter>model</Filter>
    </ClInclude>
    <ClInclude Include="..\..\..\src\wifi\model\wifi-phy-state-helper.h">
      <Filter>model</Filter>
    </ClInclude>
    <ClInclude Include="..\..\..\src\wifi\model\wifi-preamble.h">
      <Filter>model</Filter>
    </ClInclude>
    <ClInclude Include="..\..\..\src\wifi\model\wifi-remote-station-manager.h">
      <Filter>model</Filter>
    </ClInclude>
    <ClInclude Include="..\..\..\src\wifi\model\yans-error-rate-model.h">
      <Filter>model</Filter>
    </ClInclude>
    <ClInclude Include="..\..\..\src\wifi\model\yans-wifi-channel.h">
      <Filter>model</Filter>
    </ClInclude>
    <ClInclude Include="..\..\..\src\wifi\model\yans-wifi-phy.h">
      <Filter>model</Filter>
    </ClInclude>
    <ClInclude Include="..\..\..\src\wifi\helper\athstats-helper.h">
      <Filter>helper</Filter>
    </ClInclude>
    <ClInclude Include="..\..\..\src\wifi\helper\nqos-wifi-mac-helper.h">
      <Filter>helper</Filter>
    </ClInclude>
    <ClInclude Include="..\..\..\src\wifi\helper\qos-wifi-mac-helper.h">
      <Filter>helper</Filter>
    </ClInclude>
    <ClInclude Include="..\..\..\src\wifi\helper\wifi-helper.h">
      <Filter>helper</Filter>
    </ClInclude>
    <ClInclude Include="..\..\..\src\wifi\helper\yans-wifi-helper.h">
      <Filter>helper</Filter>
    </ClInclude>
  </ItemGroup>
</Project>