<?xml version="1.0" encoding="utf-8"?>
<Project ToolsVersion="4.0" xmlns="http://schemas.microsoft.com/developer/msbuild/2003">
  <ItemGroup>
    <Filter Include="model">
      <UniqueIdentifier>{9b5a0f54-d116-40e4-92df-0ed267660294}</UniqueIdentifier>
    </Filter>
    <Filter Include="helper">
      <UniqueIdentifier>{c7b54892-ff41-4892-ae48-400a5126dfe1}</UniqueIdentifier>
    </Filter>
  </ItemGroup>
  <ItemGroup>
    <ClCompile Include="..\..\..\src\internet\helper\internet-stack-helper.cc">
      <Filter>helper</Filter>
    </ClCompile>
    <ClCompile Include="..\..\..\src\internet\helper\internet-trace-helper.cc">
      <Filter>helper</Filter>
    </ClCompile>
    <ClCompile Include="..\..\..\src\internet\helper\ipv4-address-helper.cc">
      <Filter>helper</Filter>
    </ClCompile>
    <ClCompile Include="..\..\..\src\internet\helper\ipv4-global-routing-helper.cc">
      <Filter>helper</Filter>
    </ClCompile>
    <ClCompile Include="..\..\..\src\internet\helper\ipv4-interface-container.cc">
      <Filter>helper</Filter>
    </ClCompile>
    <ClCompile Include="..\..\..\src\internet\helper\ipv4-list-routing-helper.cc">
      <Filter>helper</Filter>
    </ClCompile>
    <ClCompile Include="..\..\..\src\internet\helper\ipv4-routing-helper.cc">
      <Filter>helper</Filter>
    </ClCompile>
    <ClCompile Include="..\..\..\src\internet\helper\ipv4-static-routing-helper.cc">
      <Filter>helper</Filter>
    </ClCompile>
    <ClCompile Include="..\..\..\src\internet\helper\ipv6-address-helper.cc">
      <Filter>helper</Filter>
    </ClCompile>
    <ClCompile Include="..\..\..\src\internet\helper\ipv6-interface-container.cc">
      <Filter>helper</Filter>
    </ClCompile>
    <ClCompile Include="..\..\..\src\internet\helper\ipv6-list-routing-helper.cc">
      <Filter>helper</Filter>
    </ClCompile>
    <ClCompile Include="..\..\..\src\internet\helper\ipv6-routing-helper.cc">
      <Filter>helper</Filter>
    </ClCompile>
    <ClCompile Include="..\..\..\src\internet\helper\ipv6-static-routing-helper.cc">
      <Filter>helper</Filter>
    </ClCompile>
    <ClCompile Include="..\..\..\src\internet\model\arp-cache.cc">
      <Filter>model</Filter>
    </ClCompile>
    <ClCompile Include="..\..\..\src\internet\model\arp-header.cc">
      <Filter>model</Filter>
    </ClCompile>
    <ClCompile Include="..\..\..\src\internet\model\arp-l3-protocol.cc">
      <Filter>model</Filter>
    </ClCompile>
    <ClCompile Include="..\..\..\src\internet\model\candidate-queue.cc">
      <Filter>model</Filter>
    </ClCompile>
    <ClCompile Include="..\..\..\src\internet\model\global-route-manager.cc">
      <Filter>model</Filter>
    </ClCompile>
    <ClCompile Include="..\..\..\src\internet\model\global-route-manager-impl.cc">
      <Filter>model</Filter>
    </ClCompile>
    <ClCompile Include="..\..\..\src\internet\model\global-router-interface.cc">
      <Filter>model</Filter>
    </ClCompile>
    <ClCompile Include="..\..\..\src\internet\model\icmpv4.cc">
      <Filter>model</Filter>
    </ClCompile>
    <ClCompile Include="..\..\..\src\internet\model\icmpv4-l4-protocol.cc">
      <Filter>model</Filter>
    </ClCompile>
    <ClCompile Include="..\..\..\src\internet\model\icmpv6-header.cc">
      <Filter>model</Filter>
    </ClCompile>
    <ClCompile Include="..\..\..\src\internet\model\icmpv6-l4-protocol.cc">
      <Filter>model</Filter>
    </ClCompile>
    <ClCompile Include="..\..\..\src\internet\model\ip-l4-protocol.cc">
      <Filter>model</Filter>
    </ClCompile>
    <ClCompile Include="..\..\..\src\internet\model\ipv4.cc">
      <Filter>model</Filter>
    </ClCompile>
    <ClCompile Include="..\..\..\src\internet\model\ipv4-address-generator.cc">
      <Filter>model</Filter>
    </ClCompile>
    <ClCompile Include="..\..\..\src\internet\model\ipv4-end-point.cc">
      <Filter>model</Filter>
    </ClCompile>
    <ClCompile Include="..\..\..\src\internet\model\ipv4-end-point-demux.cc">
      <Filter>model</Filter>
    </ClCompile>
    <ClCompile Include="..\..\..\src\internet\model\ipv4-global-routing.cc">
      <Filter>model</Filter>
    </ClCompile>
    <ClCompile Include="..\..\..\src\internet\model\ipv4-header.cc">
      <Filter>model</Filter>
    </ClCompile>
    <ClCompile Include="..\..\..\src\internet\model\ipv4-interface.cc">
      <Filter>model</Filter>
    </ClCompile>
    <ClCompile Include="..\..\..\src\internet\model\ipv4-interface-address.cc">
      <Filter>model</Filter>
    </ClCompile>
    <ClCompile Include="..\..\..\src\internet\model\ipv4-l3-protocol.cc">
      <Filter>model</Filter>
    </ClCompile>
    <ClCompile Include="..\..\..\src\internet\model\ipv4-list-routing.cc">
      <Filter>model</Filter>
    </ClCompile>
    <ClCompile Include="..\..\..\src\internet\model\ipv4-packet-info-tag.cc">
      <Filter>model</Filter>
    </ClCompile>
    <ClCompile Include="..\..\..\src\internet\model\ipv4-raw-socket-factory.cc">
      <Filter>model</Filter>
    </ClCompile>
    <ClCompile Include="..\..\..\src\internet\model\ipv4-raw-socket-factory-impl.cc">
      <Filter>model</Filter>
    </ClCompile>
    <ClCompile Include="..\..\..\src\internet\model\ipv4-raw-socket-impl.cc">
      <Filter>model</Filter>
    </ClCompile>
    <ClCompile Include="..\..\..\src\internet\model\ipv4-route.cc">
      <Filter>model</Filter>
    </ClCompile>
    <ClCompile Include="..\..\..\src\internet\model\ipv4-routing-protocol.cc">
      <Filter>model</Filter>
    </ClCompile>
    <ClCompile Include="..\..\..\src\internet\model\ipv4-routing-table-entry.cc">
      <Filter>model</Filter>
    </ClCompile>
    <ClCompile Include="..\..\..\src\internet\model\ipv4-static-routing.cc">
      <Filter>model</Filter>
    </ClCompile>
    <ClCompile Include="..\..\..\src\internet\model\ipv6.cc">
      <Filter>model</Filter>
    </ClCompile>
    <ClCompile Include="..\..\..\src\internet\model\ipv6-address-generator.cc">
      <Filter>model</Filter>
    </ClCompile>
    <ClCompile Include="..\..\..\src\internet\model\ipv6-autoconfigured-prefix.cc">
      <Filter>model</Filter>
    </ClCompile>
    <ClCompile Include="..\..\..\src\internet\model\ipv6-end-point.cc">
      <Filter>model</Filter>
    </ClCompile>
    <ClCompile Include="..\..\..\src\internet\model\ipv6-end-point-demux.cc">
      <Filter>model</Filter>
    </ClCompile>
    <ClCompile Include="..\..\..\src\internet\model\ipv6-extension.cc">
      <Filter>model</Filter>
    </ClCompile>
    <ClCompile Include="..\..\..\src\internet\model\ipv6-extension-demux.cc">
      <Filter>model</Filter>
    </ClCompile>
    <ClCompile Include="..\..\..\src\internet\model\ipv6-extension-header.cc">
      <Filter>model</Filter>
    </ClCompile>
    <ClCompile Include="..\..\..\src\internet\model\ipv6-header.cc">
      <Filter>model</Filter>
    </ClCompile>
    <ClCompile Include="..\..\..\src\internet\model\ipv6-interface.cc">
      <Filter>model</Filter>
    </ClCompile>
    <ClCompile Include="..\..\..\src\internet\model\ipv6-interface-address.cc">
      <Filter>model</Filter>
    </ClCompile>
    <ClCompile Include="..\..\..\src\internet\model\ipv6-l3-protocol.cc">
      <Filter>model</Filter>
    </ClCompile>
    <ClCompile Include="..\..\..\src\internet\model\ipv6-list-routing.cc">
      <Filter>model</Filter>
    </ClCompile>
    <ClCompile Include="..\..\..\src\internet\model\ipv6-option.cc">
      <Filter>model</Filter>
    </ClCompile>
    <ClCompile Include="..\..\..\src\internet\model\ipv6-option-demux.cc">
      <Filter>model</Filter>
    </ClCompile>
    <ClCompile Include="..\..\..\src\internet\model\ipv6-option-header.cc">
      <Filter>model</Filter>
    </ClCompile>
    <ClCompile Include="..\..\..\src\internet\model\ipv6-packet-info-tag.cc">
      <Filter>model</Filter>
    </ClCompile>
    <ClCompile Include="..\..\..\src\internet\model\ipv6-raw-socket-factory.cc">
      <Filter>model</Filter>
    </ClCompile>
    <ClCompile Include="..\..\..\src\internet\model\ipv6-raw-socket-factory-impl.cc">
      <Filter>model</Filter>
    </ClCompile>
    <ClCompile Include="..\..\..\src\internet\model\ipv6-raw-socket-impl.cc">
      <Filter>model</Filter>
    </ClCompile>
    <ClCompile Include="..\..\..\src\internet\model\ipv6-route.cc">
      <Filter>model</Filter>
    </ClCompile>
    <ClCompile Include="..\..\..\src\internet\model\ipv6-routing-protocol.cc">
      <Filter>model</Filter>
    </ClCompile>
    <ClCompile Include="..\..\..\src\internet\model\ipv6-routing-table-entry.cc">
      <Filter>model</Filter>
    </ClCompile>
    <ClCompile Include="..\..\..\src\internet\model\ipv6-static-routing.cc">
      <Filter>model</Filter>
    </ClCompile>
    <ClCompile Include="..\..\..\src\internet\model\loopback-net-device.cc">
      <Filter>model</Filter>
    </ClCompile>
    <ClCompile Include="..\..\..\src\internet\model\ndisc-cache.cc">
      <Filter>model</Filter>
    </ClCompile>
    <ClCompile Include="..\..\..\src\internet\model\pending-data.cc">
      <Filter>model</Filter>
    </ClCompile>
    <ClCompile Include="..\..\..\src\internet\model\rtt-estimator.cc">
      <Filter>model</Filter>
    </ClCompile>
    <ClCompile Include="..\..\..\src\internet\model\seq-ts-header.cc">
      <Filter>model</Filter>
    </ClCompile>
    <ClCompile Include="..\..\..\src\internet\model\tcp-header.cc">
      <Filter>model</Filter>
    </ClCompile>
    <ClCompile Include="..\..\..\src\internet\model\tcp-l4-protocol.cc">
      <Filter>model</Filter>
    </ClCompile>
    <ClCompile Include="..\..\..\src\internet\model\tcp-newreno.cc">
      <Filter>model</Filter>
    </ClCompile>
    <ClCompile Include="..\..\..\src\internet\model\tcp-option.cc">
      <Filter>model</Filter>
    </ClCompile>
    <ClCompile Include="..\..\..\src\internet\model\tcp-option-end.cc">
      <Filter>model</Filter>
    </ClCompile>
    <ClCompile Include="..\..\..\src\internet\model\tcp-option-mss.cc">
      <Filter>model</Filter>
    </ClCompile>
    <ClCompile Include="..\..\..\src\internet\model\tcp-option-no-op.cc">
      <Filter>model</Filter>
    </ClCompile>
    <ClCompile Include="..\..\..\src\internet\model\tcp-option-sack.cc">
      <Filter>model</Filter>
    </ClCompile>
    <ClCompile Include="..\..\..\src\internet\model\tcp-option-sack-permitted.cc">
      <Filter>model</Filter>
    </ClCompile>
    <ClCompile Include="..\..\..\src\internet\model\tcp-option-ts.cc">
      <Filter>model</Filter>
    </ClCompile>
    <ClCompile Include="..\..\..\src\internet\model\tcp-option-winscale.cc">
      <Filter>model</Filter>
    </ClCompile>
    <ClCompile Include="..\..\..\src\internet\model\tcp-reno.cc">
      <Filter>model</Filter>
    </ClCompile>
    <ClCompile Include="..\..\..\src\internet\model\tcp-rfc793.cc">
      <Filter>model</Filter>
    </ClCompile>
    <ClCompile Include="..\..\..\src\internet\model\tcp-rx-buffer.cc">
      <Filter>model</Filter>
    </ClCompile>
    <ClCompile Include="..\..\..\src\internet\model\tcp-socket.cc">
      <Filter>model</Filter>
    </ClCompile>
    <ClCompile Include="..\..\..\src\internet\model\tcp-socket-base.cc">
      <Filter>model</Filter>
    </ClCompile>
    <ClCompile Include="..\..\..\src\internet\model\tcp-socket-factory.cc">
      <Filter>model</Filter>
    </ClCompile>
    <ClCompile Include="..\..\..\src\internet\model\tcp-socket-factory-impl.cc">
      <Filter>model</Filter>
    </ClCompile>
    <ClCompile Include="..\..\..\src\internet\model\tcp-tahoe.cc">
      <Filter>model</Filter>
    </ClCompile>
    <ClCompile Include="..\..\..\src\internet\model\tcp-tx-buffer.cc">
      <Filter>model</Filter>
    </ClCompile>
    <ClCompile Include="..\..\..\src\internet\model\udp-header.cc">
      <Filter>model</Filter>
    </ClCompile>
    <ClCompile Include="..\..\..\src\internet\model\udp-l4-protocol.cc">
      <Filter>model</Filter>
    </ClCompile>
    <ClCompile Include="..\..\..\src\internet\model\udp-socket.cc">
      <Filter>model</Filter>
    </ClCompile>
    <ClCompile Include="..\..\..\src\internet\model\udp-socket-factory.cc">
      <Filter>model</Filter>
    </ClCompile>
    <ClCompile Include="..\..\..\src\internet\model\udp-socket-factory-impl.cc">
      <Filter>model</Filter>
    </ClCompile>
    <ClCompile Include="..\..\..\src\internet\model\udp-socket-impl.cc">
      <Filter>model</Filter>
    </ClCompile>
  </ItemGroup>
  <ItemGroup>
    <ClInclude Include="..\..\..\src\internet\helper\internet-stack-helper.h">
      <Filter>helper</Filter>
    </ClInclude>
    <ClInclude Include="..\..\..\src\internet\helper\internet-trace-helper.h">
      <Filter>helper</Filter>
    </ClInclude>
    <ClInclude Include="..\..\..\src\internet\helper\ipv4-address-helper.h">
      <Filter>helper</Filter>
    </ClInclude>
    <ClInclude Include="..\..\..\src\internet\helper\ipv4-global-routing-helper.h">
      <Filter>helper</Filter>
    </ClInclude>
    <ClInclude Include="..\..\..\src\internet\helper\ipv4-interface-container.h">
      <Filter>helper</Filter>
    </ClInclude>
    <ClInclude Include="..\..\..\src\internet\helper\ipv4-list-routing-helper.h">
      <Filter>helper</Filter>
    </ClInclude>
    <ClInclude Include="..\..\..\src\internet\helper\ipv4-routing-helper.h">
      <Filter>helper</Filter>
    </ClInclude>
    <ClInclude Include="..\..\..\src\internet\helper\ipv4-static-routing-helper.h">
      <Filter>helper</Filter>
    </ClInclude>
    <ClInclude Include="..\..\..\src\internet\helper\ipv6-address-helper.h">
      <Filter>helper</Filter>
    </ClInclude>
    <ClInclude Include="..\..\..\src\internet\helper\ipv6-interface-container.h">
      <Filter>helper</Filter>
    </ClInclude>
    <ClInclude Include="..\..\..\src\internet\helper\ipv6-list-routing-helper.h">
      <Filter>helper</Filter>
    </ClInclude>
    <ClInclude Include="..\..\..\src\internet\helper\ipv6-routing-helper.h">
      <Filter>helper</Filter>
    </ClInclude>
    <ClInclude Include="..\..\..\src\internet\helper\ipv6-static-routing-helper.h">
      <Filter>helper</Filter>
    </ClInclude>
    <ClInclude Include="..\..\..\src\internet\model\arp-cache.h">
      <Filter>model</Filter>
    </ClInclude>
    <ClInclude Include="..\..\..\src\internet\model\arp-header.h">
      <Filter>model</Filter>
    </ClInclude>
    <ClInclude Include="..\..\..\src\internet\model\arp-l3-protocol.h">
      <Filter>model</Filter>
    </ClInclude>
    <ClInclude Include="..\..\..\src\internet\model\candidate-queue.h">
      <Filter>model</Filter>
    </ClInclude>
    <ClInclude Include="..\..\..\src\internet\model\global-route-manager.h">
      <Filter>model</Filter>
    </ClInclude>
    <ClInclude Include="..\..\..\src\internet\model\global-route-manager-impl.h">
      <Filter>model</Filter>
    </ClInclude>
    <ClInclude Include="..\..\..\src\internet\model\global-router-interface.h">
      <Filter>model</Filter>
    </ClInclude>
    <ClInclude Include="..\..\..\src\internet\model\global-routing.h">
      <Filter>model</Filter>
    </ClInclude>
    <ClInclude Include="..\..\..\src\internet\model\icmpv4.h">
      <Filter>model</Filter>
    </ClInclude>
    <ClInclude Include="..\..\..\src\internet\model\icmpv4-l4-protocol.h">
      <Filter>model</Filter>
    </ClInclude>
    <ClInclude Include="..\..\..\src\internet\model\icmpv6-header.h">
      <Filter>model</Filter>
    </ClInclude>
    <ClInclude Include="..\..\..\src\internet\model\icmpv6-l4-protocol.h">
      <Filter>model</Filter>
    </ClInclude>
    <ClInclude Include="..\..\..\src\internet\model\ip-l4-protocol.h">
      <Filter>model</Filter>
    </ClInclude>
    <ClInclude Include="..\..\..\src\internet\model\ipv4.h">
      <Filter>model</Filter>
    </ClInclude>
    <ClInclude Include="..\..\..\src\internet\model\ipv4-address-generator.h">
      <Filter>model</Filter>
    </ClInclude>
    <ClInclude Include="..\..\..\src\internet\model\ipv4-end-point.h">
      <Filter>model</Filter>
    </ClInclude>
    <ClInclude Include="..\..\..\src\internet\model\ipv4-end-point-demux.h">
      <Filter>model</Filter>
    </ClInclude>
    <ClInclude Include="..\..\..\src\internet\model\ipv4-global-routing.h">
      <Filter>model</Filter>
    </ClInclude>
    <ClInclude Include="..\..\..\src\internet\model\ipv4-header.h">
      <Filter>model</Filter>
    </ClInclude>
    <ClInclude Include="..\..\..\src\internet\model\ipv4-interface.h">
      <Filter>model</Filter>
    </ClInclude>
    <ClInclude Include="..\..\..\src\internet\model\ipv4-interface-address.h">
      <Filter>model</Filter>
    </ClInclude>
    <ClInclude Include="..\..\..\src\internet\model\ipv4-l3-protocol.h">
      <Filter>model</Filter>
    </ClInclude>
    <ClInclude Include="..\..\..\src\internet\model\ipv4-list-routing.h">
      <Filter>model</Filter>
    </ClInclude>
    <ClInclude Include="..\..\..\src\internet\model\ipv4-packet-info-tag.h">
      <Filter>model</Filter>
    </ClInclude>
    <ClInclude Include="..\..\..\src\internet\model\ipv4-raw-socket-factory.h">
      <Filter>model</Filter>
    </ClInclude>
    <ClInclude Include="..\..\..\src\internet\model\ipv4-raw-socket-factory-impl.h">
      <Filter>model</Filter>
    </ClInclude>
    <ClInclude Include="..\..\..\src\internet\model\ipv4-raw-socket-impl.h">
      <Filter>model</Filter>
    </ClInclude>
    <ClInclude Include="..\..\..\src\internet\model\ipv4-route.h">
      <Filter>model</Filter>
    </ClInclude>
    <ClInclude Include="..\..\..\src\internet\model\ipv4-routing-protocol.h">
      <Filter>model</Filter>
    </ClInclude>
    <ClInclude Include="..\..\..\src\internet\model\ipv4-routing-table-entry.h">
      <Filter>model</Filter>
    </ClInclude>
    <ClInclude Include="..\..\..\src\internet\model\ipv4-static-routing.h">
      <Filter>model</Filter>
    </ClInclude>
    <ClInclude Include="..\..\..\src\internet\model\ipv6.h">
      <Filter>model</Filter>
    </ClInclude>
    <ClInclude Include="..\..\..\src\internet\model\ipv6-address-generator.h">
      <Filter>model</Filter>
    </ClInclude>
    <ClInclude Include="..\..\..\src\internet\model\ipv6-autoconfigured-prefix.h">
      <Filter>model</Filter>
    </ClInclude>
    <ClInclude Include="..\..\..\src\internet\model\ipv6-end-point.h">
      <Filter>model</Filter>
    </ClInclude>
    <ClInclude Include="..\..\..\src\internet\model\ipv6-end-point-demux.h">
      <Filter>model</Filter>
    </ClInclude>
    <ClInclude Include="..\..\..\src\internet\model\ipv6-extension.h">
      <Filter>model</Filter>
    </ClInclude>
    <ClInclude Include="..\..\..\src\internet\model\ipv6-extension-demux.h">
      <Filter>model</Filter>
    </ClInclude>
    <ClInclude Include="..\..\..\src\internet\model\ipv6-extension-header.h">
      <Filter>model</Filter>
    </ClInclude>
    <ClInclude Include="..\..\..\src\internet\model\ipv6-header.h">
      <Filter>model</Filter>
    </ClInclude>
    <ClInclude Include="..\..\..\src\internet\model\ipv6-interface.h">
      <Filter>model</Filter>
    </ClInclude>
    <ClInclude Include="..\..\..\src\internet\model\ipv6-interface-address.h">
      <Filter>model</Filter>
    </ClInclude>
    <ClInclude Include="..\..\..\src\internet\model\ipv6-l3-protocol.h">
      <Filter>model</Filter>
    </ClInclude>
    <ClInclude Include="..\..\..\src\internet\model\ipv6-list-routing.h">
      <Filter>model</Filter>
    </ClInclude>
    <ClInclude Include="..\..\..\src\internet\model\ipv6-option.h">
      <Filter>model</Filter>
    </ClInclude>
    <ClInclude Include="..\..\..\src\internet\model\ipv6-option-demux.h">
      <Filter>model</Filter>
    </ClInclude>
    <ClInclude Include="..\..\..\src\internet\model\ipv6-option-header.h">
      <Filter>model</Filter>
    </ClInclude>
    <ClInclude Include="..\..\..\src\internet\model\ipv6-packet-info-tag.h">
      <Filter>model</Filter>
    </ClInclude>
    <ClInclude Include="..\..\..\src\internet\model\ipv6-raw-socket-factory.h">
      <Filter>model</Filter>
    </ClInclude>
    <ClInclude Include="..\..\..\src\internet\model\ipv6-raw-socket-factory-impl.h">
      <Filter>model</Filter>
    </ClInclude>
    <ClInclude Include="..\..\..\src\internet\model\ipv6-raw-socket-impl.h">
      <Filter>model</Filter>
    </ClInclude>
    <ClInclude Include="..\..\..\src\internet\model\ipv6-route.h">
      <Filter>model</Filter>
    </ClInclude>
    <ClInclude Include="..\..\..\src\internet\model\ipv6-routing-protocol.h">
      <Filter>model</Filter>
    </ClInclude>
    <ClInclude Include="..\..\..\src\internet\model\ipv6-routing-table-entry.h">
      <Filter>model</Filter>
    </ClInclude>
    <ClInclude Include="..\..\..\src\internet\model\ipv6-static-routing.h">
      <Filter>model</Filter>
    </ClInclude>
    <ClInclude Include="..\..\..\src\internet\model\loopback-net-device.h">
      <Filter>model</Filter>
    </ClInclude>
    <ClInclude Include="..\..\..\src\internet\model\ndisc-cache.h">
      <Filter>model</Filter>
    </ClInclude>
    <ClInclude Include="..\..\..\src\internet\model\pending-data.h">
      <Filter>model</Filter>
    </ClInclude>
    <ClInclude Include="..\..\..\src\internet\model\rtt-estimator.h">
      <Filter>model</Filter>
    </ClInclude>
    <ClInclude Include="..\..\..\src\internet\model\seq-ts-header.h">
      <Filter>model</Filter>
    </ClInclude>
    <ClInclude Include="..\..\..\src\internet\model\sim_errno.h">
      <Filter>model</Filter>
    </ClInclude>
    <ClInclude Include="..\..\..\src\internet\model\sim_interface.h">
      <Filter>model</Filter>
    </ClInclude>
    <ClInclude Include="..\..\..\src\internet\model\tcp-header.h">
      <Filter>model</Filter>
    </ClInclude>
    <ClInclude Include="..\..\..\src\internet\model\tcp-l4-protocol.h">
      <Filter>model</Filter>
    </ClInclude>
    <ClInclude Include="..\..\..\src\internet\model\tcp-newreno.h">
      <Filter>model</Filter>
    </ClInclude>
    <ClInclude Include="..\..\..\src\internet\model\tcp-option.h">
      <Filter>model</Filter>
    </ClInclude>
    <ClInclude Include="..\..\..\src\internet\model\tcp-option-end.h">
      <Filter>model</Filter>
    </ClInclude>
    <ClInclude Include="..\..\..\src\internet\model\tcp-option-mss.h">
      <Filter>model</Filter>
    </ClInclude>
    <ClInclude Include="..\..\..\src\internet\model\tcp-option-no-op.h">
      <Filter>model</Filter>
    </ClInclude>
    <ClInclude Include="..\..\..\src\internet\model\tcp-option-sack.h">
      <Filter>model</Filter>
    </ClInclude>
    <ClInclude Include="..\..\..\src\internet\model\tcp-option-sack-permitted.h">
      <Filter>model</Filter>
    </ClInclude>
    <ClInclude Include="..\..\..\src\internet\model\tcp-option-ts.h">
      <Filter>model</Filter>
    </ClInclude>
    <ClInclude Include="..\..\..\src\internet\model\tcp-option-winscale.h">
      <Filter>model</Filter>
    </ClInclude>
    <ClInclude Include="..\..\..\src\internet\model\tcp-reno.h">
      <Filter>model</Filter>
    </ClInclude>
    <ClInclude Include="..\..\..\src\internet\model\tcp-rfc793.h">
      <Filter>model</Filter>
    </ClInclude>
    <ClInclude Include="..\..\..\src\internet\model\tcp-rx-buffer.h">
      <Filter>model</Filter>
    </ClInclude>
    <ClInclude Include="..\..\..\src\internet\model\tcp-socket.h">
      <Filter>model</Filter>
    </ClInclude>
    <ClInclude Include="..\..\..\src\internet\model\tcp-socket-base.h">
      <Filter>model</Filter>
    </ClInclude>
    <ClInclude Include="..\..\..\src\internet\model\tcp-socket-factory.h">
      <Filter>model</Filter>
    </ClInclude>
    <ClInclude Include="..\..\..\src\internet\model\tcp-socket-factory-impl.h">
      <Filter>model</Filter>
    </ClInclude>
    <ClInclude Include="..\..\..\src\internet\model\tcp-tahoe.h">
      <Filter>model</Filter>
    </ClInclude>
    <ClInclude Include="..\..\..\src\internet\model\tcp-tx-buffer.h">
      <Filter>model</Filter>
    </ClInclude>
    <ClInclude Include="..\..\..\src\internet\model\udp-header.h">
      <Filter>model</Filter>
    </ClInclude>
    <ClInclude Include="..\..\..\src\internet\model\udp-l4-protocol.h">
      <Filter>model</Filter>
    </ClInclude>
    <ClInclude Include="..\..\..\src\internet\model\udp-socket.h">
      <Filter>model</Filter>
    </ClInclude>
    <ClInclude Include="..\..\..\src\internet\model\udp-socket-factory.h">
      <Filter>model</Filter>
    </ClInclude>
    <ClInclude Include="..\..\..\src\internet\model\udp-socket-factory-impl.h">
      <Filter>model</Filter>
    </ClInclude>
    <ClInclude Include="..\..\..\src\internet\model\udp-socket-impl.h">
      <Filter>model</Filter>
    </ClInclude>
  </ItemGroup>
</Project>