<?xml version="1.0" encoding="utf-8"?>
<Project ToolsVersion="4.0" xmlns="http://schemas.microsoft.com/developer/msbuild/2003">
  <ItemGroup>
    <Filter Include="model">
      <UniqueIdentifier>{9287c061-4ee0-4212-a9d4-da724491ebac}</UniqueIdentifier>
    </Filter>
    <Filter Include="helper">
      <UniqueIdentifier>{68828a9c-a41c-4068-b315-57982c303eac}</UniqueIdentifier>
    </Filter>
  </ItemGroup>
  <ItemGroup>
    <ClCompile Include="..\..\..\src\spectrum\model\aloha-noack-mac-header.cc">
      <Filter>model</Filter>
    </ClCompile>
    <ClCompile Include="..\..\..\src\spectrum\model\aloha-noack-net-device.cc">
      <Filter>model</Filter>
    </ClCompile>
    <ClCompile Include="..\..\..\src\spectrum\model\constant-spectrum-propagation-loss.cc">
      <Filter>model</Filter>
    </ClCompile>
    <ClCompile Include="..\..\..\src\spectrum\model\friis-spectrum-propagation-loss.cc">
      <Filter>model</Filter>
    </ClCompile>
    <ClCompile Include="..\..\..\src\spectrum\model\half-duplex-ideal-phy.cc">
      <Filter>model</Filter>
    </ClCompile>
    <ClCompile Include="..\..\..\src\spectrum\model\half-duplex-ideal-phy-signal-parameters.cc">
      <Filter>model</Filter>
    </ClCompile>
    <ClCompile Include="..\..\..\src\spectrum\model\microwave-oven-spectrum-value-helper.cc">
      <Filter>model</Filter>
    </ClCompile>
    <ClCompile Include="..\..\..\src\spectrum\model\multi-model-spectrum-channel.cc">
      <Filter>model</Filter>
    </ClCompile>
    <ClCompile Include="..\..\..\src\spectrum\model\non-communicating-net-device.cc">
      <Filter>model</Filter>
    </ClCompile>
    <ClCompile Include="..\..\..\src\spectrum\model\single-model-spectrum-channel.cc">
      <Filter>model</Filter>
    </ClCompile>
    <ClCompile Include="..\..\..\src\spectrum\model\spectrum-analyzer.cc">
      <Filter>model</Filter>
    </ClCompile>
    <ClCompile Include="..\..\..\src\spectrum\model\spectrum-channel.cc">
      <Filter>model</Filter>
    </ClCompile>
    <ClCompile Include="..\..\..\src\spectrum\model\spectrum-converter.cc">
      <Filter>model</Filter>
    </ClCompile>
    <ClCompile Include="..\..\..\src\spectrum\model\spectrum-error-model.cc">
      <Filter>model</Filter>
    </ClCompile>
    <ClCompile Include="..\..\..\src\spectrum\model\spectrum-interference.cc">
      <Filter>model</Filter>
    </ClCompile>
    <ClCompile Include="..\..\..\src\spectrum\model\spectrum-model.cc">
      <Filter>model</Filter>
    </ClCompile>
    <ClCompile Include="..\..\..\src\spectrum\model\spectrum-model-300kHz-300GHz-log.cc">
      <Filter>model</Filter>
    </ClCompile>
    <ClCompile Include="..\..\..\src\spectrum\model\spectrum-model-ism2400MHz-res1MHz.cc">
      <Filter>model</Filter>
    </ClCompile>
    <ClCompile Include="..\..\..\src\spectrum\model\spectrum-phy.cc">
      <Filter>model</Filter>
    </ClCompile>
    <ClCompile Include="..\..\..\src\spectrum\model\spectrum-propagation-loss-model.cc">
      <Filter>model</Filter>
    </ClCompile>
    <ClCompile Include="..\..\..\src\spectrum\model\spectrum-signal-parameters.cc">
      <Filter>model</Filter>
    </ClCompile>
    <ClCompile Include="..\..\..\src\spectrum\model\spectrum-value.cc">
      <Filter>model</Filter>
    </ClCompile>
    <ClCompile Include="..\..\..\src\spectrum\model\waveform-generator.cc">
      <Filter>model</Filter>
    </ClCompile>
    <ClCompile Include="..\..\..\src\spectrum\model\wifi-spectrum-value-helper.cc">
      <Filter>model</Filter>
    </ClCompile>
    <ClCompile Include="..\..\..\src\spectrum\helper\adhoc-aloha-noack-ideal-phy-helper.cc">
      <Filter>helper</Filter>
    </ClCompile>
    <ClCompile Include="..\..\..\src\spectrum\helper\spectrum-analyzer-helper.cc">
      <Filter>helper</Filter>
    </ClCompile>
    <ClCompile Include="..\..\..\src\spectrum\helper\spectrum-helper.cc">
      <Filter>helper</Filter>
    </ClCompile>
    <ClCompile Include="..\..\..\src\spectrum\helper\waveform-generator-helper.cc">
      <Filter>helper</Filter>
    </ClCompile>
  </ItemGroup>
  <ItemGroup>
    <ClInclude Include="..\..\..\src\spectrum\model\aloha-noack-mac-header.h">
      <Filter>model</Filter>
    </ClInclude>
    <ClInclude Include="..\..\..\src\spectrum\model\aloha-noack-net-device.h">
      <Filter>model</Filter>
    </ClInclude>
    <ClInclude Include="..\..\..\src\spectrum\model\constant-spectrum-propagation-loss.h">
      <Filter>model</Filter>
    </ClInclude>
    <ClInclude Include="..\..\..\src\spectrum\model\friis-spectrum-propagation-loss.h">
      <Filter>model</Filter>
    </ClInclude>
    <ClInclude Include="..\..\..\src\spectrum\model\half-duplex-ideal-phy.h">
      <Filter>model</Filter>
    </ClInclude>
    <ClInclude Include="..\..\..\src\spectrum\model\half-duplex-ideal-phy-signal-parameters.h">
      <Filter>model</Filter>
    </ClInclude>
    <ClInclude Include="..\..\..\src\spectrum\model\microwave-oven-spectrum-value-helper.h">
      <Filter>model</Filter>
    </ClInclude>
    <ClInclude Include="..\..\..\src\spectrum\model\multi-model-spectrum-channel.h">
      <Filter>model</Filter>
    </ClInclude>
    <ClInclude Include="..\..\..\src\spectrum\model\non-communicating-net-device.h">
      <Filter>model</Filter>
    </ClInclude>
    <ClInclude Include="..\..\..\src\spectrum\model\single-model-spectrum-channel.h">
      <Filter>model</Filter>
    </ClInclude>
    <ClInclude Include="..\..\..\src\spectrum\model\spectrum-analyzer.h">
      <Filter>model</Filter>
    </ClInclude>
    <ClInclude Include="..\..\..\src\spectrum\model\spectrum-channel.h">
      <Filter>model</Filter>
    </ClInclude>
    <ClInclude Include="..\..\..\src\spectrum\model\spectrum-converter.h">
      <Filter>model</Filter>
    </ClInclude>
    <ClInclude Include="..\..\..\src\spectrum\model\spectrum-error-model.h">
      <Filter>model</Filter>
    </ClInclude>
    <ClInclude Include="..\..\..\src\spectrum\model\spectrum-interference.h">
      <Filter>model</Filter>
    </ClInclude>
    <ClInclude Include="..\..\..\src\spectrum\model\spectrum-model.h">
      <Filter>model</Filter>
    </ClInclude>
    <ClInclude Include="..\..\..\src\spectrum\model\spectrum-model-300kHz-300GHz-log.h">
      <Filter>model</Filter>
    </ClInclude>
    <ClInclude Include="..\..\..\src\spectrum\model\spectrum-model-ism2400MHz-res1MHz.h">
      <Filter>model</Filter>
    </ClInclude>
    <ClInclude Include="..\..\..\src\spectrum\model\spectrum-phy.h">
      <Filter>model</Filter>
    </ClInclude>
    <ClInclude Include="..\..\..\src\spectrum\model\spectrum-propagation-loss-model.h">
      <Filter>model</Filter>
    </ClInclude>
    <ClInclude Include="..\..\..\src\spectrum\model\spectrum-signal-parameters.h">
      <Filter>model</Filter>
    </ClInclude>
    <ClInclude Include="..\..\..\src\spectrum\model\spectrum-value.h">
      <Filter>model</Filter>
    </ClInclude>
    <ClInclude Include="..\..\..\src\spectrum\model\waveform-generator.h">
      <Filter>model</Filter>
    </ClInclude>
    <ClInclude Include="..\..\..\src\spectrum\model\wifi-spectrum-value-helper.h">
      <Filter>model</Filter>
    </ClInclude>
    <ClInclude Include="..\..\..\src\spectrum\helper\adhoc-aloha-noack-ideal-phy-helper.h">
      <Filter>helper</Filter>
    </ClInclude>
    <ClInclude Include="..\..\..\src\spectrum\helper\spectrum-analyzer-helper.h">
      <Filter>helper</Filter>
    </ClInclude>
    <ClInclude Include="..\..\..\src\spectrum\helper\spectrum-helper.h">
      <Filter>helper</Filter>
    </ClInclude>
    <ClInclude Include="..\..\..\src\spectrum\helper\waveform-generator-helper.h">
      <Filter>helper</Filter>
    </ClInclude>
  </ItemGroup>
</Project>