<?xml version="1.0" encoding="utf-8"?>
<Project ToolsVersion="4.0" xmlns="http://schemas.microsoft.com/developer/msbuild/2003">
  <ItemGroup>
    <Filter Include="model">
      <UniqueIdentifier>{be5336b8-b9d4-4f21-8b08-3a79389e1108}</UniqueIdentifier>
    </Filter>
    <Filter Include="helper">
      <UniqueIdentifier>{7846a9d5-aef9-48ee-9a38-2d2effd3dad3}</UniqueIdentifier>
    </Filter>
  </ItemGroup>
  <ItemGroup>
    <ClCompile Include="..\..\..\src\netanim\model\animation-interface.cc">
      <Filter>model</Filter>
    </ClCompile>
    <ClCompile Include="..\..\..\src\netanim\helper\animation-interface-helper.cc">
      <Filter>helper</Filter>
    </ClCompile>
  </ItemGroup>
  <ItemGroup>
    <ClInclude Include="..\..\..\src\netanim\model\animation-interface.h">
      <Filter>model</Filter>
    </ClInclude>
    <ClInclude Include="..\..\..\src\netanim\helper\animation-interface-helper.h">
      <Filter>helper</Filter>
    </ClInclude>
  </ItemGroup>
</Project>