<?xml version="1.0" encoding="utf-8"?>
<Project ToolsVersion="4.0" xmlns="http://schemas.microsoft.com/developer/msbuild/2003">
  <ItemGroup>
    <Filter Include="model">
      <UniqueIdentifier>{a1bae8c1-aecd-4649-af37-273094abca36}</UniqueIdentifier>
    </Filter>
    <Filter Include="helper">
      <UniqueIdentifier>{99aec592-b6b3-4de2-8911-7430c77b3916}</UniqueIdentifier>
    </Filter>
  </ItemGroup>
  <ItemGroup>
    <ClCompile Include="..\..\..\src\dsdv\model\dsdv-packet.cc">
      <Filter>model</Filter>
    </ClCompile>
    <ClCompile Include="..\..\..\src\dsdv\model\dsdv-packet-queue.cc">
      <Filter>model</Filter>
    </ClCompile>
    <ClCompile Include="..\..\..\src\dsdv\model\dsdv-routing-protocol.cc">
      <Filter>model</Filter>
    </ClCompile>
    <ClCompile Include="..\..\..\src\dsdv\model\dsdv-rtable.cc">
      <Filter>model</Filter>
    </ClCompile>
    <ClCompile Include="..\..\..\src\dsdv\helper\dsdv-helper.cc">
      <Filter>helper</Filter>
    </ClCompile>
  </ItemGroup>
  <ItemGroup>
    <ClInclude Include="..\..\..\src\dsdv\model\dsdv-packet.h">
      <Filter>model</Filter>
    </ClInclude>
    <ClInclude Include="..\..\..\src\dsdv\model\dsdv-packet-queue.h">
      <Filter>model</Filter>
    </ClInclude>
    <ClInclude Include="..\..\..\src\dsdv\model\dsdv-routing-protocol.h">
      <Filter>model</Filter>
    </ClInclude>
    <ClInclude Include="..\..\..\src\dsdv\model\dsdv-rtable.h">
      <Filter>model</Filter>
    </ClInclude>
    <ClInclude Include="..\..\..\src\dsdv\helper\dsdv-helper.h">
      <Filter>helper</Filter>
    </ClInclude>
  </ItemGroup>
</Project>