<?xml version="1.0" encoding="utf-8"?>
<Project ToolsVersion="4.0" xmlns="http://schemas.microsoft.com/developer/msbuild/2003">
  <ItemGroup>
    <Filter Include="Header Files">
      <UniqueIdentifier>{93995380-89BD-4b04-88EB-625FBE52EBFB}</UniqueIdentifier>
      <Extensions>h;hpp;hxx;hm;inl;inc;xsd</Extensions>
    </Filter>
    <Filter Include="model">
      <UniqueIdentifier>{6da60d62-c044-46ff-beef-98615f9f0b53}</UniqueIdentifier>
    </Filter>
  </ItemGroup>
  <ItemGroup>
    <ClCompile Include="..\..\..\src\config-store\model\attribute-default-iterator.cc">
      <Filter>model</Filter>
    </ClCompile>
    <ClCompile Include="..\..\..\src\config-store\model\attribute-iterator.cc">
      <Filter>model</Filter>
    </ClCompile>
    <ClCompile Include="..\..\..\src\config-store\model\config-store.cc">
      <Filter>model</Filter>
    </ClCompile>
    <ClCompile Include="..\..\..\src\config-store\model\file-config.cc">
      <Filter>model</Filter>
    </ClCompile>
    <ClCompile Include="..\..\..\src\config-store\model\raw-text-config.cc">
      <Filter>model</Filter>
    </ClCompile>
  </ItemGroup>
  <ItemGroup>
    <ClInclude Include="..\..\..\src\config-store\model\attribute-default-iterator.h">
      <Filter>model</Filter>
    </ClInclude>
    <ClInclude Include="..\..\..\src\config-store\model\attribute-iterator.h">
      <Filter>model</Filter>
    </ClInclude>
    <ClInclude Include="..\..\..\src\config-store\model\config-store.h">
      <Filter>model</Filter>
    </ClInclude>
    <ClInclude Include="..\..\..\src\config-store\model\display-functions.h">
      <Filter>model</Filter>
    </ClInclude>
    <ClInclude Include="..\..\..\src\config-store\model\file-config.h">
      <Filter>model</Filter>
    </ClInclude>
    <ClInclude Include="..\..\..\src\config-store\model\gtk-config-store.h">
      <Filter>model</Filter>
    </ClInclude>
    <ClInclude Include="..\..\..\src\config-store\model\model-node-creator.h">
      <Filter>model</Filter>
    </ClInclude>
    <ClInclude Include="..\..\..\src\config-store\model\raw-text-config.h">
      <Filter>model</Filter>
    </ClInclude>
    <ClInclude Include="..\..\..\src\config-store\model\xml-config.h">
      <Filter>model</Filter>
    </ClInclude>
  </ItemGroup>
</Project>